{
    "version": 3,
    "terraform_version": "0.11.10",
    "serial": 71,
    "lineage": "1d669741-0aff-d61f-5b21-b59d93405646",
    "modules": [
        {
            "path": [
                "root"
            ],
            "outputs": {
                "bastion_ssh_spec": {
                    "sensitive": false,
                    "type": "string",
                    "value": "centos@100.24.241.184"
                },
                "master_public_url": {
                    "sensitive": false,
                    "type": "string",
                    "value": "https://sysmanager.com.br:8443"
                },
                "platform_name": {
                    "sensitive": false,
                    "type": "string",
                    "value": "sysmi-openshift"
                },
                "platform_private_key": {
                    "sensitive": true,
                    "type": "string",
                    "value": "-----BEGIN RSA PRIVATE KEY-----\nMIIJKQIBAAKCAgEA0IxGWREN6YxYqhAui/dzpnl1mehDkYHBIvTtVEKDnleBDBDT\nQeuehBj0Y9ATMqJpNvE9r66k6FrajruRQPEyWOLPh8jFIVeRE4hjSLFZKqGUjxX6\nvSRXuW2mrt6NfulN1BkTY1kfCBZCK1YpZ9x+DCjJ6TcZUGbRK4566PvxU5DXQl15\nzaRp3b/9qowKKnd+pcpoz/yN8D1dQm8cws93iWjC1jwcoL+qst/s5a99oTvWgNJu\nbWQe5nWZesUuM9Cp9swGcVsy/C3/Xi1xq8NG/wcnmBafeqTOvNJL1WoX0Qj5Sqzv\nA5MXZMo/c/akmPY8QigmMY7z2aKiMx+eWJgwuvt7g2hVoHDfNYdxdQN+Ta9rg/aK\nNKgXddtC5znVqzxo/Z15rRyF0f8J4/+UhGqOEdr8Ee5AcPoo94V4dEqCKuBgyod5\nvJuJJQBbn6kV7qIAYglq8t3VGcEVKP8TPBZoTqsffj2xmfynU/Xks5+BtFbYIHP9\nGKNcE8E0XUe2b48JixhEl/hGgbeMSifqd2X0bSMlpmuDKFkHC/HbcOIs3C8Ak3y2\nFSpzIxOj4aYQq3ZBeLy75NfLQNok+AyA7FfK1k8HewjVpotcQpVCLdx5QaKu3glo\niDq0nayoPWws3i/prNKNvhTJsu78pB5bCWjkAv2olOBqKHkNAFH4bdLRQsECAwEA\nAQKCAgEAlYgvHMfUsOQX4wCtT2DDhNdMEmnuoNNnt3fk/+idVRirCAq8X2ThiRgX\ni8XzLfgz9tgtAd34kj4qvfMRqH4JOqCOa27yogCWnmnJvqKjK6Ulzx7UZXA8klFk\nFbivvhLs4iqEs1SAopzLHyWtlLINkwxgEh+WwAao7lFAIfQcSm3tWsGJh4DfA8gY\ny4OT+nUp0xh55L/SyjJFv0/KUIjPzi/WnCQH5t7nN1DGHL6jFsu/9yhrU3ZZjac+\nwD/H7BEu/S23ZOoeeaFFnLJ68cyYCF6J7kwyV476SXuEMmba4uBLV1b+HhMG0BcQ\nPkbYKHFOLaV6FUjJ4f/xyzRdpmqhbPVmSfyc9+4wOPTzk6UrrbgWso8AVoTq+XjH\nb2xVqFFMrj9CLdsElmYURPQ8pfQmqy8UozmqYRUv2ViKH+KLTf1cZlZCKm+X4KRP\nidzoPE6FY0dkBciXB1XhHKbZsmy7CeEIR2/y3iFlnFCNjzRiwK9du9gnYCGvudgG\ny9br38XE0p9Uhj/cChOopfGYiFMgsJiw3LaJRqZUo6easJHUa9EcEgVtW9epM7ut\nUxdyXpuaRtwn/jY3fakWbmN2ZEkpsN+76uYrBrfr8MIh4ChjjP3CSZ8sRtKrpE0A\n5gOzMUgsq4H/wkA9I4r7Jk+hCO2RnVwBEowxPq3zFv/Iho8J2EECggEBAOrFuMV9\nq2hPh+9LaOT91g6Muim0yU+vUgr3L1FJrOPDfoQY7OJhH9VLGa+cAcnt8JXFXdBk\ntGZJbmeW4bCHiERhEAFQX9eDh43MyI0n5iS/v3coUlFKiRvOKpmRP+EbP+lM9gPd\nGgIb0K1a+VUF1zvlQPt0XqplqMfpHClO7b9wtPKjpWeUAgmj7NenJzYRB9MA+HhB\npLezh3DVY1iWEPUF55Yui+kU4swq61DPooaRpakIcbEy9Josi486nEFOmp0NASL+\nq+M4An8BE6rOdYXvBD6xYmX+qGd6Z1WV9mAvM+2ROomGxtyV3RMD+Pr7K87ud6Qw\nUrnO7tzG8hsIrLkCggEBAONniVgZa8jsjsfD8G3ZF/L0y0iZOSGPgmfyuJ+RJiuZ\nI0U94OnEzli8HBklTpGhL12F4YiiCMuh37l8TkEpZCVocYOJ1aekciQ46nJQ3ImO\nLkyNqNIpD02f2GXgVcTAVhiqbY1OTA8pOs3iwJr1sZC9aXn3NnjQQ4ABRJA3ilgd\n77Dt8b2R1A1GGNJh3X7LfJQpo+nBQoUEg09BccUH1VAhec9sS6EPN4qfVpIQ3sJY\nUCsNH/jJGbI0tmrS8IpW5LZnOQTVP1D9HV4MT6FrqPudM0liTCmKzOSHEm5LFn35\nBrWVSsLTzxgXOI/4u0l6DxL5KiUtXC1bDnZQDJ9LEkkCggEAeq6+An3MP6MnztVi\nSB+ZZ1sEwVyWwkxEnDRVhq3wackz6MW5rAbDAsvO7WShzqrHSQytHIQzfSwsRHel\nEoGQpOLv4S/mFZHHGUOFHbZW3qdQ32yzr4U6pswSmNM9RV3fBQRRnu1AdQ+h+aUL\nm/GEauk/DufdvD+JdoYLUE7NkHfOJul7OuguNGl0D7FqnSdDJnFgZj8vW0u2oDDy\nTE2HKPNf9Kv4MuHWLojTFRSbwqSDpBQkjUuqZJKYj006cCoqQ52TFX1txzvymfmv\nFFf1M/sWBcjeOZxc1k4xh5jo+ZRRF3kH1OwYKRcrQo+V4Vm1p9oXrTYPVMedLMPN\nqnDbCQKCAQAcCVfVlMzFKOUxm+a4pFtfiO7HNJzmllrtle9NPQgHuAmxL7/bEnie\nWBLexsq5CbZdQXRc9B1BfeOnarv7LK88LXRRU10UHiI0dQ/yqCWIkA8FQTHfN1C7\nsUlsxgvNBimXQOvg0BZwiBTH7XzxnfkWb0Ph1ajRnFu2HHHnlfFoi8hReASl6qTK\nPioxRf+Y8l2ZpsieuUUKQVQvIVJ1iFG0X2w1NpTcdpPSc3Ko74uHSnwX0rZuZdzV\nK8qRwRAG/k+UbYWKIwB7a7mDLuFidXOQEgGQup3JQWOhiUWsc3WCcoFxQcbF3ndZ\n8QL4PSJaHMJfBHk9vCnxLZjK3XOw8ACBAoIBAQCh0kRR6dcIAM2UvZ8qSgV/URao\nzF8Y+Y56uG8M9q4jp5moxwUYFDIEXWat6loVbTbtKVC+ZlZn/Rj0EsZio8DhZWU5\nSLejjXbwdbNEP7fGspCwZR1nnpIJhMtQS84QWVqaYTqf/GZPb3/hILyXWLKpSj2w\njlQXc2Isi6FxvW9mAS5TMLRc1hBS6GjcNg4GNYWdJp1aHZo2D5/VTT6cKsbLdhp3\nyhfJaf++yI0gv49XY5pmbwu/z7Qa56Xfcu/eBhYEiUnoySjSMt0iTgzeSv8Lt+Gt\njVYeBH0cOizOLsAAgZEeG5QU4Q7iwXJS71RudxUFGwmerp1POhHFeeX1knXf\n-----END RSA PRIVATE KEY-----\n"
                }
            },
            "resources": {},
            "depends_on": []
        },
        {
            "path": [
                "root",
                "domain"
            ],
            "outputs": {
                "public_certificate_intermediate_pem": {
                    "sensitive": false,
                    "type": "string",
                    "value": "-----BEGIN CERTIFICATE-----\nMIIEkjCCA3qgAwIBAgIQCgFBQgAAAVOFc2oLheynCDANBgkqhkiG9w0BAQsFADA/\nMSQwIgYDVQQKExtEaWdpdGFsIFNpZ25hdHVyZSBUcnVzdCBDby4xFzAVBgNVBAMT\nDkRTVCBSb290IENBIFgzMB4XDTE2MDMxNzE2NDA0NloXDTIxMDMxNzE2NDA0Nlow\nSjELMAkGA1UEBhMCVVMxFjAUBgNVBAoTDUxldCdzIEVuY3J5cHQxIzAhBgNVBAMT\nGkxldCdzIEVuY3J5cHQgQXV0aG9yaXR5IFgzMIIBIjANBgkqhkiG9w0BAQEFAAOC\nAQ8AMIIBCgKCAQEAnNMM8FrlLke3cl03g7NoYzDq1zUmGSXhvb418XCSL7e4S0EF\nq6meNQhY7LEqxGiHC6PjdeTm86dicbp5gWAf15Gan/PQeGdxyGkOlZHP/uaZ6WA8\nSMx+yk13EiSdRxta67nsHjcAHJyse6cF6s5K671B5TaYucv9bTyWaN8jKkKQDIZ0\nZ8h/pZq4UmEUEz9l6YKHy9v6Dlb2honzhT+Xhq+w3Brvaw2VFn3EK6BlspkENnWA\na6xK8xuQSXgvopZPKiAlKQTGdMDQMc2PMTiVFrqoM7hD8bEfwzB/onkxEz0tNvjj\n/PIzark5McWvxI0NHWQWM6r6hCm21AvA2H3DkwIDAQABo4IBfTCCAXkwEgYDVR0T\nAQH/BAgwBgEB/wIBADAOBgNVHQ8BAf8EBAMCAYYwfwYIKwYBBQUHAQEEczBxMDIG\nCCsGAQUFBzABhiZodHRwOi8vaXNyZy50cnVzdGlkLm9jc3AuaWRlbnRydXN0LmNv\nbTA7BggrBgEFBQcwAoYvaHR0cDovL2FwcHMuaWRlbnRydXN0LmNvbS9yb290cy9k\nc3Ryb290Y2F4My5wN2MwHwYDVR0jBBgwFoAUxKexpHsscfrb4UuQdf/EFWCFiRAw\nVAYDVR0gBE0wSzAIBgZngQwBAgEwPwYLKwYBBAGC3xMBAQEwMDAuBggrBgEFBQcC\nARYiaHR0cDovL2Nwcy5yb290LXgxLmxldHNlbmNyeXB0Lm9yZzA8BgNVHR8ENTAz\nMDGgL6AthitodHRwOi8vY3JsLmlkZW50cnVzdC5jb20vRFNUUk9PVENBWDNDUkwu\nY3JsMB0GA1UdDgQWBBSoSmpjBH3duubRObemRWXv86jsoTANBgkqhkiG9w0BAQsF\nAAOCAQEA3TPXEfNjWDjdGBX7CVW+dla5cEilaUcne8IkCJLxWh9KEik3JHRRHGJo\nuM2VcGfl96S8TihRzZvoroed6ti6WqEBmtzw3Wodatg+VyOeph4EYpr/1wXKtx8/\nwApIvJSwtmVi4MFU5aMqrSDE6ea73Mj2tcMyo5jMd6jmeWUHK8so/joWUoHOUgwu\nX4Po1QYz+3dszkDqMp4fklxBwXRsW10KXzPMTZ+sOPAveyxindmjkW8lGy+QsRlG\nPfZ+G6Z6h7mjem0Y+iWlkYcV4PIWL1iwBi8saCbGS5jN2p8M+X+Q7UNKEkROb3N6\nKOqkqm57TH2H3eDJAkSnh6/DNFu0Qg==\n-----END CERTIFICATE-----\n"
                },
                "public_certificate_key": {
                    "sensitive": false,
                    "type": "string",
                    "value": "-----BEGIN RSA PRIVATE KEY-----\nMIIEpQIBAAKCAQEA6Ywfrb/+apQfFmicghg+Y6N0V4kiAb9f+LcFR699PccHC39t\nCX9/1WuuPu2isEPOCSaDopTyLKHghbUqVM1mgboeDCx6vPXlQxP5XnRArdjnNLnL\nXnLO3i5LYRFDnOSA/0YisumIW8uMPArX1FTLntwrK7E7RtDzwmSU0W7sKrmGJP6b\nGc6p2EWCDlRsOemEH9LONGdeycsCm5uO5xzE/8Lw+spTCXrYloeR0w8zRIkxQjsj\nN69S7TEizeNJ/T3JSqaAF4kYrTUPMKOzHqpgDDFCaSvo2lT5pxzTjEnofGfTJfc5\nDSaXHZhhiS/tA02+CAqRD28uMnV093lhBxJoYQIDAQABAoIBAQDd10hQFstoGYLe\nGkhwGu9IXf8pFw3CczKKYe8WBNAGWoOKnGPKXd3jsAE3rSqYHBAeCQOI78qKMsm+\nuDOZkfIIz+2yyp1b2IcJjHOXEP5PJHWaU9GlyZBO49KeRXPgF/2gfdJ/9+yapWJz\ntikFe/Ze0+v9+L/BqMGiqT/jIGYcvYTrtrlLWcKHCX3JQZOITxVsfdXJrJLfXAqb\nfMc7MsyPi3p1t1CyGIdCw3h3Ol5hzWHNbRrdR9ZWYMC+NgyJY6+EUzS/nm18F7sU\n8Rg/zKkX4BNbbdxvDmYvs58HRLXDp+qXTDmvv+pwlkqcA6AisSudMEqFcNStzrGx\n9LLy/5wBAoGBAPdhPGtfnRSl72WCNdbqJuVcrHaMyjb94XwcEFVYSUfa4eKiYzvu\nNE16uTyWld8YyrGFN+P54i3uAP8r+cCRe0P/TT39X3DRkcvdtnbLsv2HgPdOTppk\nt7fplB7H6KYhizhFDXxQU9vX5QOnxqV2CpNa+IpUDBH/bxF5Ltv0ZVCRAoGBAPGv\nfpecxRNgLi+NKIxa+/zz2+7XjcXsdA2U4Y5N/b99o6SFsloqF2C0jyNVoTH43hVM\nzN1TVrpQb0qjUL6i+qiHU/UGl2rJs/qVHirVt8WXDsPDKxyyVVXh0ExvF249dcFC\nCM5ONjD2+K/vurge/16pmZo1glrkoVv5LHrPUoLRAoGBAM3Jb6+KrGte1lVFCnCr\n/ItUmotL93Pjos3Rsqysctl5detIVvCl6ZCChNGoGyipwQQH5ESbvNGkaePbuzm8\nTCR2ntTwj5KUY4qJ952/Oji5nkkcNTsuib5Oas9oUVrSELRQjTVaxUfewz5VNWSz\nW3zVcmfwHtJiAQ0yGA8VsaphAoGAR+s/MoKWKpPeaowI2utgPP+cHNDMAW/BgSEi\nlaQjtE4A2j5mumn4FvDj/1HF7Abwn0oBVIMuNbclxwIeTvxUtr2+gBV8DW0EP7cM\nCRcb3pJ69EoplBqFRk8yGuyb/lQPrHioAixH9/4mNsSRvaSLvXGeocL2jXGniqT1\nVX5IQWECgYEAnwOUaXvujc82iZdFytzCTB/dh576krykaLqaZRhlTJ+avKo76cru\nWFHblDiepW6Ej5xTQ4zG52OxeILzqlbLSVNxrpXAi5xQe0U5v5c+41T7yb9vXGFP\nRi/DlVWVBphKYlSAzaZzcJcIyA38C6dAdOt7BDKcjGGHUXpKmrn2RKI=\n-----END RSA PRIVATE KEY-----\n"
                },
                "public_certificate_pem": {
                    "sensitive": false,
                    "type": "string",
                    "value": "-----BEGIN CERTIFICATE-----\nMIIFcDCCBFigAwIBAgISA+QzmUptAlKg0Z9OJSNaokepMA0GCSqGSIb3DQEBCwUA\nMEoxCzAJBgNVBAYTAlVTMRYwFAYDVQQKEw1MZXQncyBFbmNyeXB0MSMwIQYDVQQD\nExpMZXQncyBFbmNyeXB0IEF1dGhvcml0eSBYMzAeFw0xODExMjcyMjA5MDBaFw0x\nOTAyMjUyMjA5MDBaMB4xHDAaBgNVBAMMEyouc3lzbWFuYWdlci5jb20uYnIwggEi\nMA0GCSqGSIb3DQEBAQUAA4IBDwAwggEKAoIBAQDpjB+tv/5qlB8WaJyCGD5jo3RX\niSIBv1/4twVHr309xwcLf20Jf3/Va64+7aKwQ84JJoOilPIsoeCFtSpUzWaBuh4M\nLHq89eVDE/ledECt2Oc0uctecs7eLkthEUOc5ID/RiKy6Yhby4w8CtfUVMue3Csr\nsTtG0PPCZJTRbuwquYYk/psZzqnYRYIOVGw56YQf0s40Z17JywKbm47nHMT/wvD6\nylMJetiWh5HTDzNEiTFCOyM3r1LtMSLN40n9PclKpoAXiRitNQ8wo7MeqmAMMUJp\nK+jaVPmnHNOMSeh8Z9Ml9zkNJpcdmGGJL+0DTb4ICpEPby4ydXT3eWEHEmhhAgMB\nAAGjggJ6MIICdjAOBgNVHQ8BAf8EBAMCBaAwHQYDVR0lBBYwFAYIKwYBBQUHAwEG\nCCsGAQUFBwMCMAwGA1UdEwEB/wQCMAAwHQYDVR0OBBYEFAC51jkacTJqdV+kQqyy\nk8ADfYy1MB8GA1UdIwQYMBaAFKhKamMEfd265tE5t6ZFZe/zqOyhMG8GCCsGAQUF\nBwEBBGMwYTAuBggrBgEFBQcwAYYiaHR0cDovL29jc3AuaW50LXgzLmxldHNlbmNy\neXB0Lm9yZzAvBggrBgEFBQcwAoYjaHR0cDovL2NlcnQuaW50LXgzLmxldHNlbmNy\neXB0Lm9yZy8wMQYDVR0RBCowKIITKi5zeXNtYW5hZ2VyLmNvbS5icoIRc3lzbWFu\nYWdlci5jb20uYnIwTAYDVR0gBEUwQzAIBgZngQwBAgEwNwYLKwYBBAGC3xMBAQEw\nKDAmBggrBgEFBQcCARYaaHR0cDovL2Nwcy5sZXRzZW5jcnlwdC5vcmcwggEDBgor\nBgEEAdZ5AgQCBIH0BIHxAO8AdgDiaUuuJujpQAnohhu2O4PUPuf+dIj7pI8okwGd\n3fHb/gAAAWdXbtVvAAAEAwBHMEUCIQD3Iv24onH4yyeq6zFHCpjPZWEnCkA5DRuK\nDM6lFfy8XQIgHcOf9Ds7VOiSdy7hXISgOwfplR1kvORDX2nshayEctoAdQApPFGW\nVMg5ZbqqUPxYB9S3b79Yeily3KTDDPTlRUf0eAAAAWdXbtVzAAAEAwBGMEQCIEdl\n/KFpDN8hXn/6y6CZuG+bUH4KBfP+i9ORiOxuAbT0AiAvJVg2mp+MiPgwCALw8D8X\nPiYQERgn6lrxuhdVIZUSszANBgkqhkiG9w0BAQsFAAOCAQEAYh8xEkmoRkjMID+H\n7ywm/W4kymkVSlYHMq+uCh8xkyZIq8H7XD4h2Wjx+WJVtyx1uoC1IfuUWdPkGHLT\nKW67Nkz5IanYqxsfWw1H9z9HfxtNCAXxg7m0jXECWQbgjdKg4YGwqw3YekLiJ/SE\n3Ff2+0rsIhUJ5IuLWD9Rdm8SGX/1BgaujXXab9E93XN1fZmjDEYZhxGHEGMPw+/n\nLrAqZw8FbZY8Q6C657fHS8g2cPacELDobuftRlKreSMrshqDjJNcdHtiQLxUvJ8P\nMhpnC9Fd4aMmWx9e01fTK4Kk4Oxg7bfqdU9KF5AvVeZMQpqVec71jy6WgRuNqNLh\ngvHAfg==\n-----END CERTIFICATE-----\n"
                }
            },
            "resources": {
                "acme_certificate.platform_domain": {
                    "type": "acme_certificate",
                    "depends_on": [
                        "acme_registration.platform_domain_administrator",
                        "tls_cert_request.platform_domain"
                    ],
                    "primary": {
                        "id": "https://acme-v02.api.letsencrypt.org/acme/cert/03e433994a6d0252a0d19f4e25235aa247a9",
                        "attributes": {
                            "account_key_pem": "-----BEGIN RSA PRIVATE KEY-----\nMIIEpgIBAAKCAQEA8WlMXjQn1GRwzTDWV63Cz/AMhnznm+3hBYwMYQbagrp3gSRo\n1hzxvftU31xV0N/cT0wRa4C3s8xnWTdjALwxi/gKTeXrn8VKq/4uxKJ/+8gDfN63\nx7ZCmKMF/cuLJBlfT4UCfpW/dGxI04vVJhrrRAYZ0AFpjAr+DpDHURXkvToNFGOl\nv4IrPukrxcS2gPmVmqtkkz0BIOc0t9uMJKbG1J1IQyQ1W8neiHnUxqWYol+ez3Z3\nTaUj6JKkssBNqwoRVgoIDDUT4XlSvTDP01wfp6d2AJwi25kyF8ePKne9OMAvy7Qo\nwnnIdOgrNgbCsHmvf0ce+HSALCPPmxDLvPxT9wIDAQABAoIBAQDVcv79BCx7VNuP\n8bBzEcYASQUqHGJEso2VdAC2AXNOx0RGwUSYnDr6ebDPVTrjVivbSSzV2peSuBZh\nAeHdkohUc9nYioRNXgnqDPKZFf0HSBAdZmckg/haMTpo7oF2R6DIFJjiB9GiROQX\nd7nc2UxPdv13tuf11PpRMp2pCiyXSXcEnQcI1ii6B3QVljYY2PiFZB2YM8Pe29Ul\nQDLBWqNBzHQHZCX79rOxgWCk8uhQCVJ4fRCqe0TpDvS6wPIN7no903LSblBcHIKO\n6f8jAZvH5SRxkYPkkD9o/cAuU2HoK+MAjMDGS4u8yRosQ27l3rh+nnNzGMXh5PB7\nzO0YNDWxAoGBAPvI4pkUjXFF6YUHhEaI1hbP0ayvc63VSO8DeQxqUuSVtMZrZKj9\nWt3onRwrBX66lyfWDEAOiGSkbkccj4Cw2SM8JPI8TvNIftXtNg5gU3Wi68YwbLJ+\n+naKIv8hwEDMUwVTUtqeg5SU6D+4qRupHBH8mlZ6CEB6gXdD6aZqV+NdAoGBAPVz\n9EmnNpBj9tUrt6ADhfbg2Ux2a2jBO6oi8z9ICgOAdmAyWZFwrTC+TkB3Rt8gGql9\nTOA0+lfZspZ2zqhiY7eynUqWxTgiYV5pMup19IhddVNg7wu/gEIOLlxcpCb5cCWw\nKWLoqcXQjQzSOgn77w9anjZuVzcaPx4DEKndJZNjAoGBAJwlKbnrkAgWZkqUrcic\nZcDB4vNn36KHafKoQbKcYYnW+cQvp75RWL/T2VM1rvO3vbP7v58eJCHeA3HgWXJi\nulZqnzMGiaPAasA6mtJxlHCYuAUx1MchjixjYG6+vJ6y2C2uTey8bzd+3UVfPKil\nyH2zHPfSODncf1u6ZzVIL/cVAoGBAJgluFevfvMiA+8/miNmC7RszEXJYesdXI6p\n+35OeWaSSs52Z27wGWsNjBQJ27STgfNt6ClSrZunJjx+iLt3wbgsz7NcogOZzCFp\ntFYBqAKfbAqzG3p8ylQn1jUKd/ZwyEOUXxMghZxJGiXIapGlyRoLYeb7nrRZYKaJ\n39pras9hAoGBAM7BQSrnYYIsifF76p1Dg84eIVtQhGqKy7MgE4MzsJtLPtPmCdO0\nBy8e+LOtFyLEe+tWD2jbNfF+uEPvghbBfHB5aR/Nmwm2b471bG386OyP2gmDFaoj\n/jqNzmbpYnZNDfmYcgVrPO1pQd+5aZeld54beVB8yf/XJ0IjrqMxVqfl\n-----END RSA PRIVATE KEY-----\n",
                            "account_ref": "",
                            "certificate_domain": "*.sysmanager.com.br",
                            "certificate_pem": "-----BEGIN CERTIFICATE-----\nMIIFcDCCBFigAwIBAgISA+QzmUptAlKg0Z9OJSNaokepMA0GCSqGSIb3DQEBCwUA\nMEoxCzAJBgNVBAYTAlVTMRYwFAYDVQQKEw1MZXQncyBFbmNyeXB0MSMwIQYDVQQD\nExpMZXQncyBFbmNyeXB0IEF1dGhvcml0eSBYMzAeFw0xODExMjcyMjA5MDBaFw0x\nOTAyMjUyMjA5MDBaMB4xHDAaBgNVBAMMEyouc3lzbWFuYWdlci5jb20uYnIwggEi\nMA0GCSqGSIb3DQEBAQUAA4IBDwAwggEKAoIBAQDpjB+tv/5qlB8WaJyCGD5jo3RX\niSIBv1/4twVHr309xwcLf20Jf3/Va64+7aKwQ84JJoOilPIsoeCFtSpUzWaBuh4M\nLHq89eVDE/ledECt2Oc0uctecs7eLkthEUOc5ID/RiKy6Yhby4w8CtfUVMue3Csr\nsTtG0PPCZJTRbuwquYYk/psZzqnYRYIOVGw56YQf0s40Z17JywKbm47nHMT/wvD6\nylMJetiWh5HTDzNEiTFCOyM3r1LtMSLN40n9PclKpoAXiRitNQ8wo7MeqmAMMUJp\nK+jaVPmnHNOMSeh8Z9Ml9zkNJpcdmGGJL+0DTb4ICpEPby4ydXT3eWEHEmhhAgMB\nAAGjggJ6MIICdjAOBgNVHQ8BAf8EBAMCBaAwHQYDVR0lBBYwFAYIKwYBBQUHAwEG\nCCsGAQUFBwMCMAwGA1UdEwEB/wQCMAAwHQYDVR0OBBYEFAC51jkacTJqdV+kQqyy\nk8ADfYy1MB8GA1UdIwQYMBaAFKhKamMEfd265tE5t6ZFZe/zqOyhMG8GCCsGAQUF\nBwEBBGMwYTAuBggrBgEFBQcwAYYiaHR0cDovL29jc3AuaW50LXgzLmxldHNlbmNy\neXB0Lm9yZzAvBggrBgEFBQcwAoYjaHR0cDovL2NlcnQuaW50LXgzLmxldHNlbmNy\neXB0Lm9yZy8wMQYDVR0RBCowKIITKi5zeXNtYW5hZ2VyLmNvbS5icoIRc3lzbWFu\nYWdlci5jb20uYnIwTAYDVR0gBEUwQzAIBgZngQwBAgEwNwYLKwYBBAGC3xMBAQEw\nKDAmBggrBgEFBQcCARYaaHR0cDovL2Nwcy5sZXRzZW5jcnlwdC5vcmcwggEDBgor\nBgEEAdZ5AgQCBIH0BIHxAO8AdgDiaUuuJujpQAnohhu2O4PUPuf+dIj7pI8okwGd\n3fHb/gAAAWdXbtVvAAAEAwBHMEUCIQD3Iv24onH4yyeq6zFHCpjPZWEnCkA5DRuK\nDM6lFfy8XQIgHcOf9Ds7VOiSdy7hXISgOwfplR1kvORDX2nshayEctoAdQApPFGW\nVMg5ZbqqUPxYB9S3b79Yeily3KTDDPTlRUf0eAAAAWdXbtVzAAAEAwBGMEQCIEdl\n/KFpDN8hXn/6y6CZuG+bUH4KBfP+i9ORiOxuAbT0AiAvJVg2mp+MiPgwCALw8D8X\nPiYQERgn6lrxuhdVIZUSszANBgkqhkiG9w0BAQsFAAOCAQEAYh8xEkmoRkjMID+H\n7ywm/W4kymkVSlYHMq+uCh8xkyZIq8H7XD4h2Wjx+WJVtyx1uoC1IfuUWdPkGHLT\nKW67Nkz5IanYqxsfWw1H9z9HfxtNCAXxg7m0jXECWQbgjdKg4YGwqw3YekLiJ/SE\n3Ff2+0rsIhUJ5IuLWD9Rdm8SGX/1BgaujXXab9E93XN1fZmjDEYZhxGHEGMPw+/n\nLrAqZw8FbZY8Q6C657fHS8g2cPacELDobuftRlKreSMrshqDjJNcdHtiQLxUvJ8P\nMhpnC9Fd4aMmWx9e01fTK4Kk4Oxg7bfqdU9KF5AvVeZMQpqVec71jy6WgRuNqNLh\ngvHAfg==\n-----END CERTIFICATE-----\n",
                            "certificate_request_pem": "-----BEGIN CERTIFICATE REQUEST-----\nMIICpzCCAY8CAQAwHjEcMBoGA1UEAwwTKi5zeXNtYW5hZ2VyLmNvbS5icjCCASIw\nDQYJKoZIhvcNAQEBBQADggEPADCCAQoCggEBAOmMH62//mqUHxZonIIYPmOjdFeJ\nIgG/X/i3BUevfT3HBwt/bQl/f9Vrrj7torBDzgkmg6KU8iyh4IW1KlTNZoG6Hgws\nerz15UMT+V50QK3Y5zS5y15yzt4uS2ERQ5zkgP9GIrLpiFvLjDwK19RUy57cKyux\nO0bQ88JklNFu7Cq5hiT+mxnOqdhFgg5UbDnphB/SzjRnXsnLApubjuccxP/C8PrK\nUwl62JaHkdMPM0SJMUI7IzevUu0xIs3jSf09yUqmgBeJGK01DzCjsx6qYAwxQmkr\n6NpU+acc04xJ6Hxn0yX3OQ0mlx2YYYkv7QNNvggKkQ9vLjJ1dPd5YQcSaGECAwEA\nAaBEMEIGCSqGSIb3DQEJDjE1MDMwMQYDVR0RBCowKIIRc3lzbWFuYWdlci5jb20u\nYnKCEyouc3lzbWFuYWdlci5jb20uYnIwDQYJKoZIhvcNAQELBQADggEBAOOOSjFu\n5Q0mdoin4eBl61PL7v4wPLmHXhqCyWonM26ybJpg67n4mZ0B4QzfeyOMD4lq6zOu\nceb9OAeM/dNPbUCPcJ6/C9piPTWFkzHVcyCq2nbd8sd+Ko+p553SNJJ4mBwmqfFc\nPUMalhd4KCzTwqZ7xxLCLQdD3tvpIfvrtEhs1W7N2FAT0o8w1nVVULBWxY5icvVY\nFolgl/8/T8TieVNRKJ1bakuOLIt94wtCCAaSEnE22kpGvBSuKsecHn5Nu2voIJ1I\nFTUQi6iNLrsjcgl3dmpqCN+wEGxAQKb88pUAdRG4MX+G+Luc8+14IM34I9lR9Lh2\nty7GQGUIqm2NdM4=\n-----END CERTIFICATE REQUEST-----\n",
                            "certificate_url": "https://acme-v02.api.letsencrypt.org/acme/cert/03e433994a6d0252a0d19f4e25235aa247a9",
                            "dns_challenge.#": "1",
                            "dns_challenge.1056487162.config.%": "0",
                            "dns_challenge.1056487162.provider": "route53",
                            "id": "https://acme-v02.api.letsencrypt.org/acme/cert/03e433994a6d0252a0d19f4e25235aa247a9",
                            "issuer_pem": "-----BEGIN CERTIFICATE-----\nMIIEkjCCA3qgAwIBAgIQCgFBQgAAAVOFc2oLheynCDANBgkqhkiG9w0BAQsFADA/\nMSQwIgYDVQQKExtEaWdpdGFsIFNpZ25hdHVyZSBUcnVzdCBDby4xFzAVBgNVBAMT\nDkRTVCBSb290IENBIFgzMB4XDTE2MDMxNzE2NDA0NloXDTIxMDMxNzE2NDA0Nlow\nSjELMAkGA1UEBhMCVVMxFjAUBgNVBAoTDUxldCdzIEVuY3J5cHQxIzAhBgNVBAMT\nGkxldCdzIEVuY3J5cHQgQXV0aG9yaXR5IFgzMIIBIjANBgkqhkiG9w0BAQEFAAOC\nAQ8AMIIBCgKCAQEAnNMM8FrlLke3cl03g7NoYzDq1zUmGSXhvb418XCSL7e4S0EF\nq6meNQhY7LEqxGiHC6PjdeTm86dicbp5gWAf15Gan/PQeGdxyGkOlZHP/uaZ6WA8\nSMx+yk13EiSdRxta67nsHjcAHJyse6cF6s5K671B5TaYucv9bTyWaN8jKkKQDIZ0\nZ8h/pZq4UmEUEz9l6YKHy9v6Dlb2honzhT+Xhq+w3Brvaw2VFn3EK6BlspkENnWA\na6xK8xuQSXgvopZPKiAlKQTGdMDQMc2PMTiVFrqoM7hD8bEfwzB/onkxEz0tNvjj\n/PIzark5McWvxI0NHWQWM6r6hCm21AvA2H3DkwIDAQABo4IBfTCCAXkwEgYDVR0T\nAQH/BAgwBgEB/wIBADAOBgNVHQ8BAf8EBAMCAYYwfwYIKwYBBQUHAQEEczBxMDIG\nCCsGAQUFBzABhiZodHRwOi8vaXNyZy50cnVzdGlkLm9jc3AuaWRlbnRydXN0LmNv\nbTA7BggrBgEFBQcwAoYvaHR0cDovL2FwcHMuaWRlbnRydXN0LmNvbS9yb290cy9k\nc3Ryb290Y2F4My5wN2MwHwYDVR0jBBgwFoAUxKexpHsscfrb4UuQdf/EFWCFiRAw\nVAYDVR0gBE0wSzAIBgZngQwBAgEwPwYLKwYBBAGC3xMBAQEwMDAuBggrBgEFBQcC\nARYiaHR0cDovL2Nwcy5yb290LXgxLmxldHNlbmNyeXB0Lm9yZzA8BgNVHR8ENTAz\nMDGgL6AthitodHRwOi8vY3JsLmlkZW50cnVzdC5jb20vRFNUUk9PVENBWDNDUkwu\nY3JsMB0GA1UdDgQWBBSoSmpjBH3duubRObemRWXv86jsoTANBgkqhkiG9w0BAQsF\nAAOCAQEA3TPXEfNjWDjdGBX7CVW+dla5cEilaUcne8IkCJLxWh9KEik3JHRRHGJo\nuM2VcGfl96S8TihRzZvoroed6ti6WqEBmtzw3Wodatg+VyOeph4EYpr/1wXKtx8/\nwApIvJSwtmVi4MFU5aMqrSDE6ea73Mj2tcMyo5jMd6jmeWUHK8so/joWUoHOUgwu\nX4Po1QYz+3dszkDqMp4fklxBwXRsW10KXzPMTZ+sOPAveyxindmjkW8lGy+QsRlG\nPfZ+G6Z6h7mjem0Y+iWlkYcV4PIWL1iwBi8saCbGS5jN2p8M+X+Q7UNKEkROb3N6\nKOqkqm57TH2H3eDJAkSnh6/DNFu0Qg==\n-----END CERTIFICATE-----\n",
                            "key_type": "2048",
                            "min_days_remaining": "7",
                            "must_staple": "false",
                            "private_key_pem": ""
                        },
                        "meta": {
                            "schema_version": "1"
                        },
                        "tainted": false
                    },
                    "deposed": [],
                    "provider": "module.domain.provider.acme"
                },
                "acme_registration.platform_domain_administrator": {
                    "type": "acme_registration",
                    "depends_on": [
                        "tls_private_key.platform_domain_administrator"
                    ],
                    "primary": {
                        "id": "https://acme-v02.api.letsencrypt.org/acme/acct/46623784",
                        "attributes": {
                            "account_key_pem": "-----BEGIN RSA PRIVATE KEY-----\nMIIEpgIBAAKCAQEA8WlMXjQn1GRwzTDWV63Cz/AMhnznm+3hBYwMYQbagrp3gSRo\n1hzxvftU31xV0N/cT0wRa4C3s8xnWTdjALwxi/gKTeXrn8VKq/4uxKJ/+8gDfN63\nx7ZCmKMF/cuLJBlfT4UCfpW/dGxI04vVJhrrRAYZ0AFpjAr+DpDHURXkvToNFGOl\nv4IrPukrxcS2gPmVmqtkkz0BIOc0t9uMJKbG1J1IQyQ1W8neiHnUxqWYol+ez3Z3\nTaUj6JKkssBNqwoRVgoIDDUT4XlSvTDP01wfp6d2AJwi25kyF8ePKne9OMAvy7Qo\nwnnIdOgrNgbCsHmvf0ce+HSALCPPmxDLvPxT9wIDAQABAoIBAQDVcv79BCx7VNuP\n8bBzEcYASQUqHGJEso2VdAC2AXNOx0RGwUSYnDr6ebDPVTrjVivbSSzV2peSuBZh\nAeHdkohUc9nYioRNXgnqDPKZFf0HSBAdZmckg/haMTpo7oF2R6DIFJjiB9GiROQX\nd7nc2UxPdv13tuf11PpRMp2pCiyXSXcEnQcI1ii6B3QVljYY2PiFZB2YM8Pe29Ul\nQDLBWqNBzHQHZCX79rOxgWCk8uhQCVJ4fRCqe0TpDvS6wPIN7no903LSblBcHIKO\n6f8jAZvH5SRxkYPkkD9o/cAuU2HoK+MAjMDGS4u8yRosQ27l3rh+nnNzGMXh5PB7\nzO0YNDWxAoGBAPvI4pkUjXFF6YUHhEaI1hbP0ayvc63VSO8DeQxqUuSVtMZrZKj9\nWt3onRwrBX66lyfWDEAOiGSkbkccj4Cw2SM8JPI8TvNIftXtNg5gU3Wi68YwbLJ+\n+naKIv8hwEDMUwVTUtqeg5SU6D+4qRupHBH8mlZ6CEB6gXdD6aZqV+NdAoGBAPVz\n9EmnNpBj9tUrt6ADhfbg2Ux2a2jBO6oi8z9ICgOAdmAyWZFwrTC+TkB3Rt8gGql9\nTOA0+lfZspZ2zqhiY7eynUqWxTgiYV5pMup19IhddVNg7wu/gEIOLlxcpCb5cCWw\nKWLoqcXQjQzSOgn77w9anjZuVzcaPx4DEKndJZNjAoGBAJwlKbnrkAgWZkqUrcic\nZcDB4vNn36KHafKoQbKcYYnW+cQvp75RWL/T2VM1rvO3vbP7v58eJCHeA3HgWXJi\nulZqnzMGiaPAasA6mtJxlHCYuAUx1MchjixjYG6+vJ6y2C2uTey8bzd+3UVfPKil\nyH2zHPfSODncf1u6ZzVIL/cVAoGBAJgluFevfvMiA+8/miNmC7RszEXJYesdXI6p\n+35OeWaSSs52Z27wGWsNjBQJ27STgfNt6ClSrZunJjx+iLt3wbgsz7NcogOZzCFp\ntFYBqAKfbAqzG3p8ylQn1jUKd/ZwyEOUXxMghZxJGiXIapGlyRoLYeb7nrRZYKaJ\n39pras9hAoGBAM7BQSrnYYIsifF76p1Dg84eIVtQhGqKy7MgE4MzsJtLPtPmCdO0\nBy8e+LOtFyLEe+tWD2jbNfF+uEPvghbBfHB5aR/Nmwm2b471bG386OyP2gmDFaoj\n/jqNzmbpYnZNDfmYcgVrPO1pQd+5aZeld54beVB8yf/XJ0IjrqMxVqfl\n-----END RSA PRIVATE KEY-----\n",
                            "email_address": "vinicius.alves@sysmi.com.br",
                            "id": "https://acme-v02.api.letsencrypt.org/acme/acct/46623784",
                            "registration_url": "https://acme-v02.api.letsencrypt.org/acme/acct/46623784"
                        },
                        "meta": {
                            "schema_version": "1"
                        },
                        "tainted": false
                    },
                    "deposed": [],
                    "provider": "module.domain.provider.acme"
                },
                "aws_route53_record.master_public": {
                    "type": "aws_route53_record",
                    "depends_on": [
                        "data.aws_lb.public",
                        "data.aws_route53_zone.public"
                    ],
                    "primary": {
                        "id": "Z2AQTIJBZZ5TNK_sysmanager.com.br_A",
                        "attributes": {
                            "alias.#": "1",
                            "alias.2408181584.evaluate_target_health": "false",
                            "alias.2408181584.name": "sysmi-openshift-public-a91eb9d1c5a86242.elb.us-east-1.amazonaws.com",
                            "alias.2408181584.zone_id": "Z26RNL4JYFTOTI",
                            "allow_overwrite": "true",
                            "fqdn": "sysmanager.com.br",
                            "health_check_id": "",
                            "id": "Z2AQTIJBZZ5TNK_sysmanager.com.br_A",
                            "name": "sysmanager.com.br",
                            "records.#": "0",
                            "set_identifier": "",
                            "ttl": "0",
                            "type": "A",
                            "zone_id": "Z2AQTIJBZZ5TNK"
                        },
                        "meta": {
                            "schema_version": "2"
                        },
                        "tainted": false
                    },
                    "deposed": [],
                    "provider": "provider.aws"
                },
                "aws_route53_record.public": {
                    "type": "aws_route53_record",
                    "depends_on": [
                        "data.aws_lb.public",
                        "data.aws_route53_zone.public"
                    ],
                    "primary": {
                        "id": "Z2AQTIJBZZ5TNK_*.sysmanager.com.br_A",
                        "attributes": {
                            "alias.#": "1",
                            "alias.2408181584.evaluate_target_health": "false",
                            "alias.2408181584.name": "sysmi-openshift-public-a91eb9d1c5a86242.elb.us-east-1.amazonaws.com",
                            "alias.2408181584.zone_id": "Z26RNL4JYFTOTI",
                            "allow_overwrite": "true",
                            "fqdn": "*.sysmanager.com.br",
                            "health_check_id": "",
                            "id": "Z2AQTIJBZZ5TNK_*.sysmanager.com.br_A",
                            "name": "*.sysmanager.com.br",
                            "records.#": "0",
                            "set_identifier": "",
                            "ttl": "0",
                            "type": "A",
                            "zone_id": "Z2AQTIJBZZ5TNK"
                        },
                        "meta": {
                            "schema_version": "2"
                        },
                        "tainted": false
                    },
                    "deposed": [],
                    "provider": "provider.aws"
                },
                "data.aws_lb.public": {
                    "type": "aws_lb",
                    "depends_on": [],
                    "primary": {
                        "id": "arn:aws:elasticloadbalancing:us-east-1:253007251743:loadbalancer/net/sysmi-openshift-public/a91eb9d1c5a86242",
                        "attributes": {
                            "access_logs.#": "1",
                            "arn": "arn:aws:elasticloadbalancing:us-east-1:253007251743:loadbalancer/net/sysmi-openshift-public/a91eb9d1c5a86242",
                            "arn_suffix": "net/sysmi-openshift-public/a91eb9d1c5a86242",
                            "dns_name": "sysmi-openshift-public-a91eb9d1c5a86242.elb.us-east-1.amazonaws.com",
                            "enable_deletion_protection": "false",
                            "id": "arn:aws:elasticloadbalancing:us-east-1:253007251743:loadbalancer/net/sysmi-openshift-public/a91eb9d1c5a86242",
                            "internal": "false",
                            "load_balancer_type": "network",
                            "name": "sysmi-openshift-public",
                            "security_groups.#": "0",
                            "subnet_mapping.#": "6",
                            "subnet_mapping.1416165940.allocation_id": "",
                            "subnet_mapping.1416165940.subnet_id": "subnet-0fd332ad2dfbf8d7a",
                            "subnet_mapping.1589165690.allocation_id": "",
                            "subnet_mapping.1589165690.subnet_id": "subnet-023afb88432122150",
                            "subnet_mapping.2575176194.allocation_id": "",
                            "subnet_mapping.2575176194.subnet_id": "subnet-0f973e1be0df0d660",
                            "subnet_mapping.3113162978.allocation_id": "",
                            "subnet_mapping.3113162978.subnet_id": "subnet-01635ba4e27368599",
                            "subnet_mapping.3654118178.allocation_id": "",
                            "subnet_mapping.3654118178.subnet_id": "subnet-07903f22e90dd3a10",
                            "subnet_mapping.3875586929.allocation_id": "",
                            "subnet_mapping.3875586929.subnet_id": "subnet-0a71fd2fe0daff6ff",
                            "subnets.#": "6",
                            "subnets.1353766668": "subnet-0a71fd2fe0daff6ff",
                            "subnets.1593031924": "subnet-0fd332ad2dfbf8d7a",
                            "subnets.2384057722": "subnet-023afb88432122150",
                            "subnets.26364532": "subnet-01635ba4e27368599",
                            "subnets.2669484289": "subnet-0f973e1be0df0d660",
                            "subnets.4084162539": "subnet-07903f22e90dd3a10",
                            "tags.%": "2",
                            "tags.Name": "sysmi-openshift-public",
                            "tags.kubernetes.io/cluster/sysmi-openshift": "owned",
                            "vpc_id": "vpc-0d7e0da4903634311",
                            "zone_id": "Z26RNL4JYFTOTI"
                        },
                        "meta": {},
                        "tainted": false
                    },
                    "deposed": [],
                    "provider": "provider.aws"
                },
                "data.aws_route53_zone.public": {
                    "type": "aws_route53_zone",
                    "depends_on": [],
                    "primary": {
                        "id": "Z2AQTIJBZZ5TNK",
                        "attributes": {
                            "caller_reference": "terraform-20181121204837938800000001",
                            "comment": "Sys Manager - Hosted Zone",
                            "id": "Z2AQTIJBZZ5TNK",
                            "name": "sysmanager.com.br.",
                            "name_servers.#": "4",
                            "name_servers.0": "ns-579.awsdns-08.net",
                            "name_servers.1": "ns-200.awsdns-25.com",
                            "name_servers.2": "ns-1361.awsdns-42.org",
                            "name_servers.3": "ns-1585.awsdns-06.co.uk",
                            "private_zone": "false",
                            "resource_record_set_count": "4",
                            "zone_id": "Z2AQTIJBZZ5TNK"
                        },
                        "meta": {},
                        "tainted": false
                    },
                    "deposed": [],
                    "provider": "provider.aws"
                },
                "tls_cert_request.platform_domain": {
                    "type": "tls_cert_request",
                    "depends_on": [
                        "tls_private_key.platform_domain_csr"
                    ],
                    "primary": {
                        "id": "23d66b2e0984b2fc1747385888c20cf04178c87c",
                        "attributes": {
                            "cert_request_pem": "-----BEGIN CERTIFICATE REQUEST-----\nMIICpzCCAY8CAQAwHjEcMBoGA1UEAwwTKi5zeXNtYW5hZ2VyLmNvbS5icjCCASIw\nDQYJKoZIhvcNAQEBBQADggEPADCCAQoCggEBAOmMH62//mqUHxZonIIYPmOjdFeJ\nIgG/X/i3BUevfT3HBwt/bQl/f9Vrrj7torBDzgkmg6KU8iyh4IW1KlTNZoG6Hgws\nerz15UMT+V50QK3Y5zS5y15yzt4uS2ERQ5zkgP9GIrLpiFvLjDwK19RUy57cKyux\nO0bQ88JklNFu7Cq5hiT+mxnOqdhFgg5UbDnphB/SzjRnXsnLApubjuccxP/C8PrK\nUwl62JaHkdMPM0SJMUI7IzevUu0xIs3jSf09yUqmgBeJGK01DzCjsx6qYAwxQmkr\n6NpU+acc04xJ6Hxn0yX3OQ0mlx2YYYkv7QNNvggKkQ9vLjJ1dPd5YQcSaGECAwEA\nAaBEMEIGCSqGSIb3DQEJDjE1MDMwMQYDVR0RBCowKIIRc3lzbWFuYWdlci5jb20u\nYnKCEyouc3lzbWFuYWdlci5jb20uYnIwDQYJKoZIhvcNAQELBQADggEBAOOOSjFu\n5Q0mdoin4eBl61PL7v4wPLmHXhqCyWonM26ybJpg67n4mZ0B4QzfeyOMD4lq6zOu\nceb9OAeM/dNPbUCPcJ6/C9piPTWFkzHVcyCq2nbd8sd+Ko+p553SNJJ4mBwmqfFc\nPUMalhd4KCzTwqZ7xxLCLQdD3tvpIfvrtEhs1W7N2FAT0o8w1nVVULBWxY5icvVY\nFolgl/8/T8TieVNRKJ1bakuOLIt94wtCCAaSEnE22kpGvBSuKsecHn5Nu2voIJ1I\nFTUQi6iNLrsjcgl3dmpqCN+wEGxAQKb88pUAdRG4MX+G+Luc8+14IM34I9lR9Lh2\nty7GQGUIqm2NdM4=\n-----END CERTIFICATE REQUEST-----\n",
                            "dns_names.#": "2",
                            "dns_names.0": "sysmanager.com.br",
                            "dns_names.1": "*.sysmanager.com.br",
                            "id": "23d66b2e0984b2fc1747385888c20cf04178c87c",
                            "key_algorithm": "RSA",
                            "private_key_pem": "0d8d913421036303497d799b79e9828d9de43c51",
                            "subject.#": "1",
                            "subject.0.common_name": "*.sysmanager.com.br",
                            "subject.0.country": "",
                            "subject.0.locality": "",
                            "subject.0.organization": "",
                            "subject.0.organizational_unit": "",
                            "subject.0.postal_code": "",
                            "subject.0.province": "",
                            "subject.0.serial_number": "",
                            "subject.0.street_address.#": "0"
                        },
                        "meta": {},
                        "tainted": false
                    },
                    "deposed": [],
                    "provider": "provider.tls"
                },
                "tls_private_key.platform_domain_administrator": {
                    "type": "tls_private_key",
                    "depends_on": [],
                    "primary": {
                        "id": "c44aacc3b3b72e7457c235e8e66b7a2ef5671720",
                        "attributes": {
                            "algorithm": "RSA",
                            "ecdsa_curve": "P224",
                            "id": "c44aacc3b3b72e7457c235e8e66b7a2ef5671720",
                            "private_key_pem": "-----BEGIN RSA PRIVATE KEY-----\nMIIEpgIBAAKCAQEA8WlMXjQn1GRwzTDWV63Cz/AMhnznm+3hBYwMYQbagrp3gSRo\n1hzxvftU31xV0N/cT0wRa4C3s8xnWTdjALwxi/gKTeXrn8VKq/4uxKJ/+8gDfN63\nx7ZCmKMF/cuLJBlfT4UCfpW/dGxI04vVJhrrRAYZ0AFpjAr+DpDHURXkvToNFGOl\nv4IrPukrxcS2gPmVmqtkkz0BIOc0t9uMJKbG1J1IQyQ1W8neiHnUxqWYol+ez3Z3\nTaUj6JKkssBNqwoRVgoIDDUT4XlSvTDP01wfp6d2AJwi25kyF8ePKne9OMAvy7Qo\nwnnIdOgrNgbCsHmvf0ce+HSALCPPmxDLvPxT9wIDAQABAoIBAQDVcv79BCx7VNuP\n8bBzEcYASQUqHGJEso2VdAC2AXNOx0RGwUSYnDr6ebDPVTrjVivbSSzV2peSuBZh\nAeHdkohUc9nYioRNXgnqDPKZFf0HSBAdZmckg/haMTpo7oF2R6DIFJjiB9GiROQX\nd7nc2UxPdv13tuf11PpRMp2pCiyXSXcEnQcI1ii6B3QVljYY2PiFZB2YM8Pe29Ul\nQDLBWqNBzHQHZCX79rOxgWCk8uhQCVJ4fRCqe0TpDvS6wPIN7no903LSblBcHIKO\n6f8jAZvH5SRxkYPkkD9o/cAuU2HoK+MAjMDGS4u8yRosQ27l3rh+nnNzGMXh5PB7\nzO0YNDWxAoGBAPvI4pkUjXFF6YUHhEaI1hbP0ayvc63VSO8DeQxqUuSVtMZrZKj9\nWt3onRwrBX66lyfWDEAOiGSkbkccj4Cw2SM8JPI8TvNIftXtNg5gU3Wi68YwbLJ+\n+naKIv8hwEDMUwVTUtqeg5SU6D+4qRupHBH8mlZ6CEB6gXdD6aZqV+NdAoGBAPVz\n9EmnNpBj9tUrt6ADhfbg2Ux2a2jBO6oi8z9ICgOAdmAyWZFwrTC+TkB3Rt8gGql9\nTOA0+lfZspZ2zqhiY7eynUqWxTgiYV5pMup19IhddVNg7wu/gEIOLlxcpCb5cCWw\nKWLoqcXQjQzSOgn77w9anjZuVzcaPx4DEKndJZNjAoGBAJwlKbnrkAgWZkqUrcic\nZcDB4vNn36KHafKoQbKcYYnW+cQvp75RWL/T2VM1rvO3vbP7v58eJCHeA3HgWXJi\nulZqnzMGiaPAasA6mtJxlHCYuAUx1MchjixjYG6+vJ6y2C2uTey8bzd+3UVfPKil\nyH2zHPfSODncf1u6ZzVIL/cVAoGBAJgluFevfvMiA+8/miNmC7RszEXJYesdXI6p\n+35OeWaSSs52Z27wGWsNjBQJ27STgfNt6ClSrZunJjx+iLt3wbgsz7NcogOZzCFp\ntFYBqAKfbAqzG3p8ylQn1jUKd/ZwyEOUXxMghZxJGiXIapGlyRoLYeb7nrRZYKaJ\n39pras9hAoGBAM7BQSrnYYIsifF76p1Dg84eIVtQhGqKy7MgE4MzsJtLPtPmCdO0\nBy8e+LOtFyLEe+tWD2jbNfF+uEPvghbBfHB5aR/Nmwm2b471bG386OyP2gmDFaoj\n/jqNzmbpYnZNDfmYcgVrPO1pQd+5aZeld54beVB8yf/XJ0IjrqMxVqfl\n-----END RSA PRIVATE KEY-----\n",
                            "public_key_fingerprint_md5": "0d:94:4c:1d:0f:87:55:6c:45:3e:c3:5a:f8:1c:80:0d",
                            "public_key_openssh": "ssh-rsa AAAAB3NzaC1yc2EAAAADAQABAAABAQDxaUxeNCfUZHDNMNZXrcLP8AyGfOeb7eEFjAxhBtqCuneBJGjWHPG9+1TfXFXQ39xPTBFrgLezzGdZN2MAvDGL+ApN5eufxUqr/i7Eon/7yAN83rfHtkKYowX9y4skGV9PhQJ+lb90bEjTi9UmGutEBhnQAWmMCv4OkMdRFeS9Og0UY6W/gis+6SvFxLaA+ZWaq2STPQEg5zS324wkpsbUnUhDJDVbyd6IedTGpZiiX57PdndNpSPokqSywE2rChFWCggMNRPheVK9MM/TXB+np3YAnCLbmTIXx48qd704wC/LtCjCech06Cs2BsKwea9/Rx74dIAsI8+bEMu8/FP3\n",
                            "public_key_pem": "-----BEGIN PUBLIC KEY-----\nMIIBIjANBgkqhkiG9w0BAQEFAAOCAQ8AMIIBCgKCAQEA8WlMXjQn1GRwzTDWV63C\nz/AMhnznm+3hBYwMYQbagrp3gSRo1hzxvftU31xV0N/cT0wRa4C3s8xnWTdjALwx\ni/gKTeXrn8VKq/4uxKJ/+8gDfN63x7ZCmKMF/cuLJBlfT4UCfpW/dGxI04vVJhrr\nRAYZ0AFpjAr+DpDHURXkvToNFGOlv4IrPukrxcS2gPmVmqtkkz0BIOc0t9uMJKbG\n1J1IQyQ1W8neiHnUxqWYol+ez3Z3TaUj6JKkssBNqwoRVgoIDDUT4XlSvTDP01wf\np6d2AJwi25kyF8ePKne9OMAvy7QownnIdOgrNgbCsHmvf0ce+HSALCPPmxDLvPxT\n9wIDAQAB\n-----END PUBLIC KEY-----\n",
                            "rsa_bits": "2048"
                        },
                        "meta": {},
                        "tainted": false
                    },
                    "deposed": [],
                    "provider": "provider.tls"
                },
                "tls_private_key.platform_domain_csr": {
                    "type": "tls_private_key",
                    "depends_on": [],
                    "primary": {
                        "id": "ae2b4db16fa35ad8237b98801e2d4e4731690363",
                        "attributes": {
                            "algorithm": "RSA",
                            "ecdsa_curve": "P224",
                            "id": "ae2b4db16fa35ad8237b98801e2d4e4731690363",
                            "private_key_pem": "-----BEGIN RSA PRIVATE KEY-----\nMIIEpQIBAAKCAQEA6Ywfrb/+apQfFmicghg+Y6N0V4kiAb9f+LcFR699PccHC39t\nCX9/1WuuPu2isEPOCSaDopTyLKHghbUqVM1mgboeDCx6vPXlQxP5XnRArdjnNLnL\nXnLO3i5LYRFDnOSA/0YisumIW8uMPArX1FTLntwrK7E7RtDzwmSU0W7sKrmGJP6b\nGc6p2EWCDlRsOemEH9LONGdeycsCm5uO5xzE/8Lw+spTCXrYloeR0w8zRIkxQjsj\nN69S7TEizeNJ/T3JSqaAF4kYrTUPMKOzHqpgDDFCaSvo2lT5pxzTjEnofGfTJfc5\nDSaXHZhhiS/tA02+CAqRD28uMnV093lhBxJoYQIDAQABAoIBAQDd10hQFstoGYLe\nGkhwGu9IXf8pFw3CczKKYe8WBNAGWoOKnGPKXd3jsAE3rSqYHBAeCQOI78qKMsm+\nuDOZkfIIz+2yyp1b2IcJjHOXEP5PJHWaU9GlyZBO49KeRXPgF/2gfdJ/9+yapWJz\ntikFe/Ze0+v9+L/BqMGiqT/jIGYcvYTrtrlLWcKHCX3JQZOITxVsfdXJrJLfXAqb\nfMc7MsyPi3p1t1CyGIdCw3h3Ol5hzWHNbRrdR9ZWYMC+NgyJY6+EUzS/nm18F7sU\n8Rg/zKkX4BNbbdxvDmYvs58HRLXDp+qXTDmvv+pwlkqcA6AisSudMEqFcNStzrGx\n9LLy/5wBAoGBAPdhPGtfnRSl72WCNdbqJuVcrHaMyjb94XwcEFVYSUfa4eKiYzvu\nNE16uTyWld8YyrGFN+P54i3uAP8r+cCRe0P/TT39X3DRkcvdtnbLsv2HgPdOTppk\nt7fplB7H6KYhizhFDXxQU9vX5QOnxqV2CpNa+IpUDBH/bxF5Ltv0ZVCRAoGBAPGv\nfpecxRNgLi+NKIxa+/zz2+7XjcXsdA2U4Y5N/b99o6SFsloqF2C0jyNVoTH43hVM\nzN1TVrpQb0qjUL6i+qiHU/UGl2rJs/qVHirVt8WXDsPDKxyyVVXh0ExvF249dcFC\nCM5ONjD2+K/vurge/16pmZo1glrkoVv5LHrPUoLRAoGBAM3Jb6+KrGte1lVFCnCr\n/ItUmotL93Pjos3Rsqysctl5detIVvCl6ZCChNGoGyipwQQH5ESbvNGkaePbuzm8\nTCR2ntTwj5KUY4qJ952/Oji5nkkcNTsuib5Oas9oUVrSELRQjTVaxUfewz5VNWSz\nW3zVcmfwHtJiAQ0yGA8VsaphAoGAR+s/MoKWKpPeaowI2utgPP+cHNDMAW/BgSEi\nlaQjtE4A2j5mumn4FvDj/1HF7Abwn0oBVIMuNbclxwIeTvxUtr2+gBV8DW0EP7cM\nCRcb3pJ69EoplBqFRk8yGuyb/lQPrHioAixH9/4mNsSRvaSLvXGeocL2jXGniqT1\nVX5IQWECgYEAnwOUaXvujc82iZdFytzCTB/dh576krykaLqaZRhlTJ+avKo76cru\nWFHblDiepW6Ej5xTQ4zG52OxeILzqlbLSVNxrpXAi5xQe0U5v5c+41T7yb9vXGFP\nRi/DlVWVBphKYlSAzaZzcJcIyA38C6dAdOt7BDKcjGGHUXpKmrn2RKI=\n-----END RSA PRIVATE KEY-----\n",
                            "public_key_fingerprint_md5": "38:9b:2d:0d:5e:fe:7c:9c:b0:0d:11:ec:81:47:4f:3a",
                            "public_key_openssh": "ssh-rsa AAAAB3NzaC1yc2EAAAADAQABAAABAQDpjB+tv/5qlB8WaJyCGD5jo3RXiSIBv1/4twVHr309xwcLf20Jf3/Va64+7aKwQ84JJoOilPIsoeCFtSpUzWaBuh4MLHq89eVDE/ledECt2Oc0uctecs7eLkthEUOc5ID/RiKy6Yhby4w8CtfUVMue3CsrsTtG0PPCZJTRbuwquYYk/psZzqnYRYIOVGw56YQf0s40Z17JywKbm47nHMT/wvD6ylMJetiWh5HTDzNEiTFCOyM3r1LtMSLN40n9PclKpoAXiRitNQ8wo7MeqmAMMUJpK+jaVPmnHNOMSeh8Z9Ml9zkNJpcdmGGJL+0DTb4ICpEPby4ydXT3eWEHEmhh\n",
                            "public_key_pem": "-----BEGIN PUBLIC KEY-----\nMIIBIjANBgkqhkiG9w0BAQEFAAOCAQ8AMIIBCgKCAQEA6Ywfrb/+apQfFmicghg+\nY6N0V4kiAb9f+LcFR699PccHC39tCX9/1WuuPu2isEPOCSaDopTyLKHghbUqVM1m\ngboeDCx6vPXlQxP5XnRArdjnNLnLXnLO3i5LYRFDnOSA/0YisumIW8uMPArX1FTL\nntwrK7E7RtDzwmSU0W7sKrmGJP6bGc6p2EWCDlRsOemEH9LONGdeycsCm5uO5xzE\n/8Lw+spTCXrYloeR0w8zRIkxQjsjN69S7TEizeNJ/T3JSqaAF4kYrTUPMKOzHqpg\nDDFCaSvo2lT5pxzTjEnofGfTJfc5DSaXHZhhiS/tA02+CAqRD28uMnV093lhBxJo\nYQIDAQAB\n-----END PUBLIC KEY-----\n",
                            "rsa_bits": "2048"
                        },
                        "meta": {},
                        "tainted": false
                    },
                    "deposed": [],
                    "provider": "provider.tls"
                }
            },
            "depends_on": []
        },
        {
            "path": [
                "root",
                "infra"
            ],
            "outputs": {
                "bastion_endpoint": {
                    "sensitive": false,
                    "type": "string",
                    "value": "100.24.241.184"
                },
                "bastion_ssh_user": {
                    "sensitive": false,
                    "type": "string",
                    "value": "centos"
                },
                "master_domain": {
                    "sensitive": false,
                    "type": "string",
                    "value": "master.sysmi-openshift.internal"
                },
                "platform_private_key": {
                    "sensitive": true,
                    "type": "string",
                    "value": "-----BEGIN RSA PRIVATE KEY-----\nMIIJKQIBAAKCAgEA0IxGWREN6YxYqhAui/dzpnl1mehDkYHBIvTtVEKDnleBDBDT\nQeuehBj0Y9ATMqJpNvE9r66k6FrajruRQPEyWOLPh8jFIVeRE4hjSLFZKqGUjxX6\nvSRXuW2mrt6NfulN1BkTY1kfCBZCK1YpZ9x+DCjJ6TcZUGbRK4566PvxU5DXQl15\nzaRp3b/9qowKKnd+pcpoz/yN8D1dQm8cws93iWjC1jwcoL+qst/s5a99oTvWgNJu\nbWQe5nWZesUuM9Cp9swGcVsy/C3/Xi1xq8NG/wcnmBafeqTOvNJL1WoX0Qj5Sqzv\nA5MXZMo/c/akmPY8QigmMY7z2aKiMx+eWJgwuvt7g2hVoHDfNYdxdQN+Ta9rg/aK\nNKgXddtC5znVqzxo/Z15rRyF0f8J4/+UhGqOEdr8Ee5AcPoo94V4dEqCKuBgyod5\nvJuJJQBbn6kV7qIAYglq8t3VGcEVKP8TPBZoTqsffj2xmfynU/Xks5+BtFbYIHP9\nGKNcE8E0XUe2b48JixhEl/hGgbeMSifqd2X0bSMlpmuDKFkHC/HbcOIs3C8Ak3y2\nFSpzIxOj4aYQq3ZBeLy75NfLQNok+AyA7FfK1k8HewjVpotcQpVCLdx5QaKu3glo\niDq0nayoPWws3i/prNKNvhTJsu78pB5bCWjkAv2olOBqKHkNAFH4bdLRQsECAwEA\nAQKCAgEAlYgvHMfUsOQX4wCtT2DDhNdMEmnuoNNnt3fk/+idVRirCAq8X2ThiRgX\ni8XzLfgz9tgtAd34kj4qvfMRqH4JOqCOa27yogCWnmnJvqKjK6Ulzx7UZXA8klFk\nFbivvhLs4iqEs1SAopzLHyWtlLINkwxgEh+WwAao7lFAIfQcSm3tWsGJh4DfA8gY\ny4OT+nUp0xh55L/SyjJFv0/KUIjPzi/WnCQH5t7nN1DGHL6jFsu/9yhrU3ZZjac+\nwD/H7BEu/S23ZOoeeaFFnLJ68cyYCF6J7kwyV476SXuEMmba4uBLV1b+HhMG0BcQ\nPkbYKHFOLaV6FUjJ4f/xyzRdpmqhbPVmSfyc9+4wOPTzk6UrrbgWso8AVoTq+XjH\nb2xVqFFMrj9CLdsElmYURPQ8pfQmqy8UozmqYRUv2ViKH+KLTf1cZlZCKm+X4KRP\nidzoPE6FY0dkBciXB1XhHKbZsmy7CeEIR2/y3iFlnFCNjzRiwK9du9gnYCGvudgG\ny9br38XE0p9Uhj/cChOopfGYiFMgsJiw3LaJRqZUo6easJHUa9EcEgVtW9epM7ut\nUxdyXpuaRtwn/jY3fakWbmN2ZEkpsN+76uYrBrfr8MIh4ChjjP3CSZ8sRtKrpE0A\n5gOzMUgsq4H/wkA9I4r7Jk+hCO2RnVwBEowxPq3zFv/Iho8J2EECggEBAOrFuMV9\nq2hPh+9LaOT91g6Muim0yU+vUgr3L1FJrOPDfoQY7OJhH9VLGa+cAcnt8JXFXdBk\ntGZJbmeW4bCHiERhEAFQX9eDh43MyI0n5iS/v3coUlFKiRvOKpmRP+EbP+lM9gPd\nGgIb0K1a+VUF1zvlQPt0XqplqMfpHClO7b9wtPKjpWeUAgmj7NenJzYRB9MA+HhB\npLezh3DVY1iWEPUF55Yui+kU4swq61DPooaRpakIcbEy9Josi486nEFOmp0NASL+\nq+M4An8BE6rOdYXvBD6xYmX+qGd6Z1WV9mAvM+2ROomGxtyV3RMD+Pr7K87ud6Qw\nUrnO7tzG8hsIrLkCggEBAONniVgZa8jsjsfD8G3ZF/L0y0iZOSGPgmfyuJ+RJiuZ\nI0U94OnEzli8HBklTpGhL12F4YiiCMuh37l8TkEpZCVocYOJ1aekciQ46nJQ3ImO\nLkyNqNIpD02f2GXgVcTAVhiqbY1OTA8pOs3iwJr1sZC9aXn3NnjQQ4ABRJA3ilgd\n77Dt8b2R1A1GGNJh3X7LfJQpo+nBQoUEg09BccUH1VAhec9sS6EPN4qfVpIQ3sJY\nUCsNH/jJGbI0tmrS8IpW5LZnOQTVP1D9HV4MT6FrqPudM0liTCmKzOSHEm5LFn35\nBrWVSsLTzxgXOI/4u0l6DxL5KiUtXC1bDnZQDJ9LEkkCggEAeq6+An3MP6MnztVi\nSB+ZZ1sEwVyWwkxEnDRVhq3wackz6MW5rAbDAsvO7WShzqrHSQytHIQzfSwsRHel\nEoGQpOLv4S/mFZHHGUOFHbZW3qdQ32yzr4U6pswSmNM9RV3fBQRRnu1AdQ+h+aUL\nm/GEauk/DufdvD+JdoYLUE7NkHfOJul7OuguNGl0D7FqnSdDJnFgZj8vW0u2oDDy\nTE2HKPNf9Kv4MuHWLojTFRSbwqSDpBQkjUuqZJKYj006cCoqQ52TFX1txzvymfmv\nFFf1M/sWBcjeOZxc1k4xh5jo+ZRRF3kH1OwYKRcrQo+V4Vm1p9oXrTYPVMedLMPN\nqnDbCQKCAQAcCVfVlMzFKOUxm+a4pFtfiO7HNJzmllrtle9NPQgHuAmxL7/bEnie\nWBLexsq5CbZdQXRc9B1BfeOnarv7LK88LXRRU10UHiI0dQ/yqCWIkA8FQTHfN1C7\nsUlsxgvNBimXQOvg0BZwiBTH7XzxnfkWb0Ph1ajRnFu2HHHnlfFoi8hReASl6qTK\nPioxRf+Y8l2ZpsieuUUKQVQvIVJ1iFG0X2w1NpTcdpPSc3Ko74uHSnwX0rZuZdzV\nK8qRwRAG/k+UbYWKIwB7a7mDLuFidXOQEgGQup3JQWOhiUWsc3WCcoFxQcbF3ndZ\n8QL4PSJaHMJfBHk9vCnxLZjK3XOw8ACBAoIBAQCh0kRR6dcIAM2UvZ8qSgV/URao\nzF8Y+Y56uG8M9q4jp5moxwUYFDIEXWat6loVbTbtKVC+ZlZn/Rj0EsZio8DhZWU5\nSLejjXbwdbNEP7fGspCwZR1nnpIJhMtQS84QWVqaYTqf/GZPb3/hILyXWLKpSj2w\njlQXc2Isi6FxvW9mAS5TMLRc1hBS6GjcNg4GNYWdJp1aHZo2D5/VTT6cKsbLdhp3\nyhfJaf++yI0gv49XY5pmbwu/z7Qa56Xfcu/eBhYEiUnoySjSMt0iTgzeSv8Lt+Gt\njVYeBH0cOizOLsAAgZEeG5QU4Q7iwXJS71RudxUFGwmerp1POhHFeeX1knXf\n-----END RSA PRIVATE KEY-----\n"
                },
                "public_lb_arn": {
                    "sensitive": false,
                    "type": "string",
                    "value": "arn:aws:elasticloadbalancing:us-east-1:253007251743:loadbalancer/net/sysmi-openshift-public/a91eb9d1c5a86242"
                }
            },
            "resources": {
                "aws_autoscaling_group.bastion": {
                    "type": "aws_autoscaling_group",
                    "depends_on": [
                        "aws_launch_template.bastion"
                    ],
                    "primary": {
                        "id": "sysmi-openshift-bastion",
                        "attributes": {
                            "arn": "arn:aws:autoscaling:us-east-1:253007251743:autoScalingGroup:e87eebc1-f73a-4f65-b010-d5772e16d9d1:autoScalingGroupName/sysmi-openshift-bastion",
                            "availability_zones.#": "6",
                            "availability_zones.1252502072": "us-east-1f",
                            "availability_zones.1305112097": "us-east-1b",
                            "availability_zones.2762590996": "us-east-1d",
                            "availability_zones.3551460226": "us-east-1e",
                            "availability_zones.3569565595": "us-east-1a",
                            "availability_zones.986537655": "us-east-1c",
                            "default_cooldown": "300",
                            "desired_capacity": "1",
                            "enabled_metrics.#": "0",
                            "force_delete": "false",
                            "health_check_grace_period": "300",
                            "health_check_type": "EC2",
                            "id": "sysmi-openshift-bastion",
                            "launch_configuration": "",
                            "launch_template.#": "1",
                            "launch_template.0.id": "lt-0ffad0a2dcdfa397e",
                            "launch_template.0.name": "sysmi-openshift-bastion-20181127224947502200000002",
                            "launch_template.0.version": "$Latest",
                            "load_balancers.#": "0",
                            "max_size": "1",
                            "metrics_granularity": "1Minute",
                            "min_size": "1",
                            "mixed_instances_policy.#": "0",
                            "name": "sysmi-openshift-bastion",
                            "placement_group": "",
                            "protect_from_scale_in": "false",
                            "service_linked_role_arn": "arn:aws:iam::253007251743:role/aws-service-role/autoscaling.amazonaws.com/AWSServiceRoleForAutoScaling",
                            "suspended_processes.#": "0",
                            "tag.#": "0",
                            "target_group_arns.#": "0",
                            "termination_policies.#": "0",
                            "vpc_zone_identifier.#": "6",
                            "vpc_zone_identifier.1353766668": "subnet-0a71fd2fe0daff6ff",
                            "vpc_zone_identifier.1593031924": "subnet-0fd332ad2dfbf8d7a",
                            "vpc_zone_identifier.2384057722": "subnet-023afb88432122150",
                            "vpc_zone_identifier.26364532": "subnet-01635ba4e27368599",
                            "vpc_zone_identifier.2669484289": "subnet-0f973e1be0df0d660",
                            "vpc_zone_identifier.4084162539": "subnet-07903f22e90dd3a10",
                            "wait_for_capacity_timeout": "10m"
                        },
                        "meta": {
                            "e2bfb730-ecaa-11e6-8f88-34363bc7c4c0": {
                                "delete": 600000000000
                            }
                        },
                        "tainted": false
                    },
                    "deposed": [],
                    "provider": "provider.aws"
                },
                "aws_autoscaling_group.compute_node": {
                    "type": "aws_autoscaling_group",
                    "depends_on": [
                        "aws_launch_template.compute_node"
                    ],
                    "primary": {
                        "id": "sysmi-openshift-compute",
                        "attributes": {
                            "arn": "arn:aws:autoscaling:us-east-1:253007251743:autoScalingGroup:f1144256-d2c0-4df3-9c0c-e4621513876b:autoScalingGroupName/sysmi-openshift-compute",
                            "availability_zones.#": "6",
                            "availability_zones.1252502072": "us-east-1f",
                            "availability_zones.1305112097": "us-east-1b",
                            "availability_zones.2762590996": "us-east-1d",
                            "availability_zones.3551460226": "us-east-1e",
                            "availability_zones.3569565595": "us-east-1a",
                            "availability_zones.986537655": "us-east-1c",
                            "default_cooldown": "300",
                            "desired_capacity": "3",
                            "enabled_metrics.#": "0",
                            "force_delete": "false",
                            "health_check_grace_period": "300",
                            "health_check_type": "EC2",
                            "id": "sysmi-openshift-compute",
                            "launch_configuration": "",
                            "launch_template.#": "1",
                            "launch_template.0.id": "lt-0e03dfce75e9dc881",
                            "launch_template.0.name": "sysmi-openshift-compute-node-20181127225132213800000004",
                            "launch_template.0.version": "$Latest",
                            "load_balancers.#": "0",
                            "max_size": "3",
                            "metrics_granularity": "1Minute",
                            "min_size": "3",
                            "mixed_instances_policy.#": "0",
                            "name": "sysmi-openshift-compute",
                            "placement_group": "",
                            "protect_from_scale_in": "false",
                            "service_linked_role_arn": "arn:aws:iam::253007251743:role/aws-service-role/autoscaling.amazonaws.com/AWSServiceRoleForAutoScaling",
                            "suspended_processes.#": "0",
                            "tag.#": "0",
                            "target_group_arns.#": "0",
                            "termination_policies.#": "0",
                            "vpc_zone_identifier.#": "6",
                            "vpc_zone_identifier.2577353041": "subnet-0fa37bd4e6ffea5f9",
                            "vpc_zone_identifier.2913705947": "subnet-00f51e570e71aa99b",
                            "vpc_zone_identifier.2998259215": "subnet-0a2123ded82373050",
                            "vpc_zone_identifier.729276761": "subnet-0fb1e9c68629bbcaa",
                            "vpc_zone_identifier.85512359": "subnet-00c44eb9d9cbf8550",
                            "vpc_zone_identifier.951261419": "subnet-051c9e5dd5fd9f7ef",
                            "wait_for_capacity_timeout": "10m"
                        },
                        "meta": {
                            "e2bfb730-ecaa-11e6-8f88-34363bc7c4c0": {
                                "delete": 600000000000
                            }
                        },
                        "tainted": false
                    },
                    "deposed": [],
                    "provider": "provider.aws"
                },
                "aws_autoscaling_group.master": {
                    "type": "aws_autoscaling_group",
                    "depends_on": [
                        "aws_elb.master",
                        "aws_launch_template.master",
                        "local.master_infra_target_groups",
                        "local.master_target_groups"
                    ],
                    "primary": {
                        "id": "sysmi-openshift-master",
                        "attributes": {
                            "arn": "arn:aws:autoscaling:us-east-1:253007251743:autoScalingGroup:99db06ae-2cd4-4080-af47-52ebeeb63f7c:autoScalingGroupName/sysmi-openshift-master",
                            "availability_zones.#": "6",
                            "availability_zones.1252502072": "us-east-1f",
                            "availability_zones.1305112097": "us-east-1b",
                            "availability_zones.2762590996": "us-east-1d",
                            "availability_zones.3551460226": "us-east-1e",
                            "availability_zones.3569565595": "us-east-1a",
                            "availability_zones.986537655": "us-east-1c",
                            "default_cooldown": "300",
                            "desired_capacity": "1",
                            "enabled_metrics.#": "0",
                            "force_delete": "false",
                            "health_check_grace_period": "300",
                            "health_check_type": "EC2",
                            "id": "sysmi-openshift-master",
                            "launch_configuration": "",
                            "launch_template.#": "1",
                            "launch_template.0.id": "lt-0ae2e6717298e5dfa",
                            "launch_template.0.name": "sysmi-openshift-master-20181127225132215300000006",
                            "launch_template.0.version": "$Latest",
                            "load_balancers.#": "1",
                            "load_balancers.467958649": "sysmi-openshift-master",
                            "max_size": "1",
                            "metrics_granularity": "1Minute",
                            "min_size": "1",
                            "mixed_instances_policy.#": "0",
                            "name": "sysmi-openshift-master",
                            "placement_group": "",
                            "protect_from_scale_in": "false",
                            "service_linked_role_arn": "arn:aws:iam::253007251743:role/aws-service-role/autoscaling.amazonaws.com/AWSServiceRoleForAutoScaling",
                            "suspended_processes.#": "0",
                            "tag.#": "0",
                            "target_group_arns.#": "3",
                            "target_group_arns.1562723907": "arn:aws:elasticloadbalancing:us-east-1:253007251743:targetgroup/sysmi-openshift-http/dc3579dabef0b9a5",
                            "target_group_arns.1755686508": "arn:aws:elasticloadbalancing:us-east-1:253007251743:targetgroup/sysmi-openshift-master-public/c50ce8db5508727e",
                            "target_group_arns.451923527": "arn:aws:elasticloadbalancing:us-east-1:253007251743:targetgroup/sysmi-openshift-https/a16b4068cb0dbdb7",
                            "termination_policies.#": "0",
                            "vpc_zone_identifier.#": "6",
                            "vpc_zone_identifier.2577353041": "subnet-0fa37bd4e6ffea5f9",
                            "vpc_zone_identifier.2913705947": "subnet-00f51e570e71aa99b",
                            "vpc_zone_identifier.2998259215": "subnet-0a2123ded82373050",
                            "vpc_zone_identifier.729276761": "subnet-0fb1e9c68629bbcaa",
                            "vpc_zone_identifier.85512359": "subnet-00c44eb9d9cbf8550",
                            "vpc_zone_identifier.951261419": "subnet-051c9e5dd5fd9f7ef",
                            "wait_for_capacity_timeout": "10m"
                        },
                        "meta": {
                            "e2bfb730-ecaa-11e6-8f88-34363bc7c4c0": {
                                "delete": 600000000000
                            }
                        },
                        "tainted": false
                    },
                    "deposed": [],
                    "provider": "provider.aws"
                },
                "aws_eip.bastion": {
                    "type": "aws_eip",
                    "depends_on": [],
                    "primary": {
                        "id": "eipalloc-08f37737899e54426",
                        "attributes": {
                            "association_id": "eipassoc-068000c3f029cc67f",
                            "domain": "vpc",
                            "id": "eipalloc-08f37737899e54426",
                            "instance": "i-080399c64f2bc9bd1",
                            "network_interface": "eni-0a9151dcf069edd44",
                            "private_ip": "10.0.104.48",
                            "public_ip": "100.24.241.184",
                            "public_ipv4_pool": "amazon",
                            "tags.%": "3",
                            "tags.Name": "sysmi-openshift-bastion",
                            "tags.Role": "bastion",
                            "tags.kubernetes.io/cluster/sysmi-openshift": "owned",
                            "vpc": "true"
                        },
                        "meta": {
                            "e2bfb730-ecaa-11e6-8f88-34363bc7c4c0": {
                                "delete": 180000000000,
                                "read": 900000000000,
                                "update": 300000000000
                            }
                        },
                        "tainted": false
                    },
                    "deposed": [],
                    "provider": "provider.aws"
                },
                "aws_eip.master": {
                    "type": "aws_eip",
                    "depends_on": [],
                    "primary": {
                        "id": "eipalloc-0ec4c44f1218dde8a",
                        "attributes": {
                            "association_id": "",
                            "domain": "vpc",
                            "id": "eipalloc-0ec4c44f1218dde8a",
                            "instance": "",
                            "network_interface": "",
                            "private_ip": "",
                            "public_ip": "54.159.130.51",
                            "public_ipv4_pool": "amazon",
                            "tags.%": "3",
                            "tags.Name": "sysmi-openshift-master",
                            "tags.Role": "master",
                            "tags.kubernetes.io/cluster/sysmi-openshift": "owned",
                            "vpc": "true"
                        },
                        "meta": {
                            "e2bfb730-ecaa-11e6-8f88-34363bc7c4c0": {
                                "delete": 180000000000,
                                "read": 900000000000,
                                "update": 300000000000
                            }
                        },
                        "tainted": false
                    },
                    "deposed": [],
                    "provider": "provider.aws"
                },
                "aws_elb.master": {
                    "type": "aws_elb",
                    "depends_on": [
                        "aws_security_group.node"
                    ],
                    "primary": {
                        "id": "sysmi-openshift-master",
                        "attributes": {
                            "access_logs.#": "0",
                            "arn": "arn:aws:elasticloadbalancing:us-east-1:253007251743:loadbalancer/sysmi-openshift-master",
                            "availability_zones.#": "6",
                            "availability_zones.1252502072": "us-east-1f",
                            "availability_zones.1305112097": "us-east-1b",
                            "availability_zones.2762590996": "us-east-1d",
                            "availability_zones.3551460226": "us-east-1e",
                            "availability_zones.3569565595": "us-east-1a",
                            "availability_zones.986537655": "us-east-1c",
                            "connection_draining": "true",
                            "connection_draining_timeout": "180",
                            "cross_zone_load_balancing": "true",
                            "dns_name": "internal-sysmi-openshift-master-63917210.us-east-1.elb.amazonaws.com",
                            "health_check.#": "1",
                            "health_check.0.healthy_threshold": "2",
                            "health_check.0.interval": "30",
                            "health_check.0.target": "TCP:8443",
                            "health_check.0.timeout": "3",
                            "health_check.0.unhealthy_threshold": "2",
                            "id": "sysmi-openshift-master",
                            "idle_timeout": "180",
                            "instances.#": "1",
                            "instances.2047059252": "i-017e602f30c121ee3",
                            "internal": "true",
                            "listener.#": "1",
                            "listener.1853457761.instance_port": "8443",
                            "listener.1853457761.instance_protocol": "tcp",
                            "listener.1853457761.lb_port": "8443",
                            "listener.1853457761.lb_protocol": "tcp",
                            "listener.1853457761.ssl_certificate_id": "",
                            "name": "sysmi-openshift-master",
                            "security_groups.#": "1",
                            "security_groups.2472090960": "sg-084574bcd7a07207f",
                            "source_security_group": "253007251743/sysmi-openshift-node",
                            "source_security_group_id": "sg-084574bcd7a07207f",
                            "subnets.#": "6",
                            "subnets.2577353041": "subnet-0fa37bd4e6ffea5f9",
                            "subnets.2913705947": "subnet-00f51e570e71aa99b",
                            "subnets.2998259215": "subnet-0a2123ded82373050",
                            "subnets.729276761": "subnet-0fb1e9c68629bbcaa",
                            "subnets.85512359": "subnet-00c44eb9d9cbf8550",
                            "subnets.951261419": "subnet-051c9e5dd5fd9f7ef",
                            "tags.%": "2",
                            "tags.Name": "sysmi-openshift-master",
                            "tags.kubernetes.io/cluster/sysmi-openshift": "owned",
                            "zone_id": "Z35SXDOTRQ7X7K"
                        },
                        "meta": {},
                        "tainted": false
                    },
                    "deposed": [],
                    "provider": "provider.aws"
                },
                "aws_iam_instance_profile.bastion": {
                    "type": "aws_iam_instance_profile",
                    "depends_on": [
                        "aws_iam_role.bastion"
                    ],
                    "primary": {
                        "id": "sysmi-openshift-bastion-profile",
                        "attributes": {
                            "arn": "arn:aws:iam::253007251743:instance-profile/sysmi-openshift-bastion-profile",
                            "create_date": "2018-11-27T22:38:54Z",
                            "id": "sysmi-openshift-bastion-profile",
                            "name": "sysmi-openshift-bastion-profile",
                            "path": "/",
                            "role": "sysmi-openshift-bastion-role",
                            "roles.#": "1",
                            "roles.70455635": "sysmi-openshift-bastion-role",
                            "unique_id": "AIPAJVR5AKZXW5V55ZC44"
                        },
                        "meta": {},
                        "tainted": false
                    },
                    "deposed": [],
                    "provider": "provider.aws"
                },
                "aws_iam_instance_profile.compute_node": {
                    "type": "aws_iam_instance_profile",
                    "depends_on": [
                        "aws_iam_role.compute_node"
                    ],
                    "primary": {
                        "id": "sysmi-openshift-compute-profile",
                        "attributes": {
                            "arn": "arn:aws:iam::253007251743:instance-profile/sysmi-openshift-compute-profile",
                            "create_date": "2018-11-27T22:38:54Z",
                            "id": "sysmi-openshift-compute-profile",
                            "name": "sysmi-openshift-compute-profile",
                            "path": "/",
                            "role": "sysmi-openshift-compute-node-role",
                            "roles.#": "1",
                            "roles.1117604270": "sysmi-openshift-compute-node-role",
                            "unique_id": "AIPAIW47JKUDXJJYTV2DU"
                        },
                        "meta": {},
                        "tainted": false
                    },
                    "deposed": [],
                    "provider": "provider.aws"
                },
                "aws_iam_instance_profile.master": {
                    "type": "aws_iam_instance_profile",
                    "depends_on": [
                        "aws_iam_role.master"
                    ],
                    "primary": {
                        "id": "sysmi-openshift-master-profile",
                        "attributes": {
                            "arn": "arn:aws:iam::253007251743:instance-profile/sysmi-openshift-master-profile",
                            "create_date": "2018-11-27T22:38:54Z",
                            "id": "sysmi-openshift-master-profile",
                            "name": "sysmi-openshift-master-profile",
                            "path": "/",
                            "role": "sysmi-openshift-master-role",
                            "roles.#": "1",
                            "roles.3330236187": "sysmi-openshift-master-role",
                            "unique_id": "AIPAJATNJ25SDINL6VIM6"
                        },
                        "meta": {},
                        "tainted": false
                    },
                    "deposed": [],
                    "provider": "provider.aws"
                },
                "aws_iam_role.bastion": {
                    "type": "aws_iam_role",
                    "depends_on": [
                        "data.aws_iam_policy_document.ec2"
                    ],
                    "primary": {
                        "id": "sysmi-openshift-bastion-role",
                        "attributes": {
                            "arn": "arn:aws:iam::253007251743:role/sysmi-openshift-bastion-role",
                            "assume_role_policy": "{\"Version\":\"2012-10-17\",\"Statement\":[{\"Sid\":\"\",\"Effect\":\"Allow\",\"Principal\":{\"Service\":\"ec2.amazonaws.com\"},\"Action\":\"sts:AssumeRole\"}]}",
                            "create_date": "2018-11-27T22:38:52Z",
                            "description": "",
                            "force_detach_policies": "false",
                            "id": "sysmi-openshift-bastion-role",
                            "max_session_duration": "3600",
                            "name": "sysmi-openshift-bastion-role",
                            "path": "/",
                            "tags.%": "0",
                            "unique_id": "AROAIYE45A2M6RJT2AZ4O"
                        },
                        "meta": {},
                        "tainted": false
                    },
                    "deposed": [],
                    "provider": "provider.aws"
                },
                "aws_iam_role.compute_node": {
                    "type": "aws_iam_role",
                    "depends_on": [
                        "data.aws_iam_policy_document.ec2"
                    ],
                    "primary": {
                        "id": "sysmi-openshift-compute-node-role",
                        "attributes": {
                            "arn": "arn:aws:iam::253007251743:role/sysmi-openshift-compute-node-role",
                            "assume_role_policy": "{\"Version\":\"2012-10-17\",\"Statement\":[{\"Sid\":\"\",\"Effect\":\"Allow\",\"Principal\":{\"Service\":\"ec2.amazonaws.com\"},\"Action\":\"sts:AssumeRole\"}]}",
                            "create_date": "2018-11-27T22:38:52Z",
                            "description": "",
                            "force_detach_policies": "false",
                            "id": "sysmi-openshift-compute-node-role",
                            "max_session_duration": "3600",
                            "name": "sysmi-openshift-compute-node-role",
                            "path": "/",
                            "tags.%": "0",
                            "unique_id": "AROAJQNYCSEG2SXUJIXZ4"
                        },
                        "meta": {},
                        "tainted": false
                    },
                    "deposed": [],
                    "provider": "provider.aws"
                },
                "aws_iam_role.master": {
                    "type": "aws_iam_role",
                    "depends_on": [
                        "data.aws_iam_policy_document.ec2"
                    ],
                    "primary": {
                        "id": "sysmi-openshift-master-role",
                        "attributes": {
                            "arn": "arn:aws:iam::253007251743:role/sysmi-openshift-master-role",
                            "assume_role_policy": "{\"Version\":\"2012-10-17\",\"Statement\":[{\"Sid\":\"\",\"Effect\":\"Allow\",\"Principal\":{\"Service\":\"ec2.amazonaws.com\"},\"Action\":\"sts:AssumeRole\"}]}",
                            "create_date": "2018-11-27T22:38:52Z",
                            "description": "",
                            "force_detach_policies": "false",
                            "id": "sysmi-openshift-master-role",
                            "max_session_duration": "3600",
                            "name": "sysmi-openshift-master-role",
                            "path": "/",
                            "tags.%": "0",
                            "unique_id": "AROAJPOQ23HXOPJMZPKBM"
                        },
                        "meta": {},
                        "tainted": false
                    },
                    "deposed": [],
                    "provider": "provider.aws"
                },
                "aws_iam_role_policy.bastion": {
                    "type": "aws_iam_role_policy",
                    "depends_on": [
                        "aws_iam_role.bastion",
                        "data.aws_iam_policy_document.bastion"
                    ],
                    "primary": {
                        "id": "sysmi-openshift-bastion-role:sysmi-openshift-bastion-policy",
                        "attributes": {
                            "id": "sysmi-openshift-bastion-role:sysmi-openshift-bastion-policy",
                            "name": "sysmi-openshift-bastion-policy",
                            "policy": "{\n  \"Version\": \"2012-10-17\",\n  \"Statement\": [\n    {\n      \"Sid\": \"\",\n      \"Effect\": \"Allow\",\n      \"Action\": [\n        \"ssm:UpdateInstanceInformation\",\n        \"ssm:UpdateInstanceAssociationStatus\",\n        \"ssm:UpdateAssociationStatus\",\n        \"ssm:PutInventory\",\n        \"ssm:PutConfigurePackageResult\",\n        \"ssm:PutComplianceItems\",\n        \"ssm:ListInstanceAssociations\",\n        \"ssm:ListAssociations\",\n        \"ssm:GetParameters\",\n        \"ssm:GetManifest\",\n        \"ssm:GetDocument\",\n        \"ssm:GetDeployablePatchSnapshotForInstance\",\n        \"ssm:DescribeAssociation\"\n      ],\n      \"Resource\": \"*\"\n    },\n    {\n      \"Sid\": \"\",\n      \"Effect\": \"Allow\",\n      \"Action\": [\n        \"ec2messages:SendReply\",\n        \"ec2messages:GetMessages\",\n        \"ec2messages:GetEndpoint\",\n        \"ec2messages:FailMessage\",\n        \"ec2messages:DeleteMessage\",\n        \"ec2messages:AcknowledgeMessage\"\n      ],\n      \"Resource\": \"*\"\n    },\n    {\n      \"Sid\": \"\",\n      \"Effect\": \"Allow\",\n      \"Action\": \"cloudwatch:PutMetricData\",\n      \"Resource\": \"*\"\n    },\n    {\n      \"Sid\": \"\",\n      \"Effect\": \"Allow\",\n      \"Action\": \"ec2:Describe*\",\n      \"Resource\": \"*\"\n    },\n    {\n      \"Sid\": \"\",\n      \"Effect\": \"Allow\",\n      \"Action\": [\n        \"ec2:AssociateAddress\",\n        \"ec2:AllocateAddress\"\n      ],\n      \"Resource\": \"*\"\n    },\n    {\n      \"Sid\": \"\",\n      \"Effect\": \"Allow\",\n      \"Action\": [\n        \"ec2:TerminateInstances\",\n        \"ec2:StopInstances\",\n        \"ec2:RunInstances\",\n        \"ec2:RegisterImage\",\n        \"ec2:ModifySnapshotAttribute\",\n        \"ec2:ModifyInstanceAttribute\",\n        \"ec2:ModifyImageAttribute\",\n        \"ec2:GetPasswordData\",\n        \"ec2:DetachVolume\",\n        \"ec2:DescribeVolumes\",\n        \"ec2:DescribeTags\",\n        \"ec2:DescribeSubnets\",\n        \"ec2:DescribeSnapshots\",\n        \"ec2:DescribeSecurityGroups\",\n        \"ec2:DescribeRegions\",\n        \"ec2:DescribeInstances\",\n        \"ec2:DescribeImages\",\n        \"ec2:DescribeImageAttribute\",\n        \"ec2:DeregisterImage\",\n        \"ec2:DeleteVolume\",\n        \"ec2:DeleteSnapshot\",\n        \"ec2:DeleteSecurityGroup\",\n        \"ec2:DeleteKeyPair\",\n        \"ec2:CreateVolume\",\n        \"ec2:CreateTags\",\n        \"ec2:CreateSnapshot\",\n        \"ec2:CreateSecurityGroup\",\n        \"ec2:CreateKeypair\",\n        \"ec2:CreateImage\",\n        \"ec2:CopyImage\",\n        \"ec2:AuthorizeSecurityGroupIngress\",\n        \"ec2:AttachVolume\"\n      ],\n      \"Resource\": \"*\"\n    },\n    {\n      \"Sid\": \"\",\n      \"Effect\": \"Allow\",\n      \"Action\": [\n        \"ds:DescribeDirectories\",\n        \"ds:CreateComputer\"\n      ],\n      \"Resource\": \"*\"\n    },\n    {\n      \"Sid\": \"\",\n      \"Effect\": \"Allow\",\n      \"Action\": [\n        \"logs:PutLogEvents\",\n        \"logs:DescribeLogStreams\",\n        \"logs:DescribeLogGroups\",\n        \"logs:CreateLogStream\",\n        \"logs:CreateLogGroup\"\n      ],\n      \"Resource\": \"*\"\n    },\n    {\n      \"Sid\": \"\",\n      \"Effect\": \"Allow\",\n      \"Action\": [\n        \"s3:PutObject\",\n        \"s3:ListMultipartUploadParts\",\n        \"s3:ListBucketMultipartUploads\",\n        \"s3:ListBucket\",\n        \"s3:GetObject\",\n        \"s3:AbortMultipartUpload\"\n      ],\n      \"Resource\": \"*\"\n    }\n  ]\n}",
                            "role": "sysmi-openshift-bastion-role"
                        },
                        "meta": {},
                        "tainted": false
                    },
                    "deposed": [],
                    "provider": "provider.aws"
                },
                "aws_iam_role_policy.compute_node": {
                    "type": "aws_iam_role_policy",
                    "depends_on": [
                        "aws_iam_role.compute_node",
                        "data.aws_iam_policy_document.compute_node"
                    ],
                    "primary": {
                        "id": "sysmi-openshift-compute-node-role:sysmi-openshift-compute-node-policy",
                        "attributes": {
                            "id": "sysmi-openshift-compute-node-role:sysmi-openshift-compute-node-policy",
                            "name": "sysmi-openshift-compute-node-policy",
                            "policy": "{\n  \"Version\": \"2012-10-17\",\n  \"Statement\": [\n    {\n      \"Sid\": \"\",\n      \"Effect\": \"Allow\",\n      \"Action\": [\n        \"ssm:GetDocument\",\n        \"elasticloadbalancing:*\",\n        \"ec2:DetachVolume\",\n        \"ec2:AttachVolume\",\n        \"ec2:*\"\n      ],\n      \"Resource\": \"*\"\n    }\n  ]\n}",
                            "role": "sysmi-openshift-compute-node-role"
                        },
                        "meta": {},
                        "tainted": false
                    },
                    "deposed": [],
                    "provider": "provider.aws"
                },
                "aws_iam_role_policy.master": {
                    "type": "aws_iam_role_policy",
                    "depends_on": [
                        "aws_iam_role.master",
                        "data.aws_iam_policy_document.master"
                    ],
                    "primary": {
                        "id": "sysmi-openshift-master-role:sysmi-openshift-master-policy",
                        "attributes": {
                            "id": "sysmi-openshift-master-role:sysmi-openshift-master-policy",
                            "name": "sysmi-openshift-master-policy",
                            "policy": "{\n  \"Version\": \"2012-10-17\",\n  \"Statement\": [\n    {\n      \"Sid\": \"\",\n      \"Effect\": \"Allow\",\n      \"Action\": [\n        \"ssm:GetDocument\",\n        \"sns:ListTopics\",\n        \"sns:ListSubscriptionsByTopic\",\n        \"s3:ListBucket\",\n        \"s3:GetBucketWebsite\",\n        \"s3:GetBucketLocation\",\n        \"route53domains:*\",\n        \"route53:*\",\n        \"elasticloadbalancing:DescribeLoadBalancers\",\n        \"elasticloadbalancing:*\",\n        \"elasticbeanstalk:DescribeEnvironments\",\n        \"ec2:DetachVolume\",\n        \"ec2:DescribeVpcs\",\n        \"ec2:DescribeRegions\",\n        \"ec2:AttachVolume\",\n        \"ec2:*\",\n        \"cloudwatch:GetMetricStatistics\",\n        \"cloudwatch:DescribeAlarms\",\n        \"cloudfront:ListDistributions\"\n      ],\n      \"Resource\": \"*\"\n    }\n  ]\n}",
                            "role": "sysmi-openshift-master-role"
                        },
                        "meta": {},
                        "tainted": false
                    },
                    "deposed": [],
                    "provider": "provider.aws"
                },
                "aws_key_pair.platform": {
                    "type": "aws_key_pair",
                    "depends_on": [
                        "data.tls_public_key.platform"
                    ],
                    "primary": {
                        "id": "sysmi-openshift",
                        "attributes": {
                            "fingerprint": "f9:83:88:be:ca:48:c3:12:f7:f2:2d:d1:a9:01:a2:fe",
                            "id": "sysmi-openshift",
                            "key_name": "sysmi-openshift",
                            "public_key": "ssh-rsa AAAAB3NzaC1yc2EAAAADAQABAAACAQDQjEZZEQ3pjFiqEC6L93OmeXWZ6EORgcEi9O1UQoOeV4EMENNB656EGPRj0BMyomk28T2vrqToWtqOu5FA8TJY4s+HyMUhV5ETiGNIsVkqoZSPFfq9JFe5baau3o1+6U3UGRNjWR8IFkIrViln3H4MKMnpNxlQZtErjnro+/FTkNdCXXnNpGndv/2qjAoqd36lymjP/I3wPV1CbxzCz3eJaMLWPBygv6qy3+zlr32hO9aA0m5tZB7mdZl6xS4z0Kn2zAZxWzL8Lf9eLXGrw0b/ByeYFp96pM680kvVahfRCPlKrO8Dkxdkyj9z9qSY9jxCKCYxjvPZoqIzH55YmDC6+3uDaFWgcN81h3F1A35Nr2uD9oo0qBd120LnOdWrPGj9nXmtHIXR/wnj/5SEao4R2vwR7kBw+ij3hXh0SoIq4GDKh3m8m4klAFufqRXuogBiCWry3dUZwRUo/xM8FmhOqx9+PbGZ/KdT9eSzn4G0Vtggc/0Yo1wTwTRdR7ZvjwmLGESX+EaBt4xKJ+p3ZfRtIyWma4MoWQcL8dtw4izcLwCTfLYVKnMjE6PhphCrdkF4vLvk18tA2iT4DIDsV8rWTwd7CNWmi1xClUIt3HlBoq7eCWiIOrSdrKg9bCzeL+ms0o2+FMmy7vykHlsJaOQC/aiU4GooeQ0AUfht0tFCwQ=="
                        },
                        "meta": {
                            "schema_version": "1"
                        },
                        "tainted": false
                    },
                    "deposed": [],
                    "provider": "provider.aws"
                },
                "aws_launch_template.bastion": {
                    "type": "aws_launch_template",
                    "depends_on": [
                        "aws_iam_instance_profile.bastion",
                        "aws_key_pair.platform",
                        "aws_security_group.bastion",
                        "data.template_file.bastion_init",
                        "local.base_image_id",
                        "local.base_image_root_device_name"
                    ],
                    "primary": {
                        "id": "lt-0ffad0a2dcdfa397e",
                        "attributes": {
                            "arn": "arn:aws:ec2:us-east-1:253007251743:launch-template/lt-0ffad0a2dcdfa397e",
                            "block_device_mappings.#": "1",
                            "block_device_mappings.0.device_name": "/dev/sda1",
                            "block_device_mappings.0.ebs.#": "1",
                            "block_device_mappings.0.ebs.0.delete_on_termination": "",
                            "block_device_mappings.0.ebs.0.encrypted": "",
                            "block_device_mappings.0.ebs.0.iops": "0",
                            "block_device_mappings.0.ebs.0.kms_key_id": "",
                            "block_device_mappings.0.ebs.0.snapshot_id": "",
                            "block_device_mappings.0.ebs.0.volume_size": "32",
                            "block_device_mappings.0.ebs.0.volume_type": "",
                            "block_device_mappings.0.no_device": "",
                            "block_device_mappings.0.virtual_name": "",
                            "capacity_reservation_specification.#": "0",
                            "credit_specification.#": "0",
                            "default_version": "1",
                            "disable_api_termination": "false",
                            "ebs_optimized": "",
                            "elastic_gpu_specifications.#": "0",
                            "iam_instance_profile.#": "1",
                            "iam_instance_profile.0.arn": "arn:aws:iam::253007251743:instance-profile/sysmi-openshift-bastion-profile",
                            "iam_instance_profile.0.name": "",
                            "id": "lt-0ffad0a2dcdfa397e",
                            "image_id": "ami-9887c6e7",
                            "instance_initiated_shutdown_behavior": "",
                            "instance_market_options.#": "0",
                            "instance_type": "t2.medium",
                            "kernel_id": "",
                            "key_name": "sysmi-openshift",
                            "latest_version": "5",
                            "monitoring.#": "0",
                            "name": "sysmi-openshift-bastion-20181127224947502200000002",
                            "name_prefix": "sysmi-openshift-bastion-",
                            "network_interfaces.#": "0",
                            "placement.#": "0",
                            "ram_disk_id": "",
                            "security_group_names.#": "0",
                            "tag_specifications.#": "1",
                            "tag_specifications.0.resource_type": "instance",
                            "tag_specifications.0.tags.%": "3",
                            "tag_specifications.0.tags.Name": "sysmi-openshift-bastion",
                            "tag_specifications.0.tags.Role": "bastion",
                            "tag_specifications.0.tags.kubernetes.io/cluster/sysmi-openshift": "owned",
                            "tags.%": "0",
                            "user_data": "I2Nsb3VkLWNvbmZpZwpvdXRwdXQ6IHsgYWxsOiAifCB0ZWUgLWEgL3Zhci9sb2cvY2xvdWQtaW5pdC1vdXRwdXQubG9nIiB9CndyaXRlX2ZpbGVzOgotICAgY29udGVudDogTFMwdExTMUNSVWRKVGlCU1UwRWdVRkpKVmtGVVJTQkxSVmt0TFMwdExRcE5TVWxLUzFGSlFrRkJTME5CWjBWQk1FbDRSMWRTUlU0MldYaFpjV2hCZFdrdlpIcHdibXd4YldWb1JHdFpTRUpKZGxSMFZrVkxSRzVzWlVKRVFrUlVDbEZsZFdWb1Ftb3dXVGxCVkUxeFNuQk9ka1U1Y2pZMmF6WkdjbUZxY25WU1VWQkZlVmRQVEZCb09HcEdTVlpsVWtVMGFHcFRURVphUzNGSFZXcDRXRFlLZGxOU1dIVlhNbTF5ZERaT1puVnNUakZDYTFSWk1XdG1RMEphUTBzeFdYQmFPWGdyUkVOcVNqWlVZMXBWUjJKU1N6UTFOalpRZG5oVk5VUllVV3d4TlFwNllWSndNMkl2T1hGdmQwdExibVFyY0dOd2Izb3ZlVTQ0UkRGa1VXMDRZM2R6T1ROcFYycERNV3AzWTI5TUszRnpkQzl6TldFNU9XOVVkbGRuVGtwMUNtSlhVV1UxYmxkYVpYTlZkVTA1UTNBNWMzZEhZMVp6ZVM5RE15OVlhVEY0Y1RoT1J5OTNZMjV0UW1GbVpYRlVUM1pPU2t3eFYyOVlNRkZxTlZOeGVuWUtRVFZOV0ZwTmJ5OWpMMkZyYlZCWk9GRnBaMjFOV1RkNk1tRkxhVTE0SzJWWFNtZDNkWFowTjJjeWFGWnZTRVJtVGxsa2VHUlJUaXRVWVRseVp5OWhTd3BPUzJkWVpHUjBRelY2YmxaeGVuaHZMMW94TlhKU2VVWXdaamhLTkM4clZXaEhjVTlGWkhJNFJXVTFRV05RYjI4NU5GWTBaRVZ4UTB0MVFtZDViMlExQ25aS2RVcEtVVUppYmpaclZqZHhTVUZaWjJ4eE9IUXpWa2RqUlZaTFVEaFVVRUphYjFSeGMyWm1hako0YldaNWJsVXZXR3R6TlN0Q2RFWmlXVWxJVURrS1IwdE9ZMFU0UlRCWVZXVXlZalE0U21sNGFFVnNMMmhIWjJKbFRWTnBabkZrTWxnd1lsTk5iSEJ0ZFVSTFJtdElReTlJWW1OUFNYTXpRemhCYXpONU1ncEdVM0I2U1hoUGFqUmhXVkZ4TTFwQ1pVeDVOelZPWmt4UlRtOXJLMEY1UVRkR1prc3hhemhJWlhkcVZuQnZkR05SY0ZaRFRHUjROVkZoUzNVeloyeHZDbWxFY1RCdVlYbHZVRmQzY3pOcEwzQnlUa3RPZG1oVVNuTjFOemh3UWpWaVExZHFhMEYyTW05c1QwSnhTMGhyVGtGR1NEUmlaRXhTVVhORlEwRjNSVUVLUVZGTFEwRm5SVUZzV1dkMlNFMW1WWE5QVVZnMGQwTjBWREpFUkdoT1pFMUZiVzUxYjA1T2JuUXpabXN2SzJsa1ZsSnBja05CY1RoWU1sUm9hVkpuV0FwcE9GaDZUR1puZWpsMFozUkJaRE0wYTJvMGNYWm1UVkp4U0RSS1QzRkRUMkV5TjNsdlowTlhibTF1U25aeFMycExObFZzZW5nM1ZWcFlRVGhyYkVackNrWmlhWFoyYUV4ek5HbHhSWE14VTBGdmNIcE1TSGxYZEd4TVNVNXJkM2huUldnclYzZEJZVzgzYkVaQlNXWlJZMU50TTNSWGMwZEthRFJFWmtFNFoxa0tlVFJQVkN0dVZYQXdlR2cxTlV3dlUzbHFTa1oyTUM5TFZVbHFVSHBwTDFkdVExRklOWFEzYms0eFJFZElURFpxUm5OMUx6bDVhSEpWTTFwYWFtRmpLd3AzUkM5SU4wSkZkUzlUTWpOYVQyOWxaV0ZHUm01TVNqWTRZM2xaUTBZMlNqZHJkM2xXTkRjMlUxaDFSVTF0WW1FMGRVSk1WakZpSzBob1RVY3dRbU5SQ2xCcllsbExTRVpQVEdGV05rWlZha28wWmk5NGVYcFNaSEJ0Y1doaVVGWnRVMlo1WXprck5IZFBVRlI2YXpaVmNuSmlaMWR6YnpoQlZtOVVjU3RZYWtnS1lqSjRWbkZHUmsxeWFqbERUR1J6Uld4dFdWVlNVRkU0Y0daUmJYRjVPRlZ2ZW0xeFdWSlZkakpXYVV0SUswdE1WR1l4WTFwc1drTkxiU3RZTkV0U1VBcHBaSHB2VUVVMlJsa3daR3RDWTJsWVFqRllhRWhMWWxwemJYazNRMlZGU1ZJeUwza3phVVpzYmtaRFRtcDZVbWwzU3psa2RUbG5ibGxEUjNaMVpHZEhDbms1WW5Jek9GaEZNSEE1VldocUwyTkRhRTl2Y0daSFdXbEdUV2R6U21sM00weGhTbEp4V2xWdk5tVmhjMHBJVldFNVJXTkZaMVowVnpsbGNFMDNkWFFLVlhoa2VWaHdkV0ZTZEhkdUwycFpNMlpoYTFkaWJVNHlXa1ZyY0hOT0t6YzJkVmx5UW5KbWNqaE5TV2cwUTJocWFsQXpRMU5hT0hOU2RFdHljRVV3UVFvMVowOTZUVlZuYzNFMFNDOTNhMEU1U1RSeU4wcHJLMmhEVHpKU2JsWjNRa1Z2ZDNoUWNUTjZSbll2U1dodk9Fb3lSVVZEWjJkRlFrRlBja1oxVFZZNUNuRXlhRkJvS3psTVlVOVVPVEZuTmsxMWFXMHdlVlVyZGxWbmNqTk1NVVpLY2s5UVJHWnZVVmszVDBwb1NEbFdURWRoSzJOQlkyNTBPRXBZUmxoa1Ftc0tkRWRhU21KdFpWYzBZa05JYVVWU2FFVkJSbEZZT1dWRWFEUXpUWGxKTUc0MWFWTXZkak5qYjFWc1JrdHBVblpQUzNCdFVsQXJSV0pRSzJ4Tk9XZFFaQXBIWjBsaU1Fc3hZU3RXVlVZeGVuWnNVVkIwTUZoeGNHeHhUV1p3U0VOc1R6ZGlPWGQwVUV0cWNGZGxWVUZuYldvM1RtVnVTbnBaVWtJNVRVRXJTR2hDQ25CTVpYcG9NMFJXV1RGcFYwVlFWVVkxTlZsMWFTdHJWVFJ6ZDNFMk1VUlFiMjloVW5CaGEwbGpZa1Y1T1VwdmMyazBPRFp1UlVaUGJYQXdUa0ZUVENzS2NTdE5ORUZ1T0VKRk5uSlBaRmxZZGtKRU5uaFpiVmdyY1Vka05sb3hWMVk1YlVGMlRTc3lVazl2YlVkNGRIbFdNMUpOUkN0UWNqZExPRGQxWkRaUmR3cFZjbTVQTjNSNlJ6aG9jMGx5VEd0RFoyZEZRa0ZQVG01cFZtZGFZVGhxYzJwelprUTRSek5hUmk5TU1Ia3dhVnBQVTBkUVoyMW1lWFZLSzFKS2FYVmFDa2t3VlRrMFQyNUZlbXhwT0VoQ2EyeFVjRWRvVERFeVJqUlphV2xEVFhWb016ZHNPRlJyUlhCYVExWnZZMWxQU2pGaFpXdGphVkUwTm01S1VUTkpiVThLVEd0NVRuRk9TWEJFTURKbU1rZFlaMVpqVkVGV2FHbHhZbGt4VDFSQk9IQlBjek5wZDBweU1YTmFRemxoV0c0elRtNXFVVkUwUVVKU1NrRXphV3huWkFvM04wUjBPR0l5VWpGQk1VZEhUa3BvTTFnM1RHWktVWEJ2SzI1Q1VXOVZSV2N3T1VKalkxVklNVlpCYUdWak9YTlROa1ZRVGpSeFpsWndTVkV6YzBwWkNsVkRjMDVJTDJwS1IySkpNSFJ0Y2xNNFNYQlhOVXhhYms5UlZGWlFNVVE1U0ZZMFRWUTJSbkp4VUhWa1RUQnNhVlJEYlV0NlQxTklSVzAxVEVadU16VUtRbkpYVmxOelRGUjZlR2RZVDBrdk5IVXdiRFpFZUV3MVMybFZkRmhETVdKRWJscFJSRW81VEVWcmEwTm5aMFZCWlhFMkswRnVNMDFRTmsxdWVuUldhUXBUUWl0YVdqRnpSWGRXZVZkM2EzaEZia1JTVm1oeE0zZGhZMnQ2TmsxWE5YSkJZa1JCYzNaUE4xZFRhSHB4Y2toVFVYbDBTRWxSZW1aVGQzTlNTR1ZzQ2tWdlIxRndUMHgyTkZNdmJVWmFTRWhIVlU5R1NHSmFWek54WkZFek1ubDZjalJWTm5CemQxTnRUazA1VWxZelprSlJVbEp1ZFRGQlpGRXJhQ3RoVlV3S2JTOUhSV0YxYXk5RWRXWmtka1FyU21SdldVeFZSVGRPYTBobVQwcDFiRGRQZFdkMVRrZHNNRVEzUm5GdVUyUkVTbTVHWjFwcU9IWlhNSFV5YjBSRWVRcFVSVEpJUzFCT1pqbExkalJOZFVoWFRHOXFWRVpTVTJKM2NWTkVjRUpSYTJwVmRYRmFTa3RaYWpBd05tTkRiM0ZSTlRKVVJsZ3hkSGg2ZG5sdFptMTJDa1pHWmpGTkwzTlhRbU5xWlU5YWVHTXhhelI0YURWcWJ5dGFVbEpHTTJ0SU1VOTNXVXRTWTNKUmJ5dFdORlp0TVhBNWIxaHlWRmxRVmsxbFpFeE5VRTRLY1c1RVlrTlJTME5CVVVGalExWm1WbXhOZWtaTFQxVjRiU3RoTkhCR2RHWnBUemRJVGtwNmJXeHNjblJzWlRsT1VGRm5TSFZCYlhoTU55OWlSVzVwWlFwWFFreGxlSE54TlVOaVdtUlJXRkpqT1VJeFFtWmxUMjVoY25ZM1RFczRPRXhZVWxKVk1UQlZTR2xKTUdSUkwzbHhRMWRKYTBFNFJsRlVTR1pPTVVNM0NuTlZiSE40WjNaT1FtbHRXRkZQZG1jd1FscDNhVUpVU0RkWWVuaHVabXRYWWpCUWFERmhhbEp1Um5VeVNFaElibXhtUm05cE9HaFNaVUZUYkRaeFZFc0tVR2x2ZUZKbUsxazRiREphY0hOcFpYVlZWVXRSVmxGMlNWWktNV2xHUnpCWU1uY3hUbkJVWTJSd1VGTmpNMHR2TnpSMVNGTnVkMWd3Y2xwMVdtUjZWZ3BMT0hGU2QxSkJSeTlySzFWaVdWZExTWGRDTjJFM2JVUk1kVVpwWkZoUFVVVm5SMUYxY0ROS1VWZFBhR2xWVjNOak0xZERZMjlHZUZGallrWXpibVJhQ2poUlREUlFVMHBoU0UxS1prSklhemwyUTI1NFRGcHFTek5ZVDNjNFFVTkNRVzlKUWtGUlEyZ3dhMUpTTm1SalNVRk5NbFYyV2poeFUyZFdMMVZTWVc4S2VrWTRXU3RaTlRaMVJ6aE5PWEUwYW5BMWJXOTRkMVZaUmtSSlJWaFhZWFEyYkc5V1lsUmlkRXRXUXl0YWJGcHVMMUpxTUVWeldtbHZPRVJvV2xkVk5RcFRUR1ZxYWxoaWQyUmlUa1ZRTjJaSGMzQkRkMXBTTVc1dWNFbEthRTEwVVZNNE5GRlhWbkZoV1ZSeFppOUhXbEJpTXk5b1NVeDVXRmRNUzNCVGFqSjNDbXBzVVZoak1rbHphVFpHZUhaWE9XMUJVelZVVFV4U1l6Rm9RbE0yUjJwalRtYzBSMDVaVjJSS2NERmhTRnB2TWtRMUwxWlVWRFpqUzNOaVRHUm9jRE1LZVdobVNtRm1LeXQ1U1RCbmRqUTVXRmsxY0cxaWQzVXZlamRSWVRVMldHWmpkUzlsUW1oWlJXbFZibTk1VTJwVFRYUXdhVlJuZW1WVGRqaE1kQ3RIZEFwcVZsbGxRa2d3WTA5cGVrOU1jMEZCWjFwRlpVYzFVVlUwVVRkcGQxaEtVemN4VW5Wa2VGVkdSM2R0WlhKd01WQlBhRWhHWldWWU1XdHVXR1lLTFMwdExTMUZUa1FnVWxOQklGQlNTVlpCVkVVZ1MwVlpMUzB0TFMwSwogICAgZW5jb2Rpbmc6IGJhc2U2NAogICAgcGF0aDogL3Jvb3QvcGxhdGZvcm1faWRfcnNhCiAgICBwZXJtaXNzaW9uczogJzA2MDAnCi0gIGNvbnRlbnQ6IHwKICAgICMhL2Jpbi9iYXNoIC1leAogICAgUkVHSU9OPWBjdXJsIC1zIGh0dHA6Ly8xNjkuMjU0LjE2OS4yNTQvbGF0ZXN0L2R5bmFtaWMvaW5zdGFuY2UtaWRlbnRpdHkvZG9jdW1lbnQgfGdyZXAgcmVnaW9ufGF3ayAtRlwiICd7cHJpbnQgJDR9J2AKICAgIGV4cG9ydCBBV1NfREVGQVVMVF9SRUdJT049JHtSRUdJT059CiAgICBJTlNUQU5DRV9JRD1gY3VybCBodHRwOi8vMTY5LjI1NC4xNjkuMjU0L2xhdGVzdC9tZXRhLWRhdGEvaW5zdGFuY2UtaWRgCiAgICBmb3IgQUxMT0NfSUQgaW4gYGF3cyBlYzIgZGVzY3JpYmUtYWRkcmVzc2VzIC0tZmlsdGVyICJOYW1lPWRvbWFpbixWYWx1ZXM9dnBjIiAiTmFtZT10YWc6Um9sZSxWYWx1ZXM9YmFzdGlvbiIgIk5hbWU9dGFnOmt1YmVybmV0ZXMuaW8vY2x1c3Rlci9zeXNtaS1vcGVuc2hpZnQsVmFsdWVzPW93bmVkIiB8IC91c3IvbG9jYWwvYmluL2pxICcuQWRkcmVzc2VzW10uQWxsb2NhdGlvbklkJyB8IGN1dCAtZCAnIicgLWYgMmAKICAgIGRvCiAgICAgIGF3cyBlYzIgYXNzb2NpYXRlLWFkZHJlc3MgLS1pbnN0YW5jZS1pZCAke0lOU1RBTkNFX0lEfSAtLWFsbG9jYXRpb24taWQgJHtBTExPQ19JRH0gLS1uby1hbGxvdy1yZWFzc29jaWF0aW9uCiAgICAgIFNUQVRVUz0kPwogICAgICBpZiBbIDAgPSAke1NUQVRVU30gXSA7IHRoZW4KICAgICAgICBleGl0IDAKICAgICAgZmkKICAgIGRvbmUKICAgcGF0aDogL3Jvb3QvYXJyb2NhdGUtZWlwLnNoCiAgIHBlcm1pc3Npb25zOiAnMDcwMCcKLSAgY29udGVudDogfAogICAgIyEvYmluL2Jhc2ggLWV4CiAgICB3aGlsZSBbICEgLWYgL3Jvb3QvLnByb3Zpc2lvbmluZy1maW5pc2hlZCBdCiAgICBkbwogICAgICAgIGVjaG8gLW4gIiMiCiAgICAgICAgc2xlZXAgMQogICAgZG9uZQogICBwYXRoOiAvcm9vdC9lbnN1cmUtcHJvdmlzaW9uZWQuc2gKICAgcGVybWlzc2lvbnM6ICcwNzc3JwoKcnVuY21kOgogLSBjdXJsIC1vIC91c3IvbG9jYWwvYmluL2pxIC1MIGh0dHBzOi8vZ2l0aHViLmNvbS9zdGVkb2xhbi9qcS9yZWxlYXNlcy9kb3dubG9hZC9qcS0xLjUvanEtbGludXg2NCAmJiBjaG1vZCAreCAvdXNyL2xvY2FsL2Jpbi9qcQogLSBjdXJsIC1rTCBodHRwczovL2Jvb3RzdHJhcC5weXBhLmlvL2dldC1waXAucHkgfCBweXRob24KIC0gcGlwIGluc3RhbGwgYXdzY2xpIC0tdXBncmFkZQogLSBwaXAgaW5zdGFsbCBib3RvMyAtLXVwZ3JhZGUKIC0gcGlwIGluc3RhbGwgYm90byAtLXVwZ3JhZGUKIC0gc2ggL3Jvb3QvYXJyb2NhdGUtZWlwLnNoCiAtIG1rZGlyIC1wIC9ob21lL2NlbnRvcy8uc3NoCiAtIGNwIC9yb290L3BsYXRmb3JtX2lkX3JzYSAvaG9tZS9jZW50b3MvLnNzaC9pZF9yc2EKIC0gY2hvd24gY2VudG9zOmNlbnRvcyAvaG9tZS9jZW50b3MvLnNzaC9pZF9yc2EKIC0gdG91Y2ggL3Jvb3QvLnByb3Zpc2lvbmluZy1maW5pc2hlZCAmJiBjaG1vZCA2NDQgL3Jvb3QvLnByb3Zpc2lvbmluZy1maW5pc2hlZAo=",
                            "vpc_security_group_ids.#": "1",
                            "vpc_security_group_ids.1507365229": "sg-0903ba5c9d7010371"
                        },
                        "meta": {},
                        "tainted": false
                    },
                    "deposed": [],
                    "provider": "provider.aws"
                },
                "aws_launch_template.compute_node": {
                    "type": "aws_launch_template",
                    "depends_on": [
                        "aws_iam_instance_profile.compute_node",
                        "aws_key_pair.platform",
                        "aws_security_group.node",
                        "local.base_image_id",
                        "local.base_image_root_device_name"
                    ],
                    "primary": {
                        "id": "lt-0e03dfce75e9dc881",
                        "attributes": {
                            "arn": "arn:aws:ec2:us-east-1:253007251743:launch-template/lt-0e03dfce75e9dc881",
                            "block_device_mappings.#": "1",
                            "block_device_mappings.0.device_name": "/dev/sda1",
                            "block_device_mappings.0.ebs.#": "1",
                            "block_device_mappings.0.ebs.0.delete_on_termination": "",
                            "block_device_mappings.0.ebs.0.encrypted": "",
                            "block_device_mappings.0.ebs.0.iops": "0",
                            "block_device_mappings.0.ebs.0.kms_key_id": "",
                            "block_device_mappings.0.ebs.0.snapshot_id": "",
                            "block_device_mappings.0.ebs.0.volume_size": "100",
                            "block_device_mappings.0.ebs.0.volume_type": "",
                            "block_device_mappings.0.no_device": "",
                            "block_device_mappings.0.virtual_name": "",
                            "capacity_reservation_specification.#": "0",
                            "credit_specification.#": "0",
                            "default_version": "1",
                            "disable_api_termination": "false",
                            "ebs_optimized": "",
                            "elastic_gpu_specifications.#": "0",
                            "iam_instance_profile.#": "1",
                            "iam_instance_profile.0.arn": "arn:aws:iam::253007251743:instance-profile/sysmi-openshift-compute-profile",
                            "iam_instance_profile.0.name": "",
                            "id": "lt-0e03dfce75e9dc881",
                            "image_id": "ami-9887c6e7",
                            "instance_initiated_shutdown_behavior": "",
                            "instance_market_options.#": "0",
                            "instance_type": "t2.large",
                            "kernel_id": "",
                            "key_name": "sysmi-openshift",
                            "latest_version": "4",
                            "monitoring.#": "0",
                            "name": "sysmi-openshift-compute-node-20181127225132213800000004",
                            "name_prefix": "sysmi-openshift-compute-node-",
                            "network_interfaces.#": "0",
                            "placement.#": "0",
                            "ram_disk_id": "",
                            "security_group_names.#": "0",
                            "tag_specifications.#": "1",
                            "tag_specifications.0.resource_type": "instance",
                            "tag_specifications.0.tags.%": "4",
                            "tag_specifications.0.tags.Name": "sysmi-openshift-compute_node",
                            "tag_specifications.0.tags.Role": "node",
                            "tag_specifications.0.tags.kubernetes.io/cluster/sysmi-openshift": "owned",
                            "tag_specifications.0.tags.openshift_node_group_name": "node-config-compute",
                            "tags.%": "0",
                            "user_data": "",
                            "vpc_security_group_ids.#": "1",
                            "vpc_security_group_ids.150015552": "sg-084574bcd7a07207f"
                        },
                        "meta": {},
                        "tainted": false
                    },
                    "deposed": [],
                    "provider": "provider.aws"
                },
                "aws_launch_template.master": {
                    "type": "aws_launch_template",
                    "depends_on": [
                        "aws_iam_instance_profile.master",
                        "aws_key_pair.platform",
                        "data.template_file.master",
                        "local.base_image_id",
                        "local.base_image_root_device_name",
                        "local.master_infra_security_groups",
                        "local.master_security_groups"
                    ],
                    "primary": {
                        "id": "lt-0ae2e6717298e5dfa",
                        "attributes": {
                            "arn": "arn:aws:ec2:us-east-1:253007251743:launch-template/lt-0ae2e6717298e5dfa",
                            "block_device_mappings.#": "1",
                            "block_device_mappings.0.device_name": "/dev/sda1",
                            "block_device_mappings.0.ebs.#": "1",
                            "block_device_mappings.0.ebs.0.delete_on_termination": "",
                            "block_device_mappings.0.ebs.0.encrypted": "",
                            "block_device_mappings.0.ebs.0.iops": "0",
                            "block_device_mappings.0.ebs.0.kms_key_id": "",
                            "block_device_mappings.0.ebs.0.snapshot_id": "",
                            "block_device_mappings.0.ebs.0.volume_size": "100",
                            "block_device_mappings.0.ebs.0.volume_type": "",
                            "block_device_mappings.0.no_device": "",
                            "block_device_mappings.0.virtual_name": "",
                            "capacity_reservation_specification.#": "0",
                            "credit_specification.#": "0",
                            "default_version": "1",
                            "disable_api_termination": "false",
                            "ebs_optimized": "",
                            "elastic_gpu_specifications.#": "0",
                            "iam_instance_profile.#": "1",
                            "iam_instance_profile.0.arn": "arn:aws:iam::253007251743:instance-profile/sysmi-openshift-master-profile",
                            "iam_instance_profile.0.name": "",
                            "id": "lt-0ae2e6717298e5dfa",
                            "image_id": "ami-9887c6e7",
                            "instance_initiated_shutdown_behavior": "",
                            "instance_market_options.#": "0",
                            "instance_type": "t2.xlarge",
                            "kernel_id": "",
                            "key_name": "sysmi-openshift",
                            "latest_version": "4",
                            "monitoring.#": "0",
                            "name": "sysmi-openshift-master-20181127225132215300000006",
                            "name_prefix": "sysmi-openshift-master-",
                            "network_interfaces.#": "0",
                            "placement.#": "0",
                            "ram_disk_id": "",
                            "security_group_names.#": "0",
                            "tag_specifications.#": "1",
                            "tag_specifications.0.resource_type": "instance",
                            "tag_specifications.0.tags.%": "4",
                            "tag_specifications.0.tags.Name": "sysmi-openshift-master",
                            "tag_specifications.0.tags.Role": "master,node",
                            "tag_specifications.0.tags.kubernetes.io/cluster/sysmi-openshift": "owned",
                            "tag_specifications.0.tags.openshift_node_group_name": "node-config-master-infra",
                            "tags.%": "0",
                            "user_data": "I2Nsb3VkLWNvbmZpZwpvdXRwdXQ6IHsgYWxsOiAifCB0ZWUgLWEgL3Zhci9sb2cvY2xvdWQtaW5pdC1vdXRwdXQubG9nIiB9CnJ1bmNtZDoKIC0gY3VybCAtbyAvdXNyL2xvY2FsL2Jpbi9qcSAtTCBodHRwczovL2dpdGh1Yi5jb20vc3RlZG9sYW4vanEvcmVsZWFzZXMvZG93bmxvYWQvanEtMS41L2pxLWxpbnV4NjQgJiYgY2htb2QgK3ggL3Vzci9sb2NhbC9iaW4vanEKIC0gY3VybCAta0wgaHR0cHM6Ly9ib290c3RyYXAucHlwYS5pby9nZXQtcGlwLnB5IHwgcHl0aG9uCiAtIHBpcCBpbnN0YWxsIGF3c2NsaSAtLXVwZ3JhZGUKIC0gdG91Y2ggL3Jvb3QvLnByb3Zpc2lvbmluZy1maW5pc2hlZCAmJiBjaG1vZCA2NDQgL3Jvb3QvLnByb3Zpc2lvbmluZy1maW5pc2hlZAo=",
                            "vpc_security_group_ids.#": "3",
                            "vpc_security_group_ids.150015552": "sg-084574bcd7a07207f",
                            "vpc_security_group_ids.1830926758": "sg-0d0e7efac94be07d8",
                            "vpc_security_group_ids.2211215535": "sg-0c6dea15eb3e5a6cf"
                        },
                        "meta": {},
                        "tainted": false
                    },
                    "deposed": [],
                    "provider": "provider.aws"
                },
                "aws_lb.public": {
                    "type": "aws_lb",
                    "depends_on": [],
                    "primary": {
                        "id": "arn:aws:elasticloadbalancing:us-east-1:253007251743:loadbalancer/net/sysmi-openshift-public/a91eb9d1c5a86242",
                        "attributes": {
                            "access_logs.#": "1",
                            "arn": "arn:aws:elasticloadbalancing:us-east-1:253007251743:loadbalancer/net/sysmi-openshift-public/a91eb9d1c5a86242",
                            "arn_suffix": "net/sysmi-openshift-public/a91eb9d1c5a86242",
                            "dns_name": "sysmi-openshift-public-a91eb9d1c5a86242.elb.us-east-1.amazonaws.com",
                            "enable_cross_zone_load_balancing": "true",
                            "enable_deletion_protection": "false",
                            "id": "arn:aws:elasticloadbalancing:us-east-1:253007251743:loadbalancer/net/sysmi-openshift-public/a91eb9d1c5a86242",
                            "internal": "false",
                            "ip_address_type": "ipv4",
                            "load_balancer_type": "network",
                            "name": "sysmi-openshift-public",
                            "security_groups.#": "0",
                            "subnet_mapping.#": "6",
                            "subnet_mapping.2654686980.allocation_id": "",
                            "subnet_mapping.2654686980.subnet_id": "subnet-0a71fd2fe0daff6ff",
                            "subnet_mapping.2700535639.allocation_id": "",
                            "subnet_mapping.2700535639.subnet_id": "subnet-07903f22e90dd3a10",
                            "subnet_mapping.3233059991.allocation_id": "",
                            "subnet_mapping.3233059991.subnet_id": "subnet-01635ba4e27368599",
                            "subnet_mapping.3762658935.allocation_id": "",
                            "subnet_mapping.3762658935.subnet_id": "subnet-0f973e1be0df0d660",
                            "subnet_mapping.662909455.allocation_id": "",
                            "subnet_mapping.662909455.subnet_id": "subnet-023afb88432122150",
                            "subnet_mapping.760444481.allocation_id": "",
                            "subnet_mapping.760444481.subnet_id": "subnet-0fd332ad2dfbf8d7a",
                            "subnets.#": "6",
                            "subnets.1353766668": "subnet-0a71fd2fe0daff6ff",
                            "subnets.1593031924": "subnet-0fd332ad2dfbf8d7a",
                            "subnets.2384057722": "subnet-023afb88432122150",
                            "subnets.26364532": "subnet-01635ba4e27368599",
                            "subnets.2669484289": "subnet-0f973e1be0df0d660",
                            "subnets.4084162539": "subnet-07903f22e90dd3a10",
                            "tags.%": "2",
                            "tags.Name": "sysmi-openshift-public",
                            "tags.kubernetes.io/cluster/sysmi-openshift": "owned",
                            "vpc_id": "vpc-0d7e0da4903634311",
                            "zone_id": "Z26RNL4JYFTOTI"
                        },
                        "meta": {
                            "e2bfb730-ecaa-11e6-8f88-34363bc7c4c0": {
                                "create": 600000000000,
                                "delete": 600000000000,
                                "update": 600000000000
                            }
                        },
                        "tainted": false
                    },
                    "deposed": [],
                    "provider": "provider.aws"
                },
                "aws_lb_listener.http": {
                    "type": "aws_lb_listener",
                    "depends_on": [
                        "aws_lb.public",
                        "aws_lb_target_group.http"
                    ],
                    "primary": {
                        "id": "arn:aws:elasticloadbalancing:us-east-1:253007251743:listener/net/sysmi-openshift-public/a91eb9d1c5a86242/c7eea79f5a489340",
                        "attributes": {
                            "arn": "arn:aws:elasticloadbalancing:us-east-1:253007251743:listener/net/sysmi-openshift-public/a91eb9d1c5a86242/c7eea79f5a489340",
                            "default_action.#": "1",
                            "default_action.0.authenticate_cognito.#": "0",
                            "default_action.0.authenticate_oidc.#": "0",
                            "default_action.0.fixed_response.#": "0",
                            "default_action.0.order": "1",
                            "default_action.0.redirect.#": "0",
                            "default_action.0.target_group_arn": "arn:aws:elasticloadbalancing:us-east-1:253007251743:targetgroup/sysmi-openshift-http/dc3579dabef0b9a5",
                            "default_action.0.type": "forward",
                            "id": "arn:aws:elasticloadbalancing:us-east-1:253007251743:listener/net/sysmi-openshift-public/a91eb9d1c5a86242/c7eea79f5a489340",
                            "load_balancer_arn": "arn:aws:elasticloadbalancing:us-east-1:253007251743:loadbalancer/net/sysmi-openshift-public/a91eb9d1c5a86242",
                            "port": "80",
                            "protocol": "TCP",
                            "ssl_policy": ""
                        },
                        "meta": {
                            "e2bfb730-ecaa-11e6-8f88-34363bc7c4c0": {
                                "read": 600000000000
                            }
                        },
                        "tainted": false
                    },
                    "deposed": [],
                    "provider": "provider.aws"
                },
                "aws_lb_listener.https": {
                    "type": "aws_lb_listener",
                    "depends_on": [
                        "aws_lb.public",
                        "aws_lb_target_group.https"
                    ],
                    "primary": {
                        "id": "arn:aws:elasticloadbalancing:us-east-1:253007251743:listener/net/sysmi-openshift-public/a91eb9d1c5a86242/488a8e398ace978b",
                        "attributes": {
                            "arn": "arn:aws:elasticloadbalancing:us-east-1:253007251743:listener/net/sysmi-openshift-public/a91eb9d1c5a86242/488a8e398ace978b",
                            "default_action.#": "1",
                            "default_action.0.authenticate_cognito.#": "0",
                            "default_action.0.authenticate_oidc.#": "0",
                            "default_action.0.fixed_response.#": "0",
                            "default_action.0.order": "1",
                            "default_action.0.redirect.#": "0",
                            "default_action.0.target_group_arn": "arn:aws:elasticloadbalancing:us-east-1:253007251743:targetgroup/sysmi-openshift-https/a16b4068cb0dbdb7",
                            "default_action.0.type": "forward",
                            "id": "arn:aws:elasticloadbalancing:us-east-1:253007251743:listener/net/sysmi-openshift-public/a91eb9d1c5a86242/488a8e398ace978b",
                            "load_balancer_arn": "arn:aws:elasticloadbalancing:us-east-1:253007251743:loadbalancer/net/sysmi-openshift-public/a91eb9d1c5a86242",
                            "port": "443",
                            "protocol": "TCP",
                            "ssl_policy": ""
                        },
                        "meta": {
                            "e2bfb730-ecaa-11e6-8f88-34363bc7c4c0": {
                                "read": 600000000000
                            }
                        },
                        "tainted": false
                    },
                    "deposed": [],
                    "provider": "provider.aws"
                },
                "aws_lb_listener.master_public": {
                    "type": "aws_lb_listener",
                    "depends_on": [
                        "aws_lb.public",
                        "aws_lb_target_group.master_public"
                    ],
                    "primary": {
                        "id": "arn:aws:elasticloadbalancing:us-east-1:253007251743:listener/net/sysmi-openshift-public/a91eb9d1c5a86242/c0bdc32013d79aac",
                        "attributes": {
                            "arn": "arn:aws:elasticloadbalancing:us-east-1:253007251743:listener/net/sysmi-openshift-public/a91eb9d1c5a86242/c0bdc32013d79aac",
                            "default_action.#": "1",
                            "default_action.0.authenticate_cognito.#": "0",
                            "default_action.0.authenticate_oidc.#": "0",
                            "default_action.0.fixed_response.#": "0",
                            "default_action.0.order": "1",
                            "default_action.0.redirect.#": "0",
                            "default_action.0.target_group_arn": "arn:aws:elasticloadbalancing:us-east-1:253007251743:targetgroup/sysmi-openshift-master-public/c50ce8db5508727e",
                            "default_action.0.type": "forward",
                            "id": "arn:aws:elasticloadbalancing:us-east-1:253007251743:listener/net/sysmi-openshift-public/a91eb9d1c5a86242/c0bdc32013d79aac",
                            "load_balancer_arn": "arn:aws:elasticloadbalancing:us-east-1:253007251743:loadbalancer/net/sysmi-openshift-public/a91eb9d1c5a86242",
                            "port": "8443",
                            "protocol": "TCP",
                            "ssl_policy": ""
                        },
                        "meta": {
                            "e2bfb730-ecaa-11e6-8f88-34363bc7c4c0": {
                                "read": 600000000000
                            }
                        },
                        "tainted": false
                    },
                    "deposed": [],
                    "provider": "provider.aws"
                },
                "aws_lb_target_group.http": {
                    "type": "aws_lb_target_group",
                    "depends_on": [
                        "data.aws_vpc.platform"
                    ],
                    "primary": {
                        "id": "arn:aws:elasticloadbalancing:us-east-1:253007251743:targetgroup/sysmi-openshift-http/dc3579dabef0b9a5",
                        "attributes": {
                            "arn": "arn:aws:elasticloadbalancing:us-east-1:253007251743:targetgroup/sysmi-openshift-http/dc3579dabef0b9a5",
                            "arn_suffix": "targetgroup/sysmi-openshift-http/dc3579dabef0b9a5",
                            "deregistration_delay": "180",
                            "health_check.#": "1",
                            "health_check.0.healthy_threshold": "3",
                            "health_check.0.interval": "30",
                            "health_check.0.matcher": "",
                            "health_check.0.path": "",
                            "health_check.0.port": "traffic-port",
                            "health_check.0.protocol": "TCP",
                            "health_check.0.timeout": "10",
                            "health_check.0.unhealthy_threshold": "3",
                            "id": "arn:aws:elasticloadbalancing:us-east-1:253007251743:targetgroup/sysmi-openshift-http/dc3579dabef0b9a5",
                            "name": "sysmi-openshift-http",
                            "port": "80",
                            "protocol": "TCP",
                            "proxy_protocol_v2": "false",
                            "slow_start": "0",
                            "stickiness.#": "0",
                            "tags.%": "0",
                            "target_type": "instance",
                            "vpc_id": "vpc-0d7e0da4903634311"
                        },
                        "meta": {},
                        "tainted": false
                    },
                    "deposed": [],
                    "provider": "provider.aws"
                },
                "aws_lb_target_group.https": {
                    "type": "aws_lb_target_group",
                    "depends_on": [
                        "data.aws_vpc.platform"
                    ],
                    "primary": {
                        "id": "arn:aws:elasticloadbalancing:us-east-1:253007251743:targetgroup/sysmi-openshift-https/a16b4068cb0dbdb7",
                        "attributes": {
                            "arn": "arn:aws:elasticloadbalancing:us-east-1:253007251743:targetgroup/sysmi-openshift-https/a16b4068cb0dbdb7",
                            "arn_suffix": "targetgroup/sysmi-openshift-https/a16b4068cb0dbdb7",
                            "deregistration_delay": "180",
                            "health_check.#": "1",
                            "health_check.0.healthy_threshold": "3",
                            "health_check.0.interval": "30",
                            "health_check.0.matcher": "",
                            "health_check.0.path": "",
                            "health_check.0.port": "traffic-port",
                            "health_check.0.protocol": "TCP",
                            "health_check.0.timeout": "10",
                            "health_check.0.unhealthy_threshold": "3",
                            "id": "arn:aws:elasticloadbalancing:us-east-1:253007251743:targetgroup/sysmi-openshift-https/a16b4068cb0dbdb7",
                            "name": "sysmi-openshift-https",
                            "port": "443",
                            "protocol": "TCP",
                            "proxy_protocol_v2": "false",
                            "slow_start": "0",
                            "stickiness.#": "0",
                            "tags.%": "0",
                            "target_type": "instance",
                            "vpc_id": "vpc-0d7e0da4903634311"
                        },
                        "meta": {},
                        "tainted": false
                    },
                    "deposed": [],
                    "provider": "provider.aws"
                },
                "aws_lb_target_group.master_public": {
                    "type": "aws_lb_target_group",
                    "depends_on": [
                        "data.aws_vpc.platform"
                    ],
                    "primary": {
                        "id": "arn:aws:elasticloadbalancing:us-east-1:253007251743:targetgroup/sysmi-openshift-master-public/c50ce8db5508727e",
                        "attributes": {
                            "arn": "arn:aws:elasticloadbalancing:us-east-1:253007251743:targetgroup/sysmi-openshift-master-public/c50ce8db5508727e",
                            "arn_suffix": "targetgroup/sysmi-openshift-master-public/c50ce8db5508727e",
                            "deregistration_delay": "180",
                            "health_check.#": "1",
                            "health_check.0.healthy_threshold": "3",
                            "health_check.0.interval": "30",
                            "health_check.0.matcher": "",
                            "health_check.0.path": "",
                            "health_check.0.port": "traffic-port",
                            "health_check.0.protocol": "TCP",
                            "health_check.0.timeout": "10",
                            "health_check.0.unhealthy_threshold": "3",
                            "id": "arn:aws:elasticloadbalancing:us-east-1:253007251743:targetgroup/sysmi-openshift-master-public/c50ce8db5508727e",
                            "name": "sysmi-openshift-master-public",
                            "port": "8443",
                            "protocol": "TCP",
                            "proxy_protocol_v2": "false",
                            "slow_start": "0",
                            "stickiness.#": "0",
                            "tags.%": "0",
                            "target_type": "instance",
                            "vpc_id": "vpc-0d7e0da4903634311"
                        },
                        "meta": {},
                        "tainted": false
                    },
                    "deposed": [],
                    "provider": "provider.aws"
                },
                "aws_route53_record.master": {
                    "type": "aws_route53_record",
                    "depends_on": [
                        "aws_elb.master",
                        "aws_route53_zone.private"
                    ],
                    "primary": {
                        "id": "Z2UZVN5PZFCMNG_master.sysmi-openshift.internal_A",
                        "attributes": {
                            "alias.#": "1",
                            "alias.3668492082.evaluate_target_health": "false",
                            "alias.3668492082.name": "internal-sysmi-openshift-master-63917210.us-east-1.elb.amazonaws.com",
                            "alias.3668492082.zone_id": "Z35SXDOTRQ7X7K",
                            "allow_overwrite": "true",
                            "fqdn": "master.sysmi-openshift.internal",
                            "health_check_id": "",
                            "id": "Z2UZVN5PZFCMNG_master.sysmi-openshift.internal_A",
                            "name": "master.sysmi-openshift.internal",
                            "records.#": "0",
                            "set_identifier": "",
                            "ttl": "0",
                            "type": "A",
                            "zone_id": "Z2UZVN5PZFCMNG"
                        },
                        "meta": {
                            "schema_version": "2"
                        },
                        "tainted": false
                    },
                    "deposed": [],
                    "provider": "provider.aws"
                },
                "aws_route53_zone.private": {
                    "type": "aws_route53_zone",
                    "depends_on": [
                        "data.aws_vpc.platform"
                    ],
                    "primary": {
                        "id": "Z2UZVN5PZFCMNG",
                        "attributes": {
                            "comment": "Managed by Terraform",
                            "delegation_set_id": "",
                            "force_destroy": "false",
                            "id": "Z2UZVN5PZFCMNG",
                            "name": "sysmi-openshift.internal.",
                            "name_servers.#": "4",
                            "name_servers.0": "ns-0.awsdns-00.com.",
                            "name_servers.1": "ns-1024.awsdns-00.org.",
                            "name_servers.2": "ns-1536.awsdns-00.co.uk.",
                            "name_servers.3": "ns-512.awsdns-00.net.",
                            "tags.%": "1",
                            "tags.kubernetes.io/cluster/sysmi-openshift": "owned",
                            "vpc.#": "1",
                            "vpc.543509042.vpc_id": "vpc-0d7e0da4903634311",
                            "vpc.543509042.vpc_region": "us-east-1",
                            "vpc_id": "vpc-0d7e0da4903634311",
                            "vpc_region": "us-east-1",
                            "zone_id": "Z2UZVN5PZFCMNG"
                        },
                        "meta": {},
                        "tainted": false
                    },
                    "deposed": [],
                    "provider": "provider.aws"
                },
                "aws_security_group.bastion": {
                    "type": "aws_security_group",
                    "depends_on": [
                        "data.aws_vpc.platform"
                    ],
                    "primary": {
                        "id": "sg-0903ba5c9d7010371",
                        "attributes": {
                            "arn": "arn:aws:ec2:us-east-1:253007251743:security-group/sg-0903ba5c9d7010371",
                            "description": "Bastion group for sysmi-openshift",
                            "egress.#": "1",
                            "egress.482069346.cidr_blocks.#": "1",
                            "egress.482069346.cidr_blocks.0": "0.0.0.0/0",
                            "egress.482069346.description": "",
                            "egress.482069346.from_port": "0",
                            "egress.482069346.ipv6_cidr_blocks.#": "0",
                            "egress.482069346.prefix_list_ids.#": "0",
                            "egress.482069346.protocol": "-1",
                            "egress.482069346.security_groups.#": "0",
                            "egress.482069346.self": "false",
                            "egress.482069346.to_port": "0",
                            "id": "sg-0903ba5c9d7010371",
                            "ingress.#": "1",
                            "ingress.2541437006.cidr_blocks.#": "1",
                            "ingress.2541437006.cidr_blocks.0": "0.0.0.0/0",
                            "ingress.2541437006.description": "",
                            "ingress.2541437006.from_port": "22",
                            "ingress.2541437006.ipv6_cidr_blocks.#": "0",
                            "ingress.2541437006.prefix_list_ids.#": "0",
                            "ingress.2541437006.protocol": "tcp",
                            "ingress.2541437006.security_groups.#": "0",
                            "ingress.2541437006.self": "false",
                            "ingress.2541437006.to_port": "22",
                            "name": "sysmi-openshift-bastion",
                            "owner_id": "253007251743",
                            "revoke_rules_on_delete": "false",
                            "tags.%": "3",
                            "tags.Name": "sysmi-openshift-bastion",
                            "tags.Role": "bastion",
                            "tags.kubernetes.io/cluster/sysmi-openshift": "owned",
                            "vpc_id": "vpc-0d7e0da4903634311"
                        },
                        "meta": {
                            "e2bfb730-ecaa-11e6-8f88-34363bc7c4c0": {
                                "create": 600000000000,
                                "delete": 600000000000
                            },
                            "schema_version": "1"
                        },
                        "tainted": false
                    },
                    "deposed": [],
                    "provider": "provider.aws"
                },
                "aws_security_group.master_public": {
                    "type": "aws_security_group",
                    "depends_on": [
                        "data.aws_vpc.platform"
                    ],
                    "primary": {
                        "id": "sg-0d0e7efac94be07d8",
                        "attributes": {
                            "arn": "arn:aws:ec2:us-east-1:253007251743:security-group/sg-0d0e7efac94be07d8",
                            "description": "Master public group for sysmi-openshift",
                            "egress.#": "1",
                            "egress.1986995490.cidr_blocks.#": "1",
                            "egress.1986995490.cidr_blocks.0": "0.0.0.0/0",
                            "egress.1986995490.description": "",
                            "egress.1986995490.from_port": "0",
                            "egress.1986995490.ipv6_cidr_blocks.#": "1",
                            "egress.1986995490.ipv6_cidr_blocks.0": "::/0",
                            "egress.1986995490.prefix_list_ids.#": "0",
                            "egress.1986995490.protocol": "-1",
                            "egress.1986995490.security_groups.#": "0",
                            "egress.1986995490.self": "false",
                            "egress.1986995490.to_port": "0",
                            "id": "sg-0d0e7efac94be07d8",
                            "ingress.#": "2",
                            "ingress.2541437006.cidr_blocks.#": "1",
                            "ingress.2541437006.cidr_blocks.0": "0.0.0.0/0",
                            "ingress.2541437006.description": "",
                            "ingress.2541437006.from_port": "22",
                            "ingress.2541437006.ipv6_cidr_blocks.#": "0",
                            "ingress.2541437006.prefix_list_ids.#": "0",
                            "ingress.2541437006.protocol": "tcp",
                            "ingress.2541437006.security_groups.#": "0",
                            "ingress.2541437006.self": "false",
                            "ingress.2541437006.to_port": "22",
                            "ingress.2715662207.cidr_blocks.#": "1",
                            "ingress.2715662207.cidr_blocks.0": "0.0.0.0/0",
                            "ingress.2715662207.description": "",
                            "ingress.2715662207.from_port": "8443",
                            "ingress.2715662207.ipv6_cidr_blocks.#": "0",
                            "ingress.2715662207.prefix_list_ids.#": "0",
                            "ingress.2715662207.protocol": "tcp",
                            "ingress.2715662207.security_groups.#": "0",
                            "ingress.2715662207.self": "false",
                            "ingress.2715662207.to_port": "8443",
                            "name": "sysmi-openshift-master-public",
                            "owner_id": "253007251743",
                            "revoke_rules_on_delete": "false",
                            "tags.%": "2",
                            "tags.Name": "sysmi-openshift-master-public",
                            "tags.kubernetes.io/cluster/sysmi-openshift": "owned",
                            "vpc_id": "vpc-0d7e0da4903634311"
                        },
                        "meta": {
                            "e2bfb730-ecaa-11e6-8f88-34363bc7c4c0": {
                                "create": 600000000000,
                                "delete": 600000000000
                            },
                            "schema_version": "1"
                        },
                        "tainted": false
                    },
                    "deposed": [],
                    "provider": "provider.aws"
                },
                "aws_security_group.node": {
                    "type": "aws_security_group",
                    "depends_on": [
                        "aws_security_group.bastion",
                        "data.aws_vpc.platform"
                    ],
                    "primary": {
                        "id": "sg-084574bcd7a07207f",
                        "attributes": {
                            "arn": "arn:aws:ec2:us-east-1:253007251743:security-group/sg-084574bcd7a07207f",
                            "description": "Cluster node group for sysmi-openshift",
                            "egress.#": "1",
                            "egress.1986995490.cidr_blocks.#": "1",
                            "egress.1986995490.cidr_blocks.0": "0.0.0.0/0",
                            "egress.1986995490.description": "",
                            "egress.1986995490.from_port": "0",
                            "egress.1986995490.ipv6_cidr_blocks.#": "1",
                            "egress.1986995490.ipv6_cidr_blocks.0": "::/0",
                            "egress.1986995490.prefix_list_ids.#": "0",
                            "egress.1986995490.protocol": "-1",
                            "egress.1986995490.security_groups.#": "0",
                            "egress.1986995490.self": "false",
                            "egress.1986995490.to_port": "0",
                            "id": "sg-084574bcd7a07207f",
                            "ingress.#": "2",
                            "ingress.2553759672.cidr_blocks.#": "0",
                            "ingress.2553759672.description": "",
                            "ingress.2553759672.from_port": "0",
                            "ingress.2553759672.ipv6_cidr_blocks.#": "0",
                            "ingress.2553759672.prefix_list_ids.#": "0",
                            "ingress.2553759672.protocol": "-1",
                            "ingress.2553759672.security_groups.#": "1",
                            "ingress.2553759672.security_groups.1690700385": "sg-0903ba5c9d7010371",
                            "ingress.2553759672.self": "false",
                            "ingress.2553759672.to_port": "0",
                            "ingress.753360330.cidr_blocks.#": "0",
                            "ingress.753360330.description": "",
                            "ingress.753360330.from_port": "0",
                            "ingress.753360330.ipv6_cidr_blocks.#": "0",
                            "ingress.753360330.prefix_list_ids.#": "0",
                            "ingress.753360330.protocol": "-1",
                            "ingress.753360330.security_groups.#": "0",
                            "ingress.753360330.self": "true",
                            "ingress.753360330.to_port": "0",
                            "name": "sysmi-openshift-node",
                            "owner_id": "253007251743",
                            "revoke_rules_on_delete": "false",
                            "tags.%": "3",
                            "tags.Name": "sysmi-openshift-node",
                            "tags.Role": "node",
                            "tags.kubernetes.io/cluster/sysmi-openshift": "owned",
                            "vpc_id": "vpc-0d7e0da4903634311"
                        },
                        "meta": {
                            "e2bfb730-ecaa-11e6-8f88-34363bc7c4c0": {
                                "create": 600000000000,
                                "delete": 600000000000
                            },
                            "schema_version": "1"
                        },
                        "tainted": false
                    },
                    "deposed": [],
                    "provider": "provider.aws"
                },
                "aws_security_group.public": {
                    "type": "aws_security_group",
                    "depends_on": [
                        "data.aws_vpc.platform"
                    ],
                    "primary": {
                        "id": "sg-0c6dea15eb3e5a6cf",
                        "attributes": {
                            "arn": "arn:aws:ec2:us-east-1:253007251743:security-group/sg-0c6dea15eb3e5a6cf",
                            "description": "Public group for sysmi-openshift",
                            "egress.#": "1",
                            "egress.1986995490.cidr_blocks.#": "1",
                            "egress.1986995490.cidr_blocks.0": "0.0.0.0/0",
                            "egress.1986995490.description": "",
                            "egress.1986995490.from_port": "0",
                            "egress.1986995490.ipv6_cidr_blocks.#": "1",
                            "egress.1986995490.ipv6_cidr_blocks.0": "::/0",
                            "egress.1986995490.prefix_list_ids.#": "0",
                            "egress.1986995490.protocol": "-1",
                            "egress.1986995490.security_groups.#": "0",
                            "egress.1986995490.self": "false",
                            "egress.1986995490.to_port": "0",
                            "id": "sg-0c6dea15eb3e5a6cf",
                            "ingress.#": "2",
                            "ingress.2214680975.cidr_blocks.#": "1",
                            "ingress.2214680975.cidr_blocks.0": "0.0.0.0/0",
                            "ingress.2214680975.description": "",
                            "ingress.2214680975.from_port": "80",
                            "ingress.2214680975.ipv6_cidr_blocks.#": "0",
                            "ingress.2214680975.prefix_list_ids.#": "0",
                            "ingress.2214680975.protocol": "tcp",
                            "ingress.2214680975.security_groups.#": "0",
                            "ingress.2214680975.self": "false",
                            "ingress.2214680975.to_port": "80",
                            "ingress.2617001939.cidr_blocks.#": "1",
                            "ingress.2617001939.cidr_blocks.0": "0.0.0.0/0",
                            "ingress.2617001939.description": "",
                            "ingress.2617001939.from_port": "443",
                            "ingress.2617001939.ipv6_cidr_blocks.#": "0",
                            "ingress.2617001939.prefix_list_ids.#": "0",
                            "ingress.2617001939.protocol": "tcp",
                            "ingress.2617001939.security_groups.#": "0",
                            "ingress.2617001939.self": "false",
                            "ingress.2617001939.to_port": "443",
                            "name": "sysmi-openshift-public",
                            "owner_id": "253007251743",
                            "revoke_rules_on_delete": "false",
                            "tags.%": "2",
                            "tags.Name": "sysmi-openshift-public",
                            "tags.kubernetes.io/cluster/sysmi-openshift": "owned",
                            "vpc_id": "vpc-0d7e0da4903634311"
                        },
                        "meta": {
                            "e2bfb730-ecaa-11e6-8f88-34363bc7c4c0": {
                                "create": 600000000000,
                                "delete": 600000000000
                            },
                            "schema_version": "1"
                        },
                        "tainted": false
                    },
                    "deposed": [],
                    "provider": "provider.aws"
                },
                "data.aws_ami.commercial": {
                    "type": "aws_ami",
                    "depends_on": [],
                    "primary": {
                        "id": "ami-011b3ccf1bd6db744",
                        "attributes": {
                            "architecture": "x86_64",
                            "block_device_mappings.#": "1",
                            "block_device_mappings.309099847.device_name": "/dev/sda1",
                            "block_device_mappings.309099847.ebs.%": "6",
                            "block_device_mappings.309099847.ebs.delete_on_termination": "true",
                            "block_device_mappings.309099847.ebs.encrypted": "false",
                            "block_device_mappings.309099847.ebs.iops": "0",
                            "block_device_mappings.309099847.ebs.snapshot_id": "snap-014177ea88aa8dca0",
                            "block_device_mappings.309099847.ebs.volume_size": "10",
                            "block_device_mappings.309099847.ebs.volume_type": "gp2",
                            "block_device_mappings.309099847.no_device": "",
                            "block_device_mappings.309099847.virtual_name": "",
                            "creation_date": "2018-10-17T13:13:44.000Z",
                            "description": "Provided by Red Hat, Inc.",
                            "filter.#": "4",
                            "filter.1281954306.name": "root-device-type",
                            "filter.1281954306.values.#": "1",
                            "filter.1281954306.values.0": "ebs",
                            "filter.1609839683.name": "block-device-mapping.volume-type",
                            "filter.1609839683.values.#": "1",
                            "filter.1609839683.values.0": "gp2",
                            "filter.3386043752.name": "architecture",
                            "filter.3386043752.values.#": "1",
                            "filter.3386043752.values.0": "x86_64",
                            "filter.490168357.name": "virtualization-type",
                            "filter.490168357.values.#": "1",
                            "filter.490168357.values.0": "hvm",
                            "hypervisor": "xen",
                            "id": "ami-011b3ccf1bd6db744",
                            "image_id": "ami-011b3ccf1bd6db744",
                            "image_location": "309956199498/RHEL-7.6_HVM_GA-20181017-x86_64-0-Hourly2-GP2",
                            "image_type": "machine",
                            "most_recent": "true",
                            "name": "RHEL-7.6_HVM_GA-20181017-x86_64-0-Hourly2-GP2",
                            "name_regex": "^RHEL-7.*",
                            "owner_id": "309956199498",
                            "owners.#": "1",
                            "owners.0": "309956199498",
                            "product_codes.#": "0",
                            "public": "true",
                            "root_device_name": "/dev/sda1",
                            "root_device_type": "ebs",
                            "root_snapshot_id": "snap-014177ea88aa8dca0",
                            "sriov_net_support": "simple",
                            "state": "available",
                            "state_reason.%": "2",
                            "state_reason.code": "UNSET",
                            "state_reason.message": "UNSET",
                            "tags.%": "0",
                            "virtualization_type": "hvm"
                        },
                        "meta": {},
                        "tainted": false
                    },
                    "deposed": [],
                    "provider": "provider.aws"
                },
                "data.aws_ami.community": {
                    "type": "aws_ami",
                    "depends_on": [],
                    "primary": {
                        "id": "ami-9887c6e7",
                        "attributes": {
                            "architecture": "x86_64",
                            "block_device_mappings.#": "1",
                            "block_device_mappings.1270490221.device_name": "/dev/sda1",
                            "block_device_mappings.1270490221.ebs.%": "6",
                            "block_device_mappings.1270490221.ebs.delete_on_termination": "false",
                            "block_device_mappings.1270490221.ebs.encrypted": "false",
                            "block_device_mappings.1270490221.ebs.iops": "0",
                            "block_device_mappings.1270490221.ebs.snapshot_id": "snap-023d6b823522a85e2",
                            "block_device_mappings.1270490221.ebs.volume_size": "8",
                            "block_device_mappings.1270490221.ebs.volume_type": "gp2",
                            "block_device_mappings.1270490221.no_device": "",
                            "block_device_mappings.1270490221.virtual_name": "",
                            "creation_date": "2018-06-13T15:53:24.000Z",
                            "description": "CentOS Linux 7 x86_64 HVM EBS ENA 1805_01",
                            "filter.#": "3",
                            "filter.1281954306.name": "root-device-type",
                            "filter.1281954306.values.#": "1",
                            "filter.1281954306.values.0": "ebs",
                            "filter.3386043752.name": "architecture",
                            "filter.3386043752.values.#": "1",
                            "filter.3386043752.values.0": "x86_64",
                            "filter.490168357.name": "virtualization-type",
                            "filter.490168357.values.#": "1",
                            "filter.490168357.values.0": "hvm",
                            "hypervisor": "xen",
                            "id": "ami-9887c6e7",
                            "image_id": "ami-9887c6e7",
                            "image_location": "aws-marketplace/CentOS Linux 7 x86_64 HVM EBS ENA 1805_01-b7ee8a69-ee97-4a49-9e68-afaee216db2e-ami-77ec9308.4",
                            "image_owner_alias": "aws-marketplace",
                            "image_type": "machine",
                            "most_recent": "true",
                            "name": "CentOS Linux 7 x86_64 HVM EBS ENA 1805_01-b7ee8a69-ee97-4a49-9e68-afaee216db2e-ami-77ec9308.4",
                            "name_regex": "^CentOS Linux 7.*",
                            "owner_id": "679593333241",
                            "owners.#": "1",
                            "owners.0": "679593333241",
                            "product_codes.#": "1",
                            "product_codes.347650389.product_code_id": "aw0evgkw8e5c1q413zgy5pjce",
                            "product_codes.347650389.product_code_type": "marketplace",
                            "public": "true",
                            "root_device_name": "/dev/sda1",
                            "root_device_type": "ebs",
                            "root_snapshot_id": "snap-023d6b823522a85e2",
                            "sriov_net_support": "simple",
                            "state": "available",
                            "state_reason.%": "2",
                            "state_reason.code": "UNSET",
                            "state_reason.message": "UNSET",
                            "tags.%": "0",
                            "virtualization_type": "hvm"
                        },
                        "meta": {},
                        "tainted": false
                    },
                    "deposed": [],
                    "provider": "provider.aws"
                },
                "data.aws_iam_policy_document.bastion": {
                    "type": "aws_iam_policy_document",
                    "depends_on": [],
                    "primary": {
                        "id": "2838742148",
                        "attributes": {
                            "id": "2838742148",
                            "json": "{\n  \"Version\": \"2012-10-17\",\n  \"Statement\": [\n    {\n      \"Sid\": \"\",\n      \"Effect\": \"Allow\",\n      \"Action\": [\n        \"ssm:UpdateInstanceInformation\",\n        \"ssm:UpdateInstanceAssociationStatus\",\n        \"ssm:UpdateAssociationStatus\",\n        \"ssm:PutInventory\",\n        \"ssm:PutConfigurePackageResult\",\n        \"ssm:PutComplianceItems\",\n        \"ssm:ListInstanceAssociations\",\n        \"ssm:ListAssociations\",\n        \"ssm:GetParameters\",\n        \"ssm:GetManifest\",\n        \"ssm:GetDocument\",\n        \"ssm:GetDeployablePatchSnapshotForInstance\",\n        \"ssm:DescribeAssociation\"\n      ],\n      \"Resource\": \"*\"\n    },\n    {\n      \"Sid\": \"\",\n      \"Effect\": \"Allow\",\n      \"Action\": [\n        \"ec2messages:SendReply\",\n        \"ec2messages:GetMessages\",\n        \"ec2messages:GetEndpoint\",\n        \"ec2messages:FailMessage\",\n        \"ec2messages:DeleteMessage\",\n        \"ec2messages:AcknowledgeMessage\"\n      ],\n      \"Resource\": \"*\"\n    },\n    {\n      \"Sid\": \"\",\n      \"Effect\": \"Allow\",\n      \"Action\": \"cloudwatch:PutMetricData\",\n      \"Resource\": \"*\"\n    },\n    {\n      \"Sid\": \"\",\n      \"Effect\": \"Allow\",\n      \"Action\": \"ec2:Describe*\",\n      \"Resource\": \"*\"\n    },\n    {\n      \"Sid\": \"\",\n      \"Effect\": \"Allow\",\n      \"Action\": [\n        \"ec2:AssociateAddress\",\n        \"ec2:AllocateAddress\"\n      ],\n      \"Resource\": \"*\"\n    },\n    {\n      \"Sid\": \"\",\n      \"Effect\": \"Allow\",\n      \"Action\": [\n        \"ec2:TerminateInstances\",\n        \"ec2:StopInstances\",\n        \"ec2:RunInstances\",\n        \"ec2:RegisterImage\",\n        \"ec2:ModifySnapshotAttribute\",\n        \"ec2:ModifyInstanceAttribute\",\n        \"ec2:ModifyImageAttribute\",\n        \"ec2:GetPasswordData\",\n        \"ec2:DetachVolume\",\n        \"ec2:DescribeVolumes\",\n        \"ec2:DescribeTags\",\n        \"ec2:DescribeSubnets\",\n        \"ec2:DescribeSnapshots\",\n        \"ec2:DescribeSecurityGroups\",\n        \"ec2:DescribeRegions\",\n        \"ec2:DescribeInstances\",\n        \"ec2:DescribeImages\",\n        \"ec2:DescribeImageAttribute\",\n        \"ec2:DeregisterImage\",\n        \"ec2:DeleteVolume\",\n        \"ec2:DeleteSnapshot\",\n        \"ec2:DeleteSecurityGroup\",\n        \"ec2:DeleteKeyPair\",\n        \"ec2:CreateVolume\",\n        \"ec2:CreateTags\",\n        \"ec2:CreateSnapshot\",\n        \"ec2:CreateSecurityGroup\",\n        \"ec2:CreateKeypair\",\n        \"ec2:CreateImage\",\n        \"ec2:CopyImage\",\n        \"ec2:AuthorizeSecurityGroupIngress\",\n        \"ec2:AttachVolume\"\n      ],\n      \"Resource\": \"*\"\n    },\n    {\n      \"Sid\": \"\",\n      \"Effect\": \"Allow\",\n      \"Action\": [\n        \"ds:DescribeDirectories\",\n        \"ds:CreateComputer\"\n      ],\n      \"Resource\": \"*\"\n    },\n    {\n      \"Sid\": \"\",\n      \"Effect\": \"Allow\",\n      \"Action\": [\n        \"logs:PutLogEvents\",\n        \"logs:DescribeLogStreams\",\n        \"logs:DescribeLogGroups\",\n        \"logs:CreateLogStream\",\n        \"logs:CreateLogGroup\"\n      ],\n      \"Resource\": \"*\"\n    },\n    {\n      \"Sid\": \"\",\n      \"Effect\": \"Allow\",\n      \"Action\": [\n        \"s3:PutObject\",\n        \"s3:ListMultipartUploadParts\",\n        \"s3:ListBucketMultipartUploads\",\n        \"s3:ListBucket\",\n        \"s3:GetObject\",\n        \"s3:AbortMultipartUpload\"\n      ],\n      \"Resource\": \"*\"\n    }\n  ]\n}",
                            "statement.#": "9",
                            "statement.0.actions.#": "13",
                            "statement.0.actions.1088556931": "ssm:PutConfigurePackageResult",
                            "statement.0.actions.1203635326": "ssm:GetDeployablePatchSnapshotForInstance",
                            "statement.0.actions.2005944823": "ssm:UpdateInstanceAssociationStatus",
                            "statement.0.actions.2144824638": "ssm:UpdateAssociationStatus",
                            "statement.0.actions.3026325741": "ssm:PutComplianceItems",
                            "statement.0.actions.3482663456": "ssm:UpdateInstanceInformation",
                            "statement.0.actions.3764708011": "ssm:GetManifest",
                            "statement.0.actions.3826363276": "ssm:ListAssociations",
                            "statement.0.actions.3906969757": "ssm:ListInstanceAssociations",
                            "statement.0.actions.747502271": "ssm:GetParameters",
                            "statement.0.actions.748814858": "ssm:DescribeAssociation",
                            "statement.0.actions.799073488": "ssm:GetDocument",
                            "statement.0.actions.888405849": "ssm:PutInventory",
                            "statement.0.condition.#": "0",
                            "statement.0.effect": "Allow",
                            "statement.0.not_actions.#": "0",
                            "statement.0.not_principals.#": "0",
                            "statement.0.not_resources.#": "0",
                            "statement.0.principals.#": "0",
                            "statement.0.resources.#": "1",
                            "statement.0.resources.2679715827": "*",
                            "statement.0.sid": "",
                            "statement.1.actions.#": "6",
                            "statement.1.actions.1783141493": "ec2messages:GetEndpoint",
                            "statement.1.actions.2586451318": "ec2messages:AcknowledgeMessage",
                            "statement.1.actions.3035384481": "ec2messages:GetMessages",
                            "statement.1.actions.3598762852": "ec2messages:FailMessage",
                            "statement.1.actions.411630502": "ec2messages:DeleteMessage",
                            "statement.1.actions.73660554": "ec2messages:SendReply",
                            "statement.1.condition.#": "0",
                            "statement.1.effect": "Allow",
                            "statement.1.not_actions.#": "0",
                            "statement.1.not_principals.#": "0",
                            "statement.1.not_resources.#": "0",
                            "statement.1.principals.#": "0",
                            "statement.1.resources.#": "1",
                            "statement.1.resources.2679715827": "*",
                            "statement.1.sid": "",
                            "statement.2.actions.#": "1",
                            "statement.2.actions.1809533934": "cloudwatch:PutMetricData",
                            "statement.2.condition.#": "0",
                            "statement.2.effect": "Allow",
                            "statement.2.not_actions.#": "0",
                            "statement.2.not_principals.#": "0",
                            "statement.2.not_resources.#": "0",
                            "statement.2.principals.#": "0",
                            "statement.2.resources.#": "1",
                            "statement.2.resources.2679715827": "*",
                            "statement.2.sid": "",
                            "statement.3.actions.#": "1",
                            "statement.3.actions.2459212947": "ec2:Describe*",
                            "statement.3.condition.#": "0",
                            "statement.3.effect": "Allow",
                            "statement.3.not_actions.#": "0",
                            "statement.3.not_principals.#": "0",
                            "statement.3.not_resources.#": "0",
                            "statement.3.principals.#": "0",
                            "statement.3.resources.#": "1",
                            "statement.3.resources.2679715827": "*",
                            "statement.3.sid": "",
                            "statement.4.actions.#": "2",
                            "statement.4.actions.4097283626": "ec2:AllocateAddress",
                            "statement.4.actions.4122399225": "ec2:AssociateAddress",
                            "statement.4.condition.#": "0",
                            "statement.4.effect": "Allow",
                            "statement.4.not_actions.#": "0",
                            "statement.4.not_principals.#": "0",
                            "statement.4.not_resources.#": "0",
                            "statement.4.principals.#": "0",
                            "statement.4.resources.#": "1",
                            "statement.4.resources.2679715827": "*",
                            "statement.4.sid": "",
                            "statement.5.actions.#": "32",
                            "statement.5.actions.1116652165": "ec2:AttachVolume",
                            "statement.5.actions.1175752114": "ec2:RegisterImage",
                            "statement.5.actions.1437249779": "ec2:CopyImage",
                            "statement.5.actions.1544011198": "ec2:ModifySnapshotAttribute",
                            "statement.5.actions.1765044567": "ec2:TerminateInstances",
                            "statement.5.actions.1874503478": "ec2:RunInstances",
                            "statement.5.actions.2254860184": "ec2:DeleteVolume",
                            "statement.5.actions.2270227066": "ec2:DescribeImages",
                            "statement.5.actions.2396526577": "ec2:CreateTags",
                            "statement.5.actions.2464853358": "ec2:AuthorizeSecurityGroupIngress",
                            "statement.5.actions.2723879379": "ec2:DescribeVolumes",
                            "statement.5.actions.2727619928": "ec2:DescribeSnapshots",
                            "statement.5.actions.2759562237": "ec2:DescribeImageAttribute",
                            "statement.5.actions.2798710173": "ec2:CreateKeypair",
                            "statement.5.actions.3331402529": "ec2:ModifyInstanceAttribute",
                            "statement.5.actions.3357331461": "ec2:DetachVolume",
                            "statement.5.actions.3388589274": "ec2:CreateImage",
                            "statement.5.actions.3466923763": "ec2:DescribeInstances",
                            "statement.5.actions.3699372668": "ec2:DescribeSubnets",
                            "statement.5.actions.3872948680": "ec2:DeleteKeyPair",
                            "statement.5.actions.3880524826": "ec2:StopInstances",
                            "statement.5.actions.3929474381": "ec2:GetPasswordData",
                            "statement.5.actions.3958039885": "ec2:DescribeRegions",
                            "statement.5.actions.3960899721": "ec2:ModifyImageAttribute",
                            "statement.5.actions.4046713676": "ec2:CreateVolume",
                            "statement.5.actions.506116069": "ec2:CreateSecurityGroup",
                            "statement.5.actions.665665063": "ec2:DeregisterImage",
                            "statement.5.actions.70881040": "ec2:DescribeSecurityGroups",
                            "statement.5.actions.756653589": "ec2:DeleteSecurityGroup",
                            "statement.5.actions.775716708": "ec2:DeleteSnapshot",
                            "statement.5.actions.810672830": "ec2:DescribeTags",
                            "statement.5.actions.852612933": "ec2:CreateSnapshot",
                            "statement.5.condition.#": "0",
                            "statement.5.effect": "Allow",
                            "statement.5.not_actions.#": "0",
                            "statement.5.not_principals.#": "0",
                            "statement.5.not_resources.#": "0",
                            "statement.5.principals.#": "0",
                            "statement.5.resources.#": "1",
                            "statement.5.resources.2679715827": "*",
                            "statement.5.sid": "",
                            "statement.6.actions.#": "2",
                            "statement.6.actions.2290251134": "ds:CreateComputer",
                            "statement.6.actions.4171013244": "ds:DescribeDirectories",
                            "statement.6.condition.#": "0",
                            "statement.6.effect": "Allow",
                            "statement.6.not_actions.#": "0",
                            "statement.6.not_principals.#": "0",
                            "statement.6.not_resources.#": "0",
                            "statement.6.principals.#": "0",
                            "statement.6.resources.#": "1",
                            "statement.6.resources.2679715827": "*",
                            "statement.6.sid": "",
                            "statement.7.actions.#": "5",
                            "statement.7.actions.2164683621": "logs:DescribeLogGroups",
                            "statement.7.actions.2809485102": "logs:CreateLogGroup",
                            "statement.7.actions.3285979848": "logs:CreateLogStream",
                            "statement.7.actions.3697566380": "logs:DescribeLogStreams",
                            "statement.7.actions.39743051": "logs:PutLogEvents",
                            "statement.7.condition.#": "0",
                            "statement.7.effect": "Allow",
                            "statement.7.not_actions.#": "0",
                            "statement.7.not_principals.#": "0",
                            "statement.7.not_resources.#": "0",
                            "statement.7.principals.#": "0",
                            "statement.7.resources.#": "1",
                            "statement.7.resources.2679715827": "*",
                            "statement.7.sid": "",
                            "statement.8.actions.#": "6",
                            "statement.8.actions.2071725391": "s3:GetObject",
                            "statement.8.actions.2656303931": "s3:ListMultipartUploadParts",
                            "statement.8.actions.315547055": "s3:PutObject",
                            "statement.8.actions.329996733": "s3:AbortMultipartUpload",
                            "statement.8.actions.486976917": "s3:ListBucket",
                            "statement.8.actions.548422": "s3:ListBucketMultipartUploads",
                            "statement.8.condition.#": "0",
                            "statement.8.effect": "Allow",
                            "statement.8.not_actions.#": "0",
                            "statement.8.not_principals.#": "0",
                            "statement.8.not_resources.#": "0",
                            "statement.8.principals.#": "0",
                            "statement.8.resources.#": "1",
                            "statement.8.resources.2679715827": "*",
                            "statement.8.sid": ""
                        },
                        "meta": {},
                        "tainted": false
                    },
                    "deposed": [],
                    "provider": "provider.aws"
                },
                "data.aws_iam_policy_document.compute_node": {
                    "type": "aws_iam_policy_document",
                    "depends_on": [],
                    "primary": {
                        "id": "1673211335",
                        "attributes": {
                            "id": "1673211335",
                            "json": "{\n  \"Version\": \"2012-10-17\",\n  \"Statement\": [\n    {\n      \"Sid\": \"\",\n      \"Effect\": \"Allow\",\n      \"Action\": [\n        \"ssm:GetDocument\",\n        \"elasticloadbalancing:*\",\n        \"ec2:DetachVolume\",\n        \"ec2:AttachVolume\",\n        \"ec2:*\"\n      ],\n      \"Resource\": \"*\"\n    }\n  ]\n}",
                            "statement.#": "1",
                            "statement.0.actions.#": "5",
                            "statement.0.actions.1116652165": "ec2:AttachVolume",
                            "statement.0.actions.2597799863": "ec2:*",
                            "statement.0.actions.3357331461": "ec2:DetachVolume",
                            "statement.0.actions.3725379174": "elasticloadbalancing:*",
                            "statement.0.actions.799073488": "ssm:GetDocument",
                            "statement.0.condition.#": "0",
                            "statement.0.effect": "Allow",
                            "statement.0.not_actions.#": "0",
                            "statement.0.not_principals.#": "0",
                            "statement.0.not_resources.#": "0",
                            "statement.0.principals.#": "0",
                            "statement.0.resources.#": "1",
                            "statement.0.resources.2679715827": "*",
                            "statement.0.sid": ""
                        },
                        "meta": {},
                        "tainted": false
                    },
                    "deposed": [],
                    "provider": "provider.aws"
                },
                "data.aws_iam_policy_document.ec2": {
                    "type": "aws_iam_policy_document",
                    "depends_on": [],
                    "primary": {
                        "id": "1903849331",
                        "attributes": {
                            "id": "1903849331",
                            "json": "{\n  \"Version\": \"2012-10-17\",\n  \"Statement\": [\n    {\n      \"Sid\": \"\",\n      \"Effect\": \"Allow\",\n      \"Action\": \"sts:AssumeRole\",\n      \"Principal\": {\n        \"Service\": \"ec2.amazonaws.com\"\n      }\n    }\n  ]\n}",
                            "statement.#": "1",
                            "statement.0.actions.#": "1",
                            "statement.0.actions.2528466339": "sts:AssumeRole",
                            "statement.0.condition.#": "0",
                            "statement.0.effect": "Allow",
                            "statement.0.not_actions.#": "0",
                            "statement.0.not_principals.#": "0",
                            "statement.0.not_resources.#": "0",
                            "statement.0.principals.#": "1",
                            "statement.0.principals.1134724139.identifiers.#": "1",
                            "statement.0.principals.1134724139.identifiers.3655884555": "ec2.amazonaws.com",
                            "statement.0.principals.1134724139.type": "Service",
                            "statement.0.resources.#": "0",
                            "statement.0.sid": ""
                        },
                        "meta": {},
                        "tainted": false
                    },
                    "deposed": [],
                    "provider": "provider.aws"
                },
                "data.aws_iam_policy_document.master": {
                    "type": "aws_iam_policy_document",
                    "depends_on": [],
                    "primary": {
                        "id": "1040430429",
                        "attributes": {
                            "id": "1040430429",
                            "json": "{\n  \"Version\": \"2012-10-17\",\n  \"Statement\": [\n    {\n      \"Sid\": \"\",\n      \"Effect\": \"Allow\",\n      \"Action\": [\n        \"ssm:GetDocument\",\n        \"sns:ListTopics\",\n        \"sns:ListSubscriptionsByTopic\",\n        \"s3:ListBucket\",\n        \"s3:GetBucketWebsite\",\n        \"s3:GetBucketLocation\",\n        \"route53domains:*\",\n        \"route53:*\",\n        \"elasticloadbalancing:DescribeLoadBalancers\",\n        \"elasticloadbalancing:*\",\n        \"elasticbeanstalk:DescribeEnvironments\",\n        \"ec2:DetachVolume\",\n        \"ec2:DescribeVpcs\",\n        \"ec2:DescribeRegions\",\n        \"ec2:AttachVolume\",\n        \"ec2:*\",\n        \"cloudwatch:GetMetricStatistics\",\n        \"cloudwatch:DescribeAlarms\",\n        \"cloudfront:ListDistributions\"\n      ],\n      \"Resource\": \"*\"\n    }\n  ]\n}",
                            "statement.#": "1",
                            "statement.0.actions.#": "19",
                            "statement.0.actions.1116652165": "ec2:AttachVolume",
                            "statement.0.actions.1250009968": "route53:*",
                            "statement.0.actions.1425808641": "cloudfront:ListDistributions",
                            "statement.0.actions.1516387388": "s3:GetBucketWebsite",
                            "statement.0.actions.166828566": "cloudwatch:DescribeAlarms",
                            "statement.0.actions.2009174805": "elasticloadbalancing:DescribeLoadBalancers",
                            "statement.0.actions.234287718": "cloudwatch:GetMetricStatistics",
                            "statement.0.actions.2425111070": "sns:ListSubscriptionsByTopic",
                            "statement.0.actions.2597799863": "ec2:*",
                            "statement.0.actions.2619137355": "route53domains:*",
                            "statement.0.actions.2772249080": "ec2:DescribeVpcs",
                            "statement.0.actions.3357331461": "ec2:DetachVolume",
                            "statement.0.actions.3725379174": "elasticloadbalancing:*",
                            "statement.0.actions.3770552243": "elasticbeanstalk:DescribeEnvironments",
                            "statement.0.actions.3948445924": "s3:GetBucketLocation",
                            "statement.0.actions.3958039885": "ec2:DescribeRegions",
                            "statement.0.actions.486976917": "s3:ListBucket",
                            "statement.0.actions.5045593": "sns:ListTopics",
                            "statement.0.actions.799073488": "ssm:GetDocument",
                            "statement.0.condition.#": "0",
                            "statement.0.effect": "Allow",
                            "statement.0.not_actions.#": "0",
                            "statement.0.not_principals.#": "0",
                            "statement.0.not_resources.#": "0",
                            "statement.0.principals.#": "0",
                            "statement.0.resources.#": "1",
                            "statement.0.resources.2679715827": "*",
                            "statement.0.sid": ""
                        },
                        "meta": {},
                        "tainted": false
                    },
                    "deposed": [],
                    "provider": "provider.aws"
                },
                "data.aws_vpc.platform": {
                    "type": "aws_vpc",
                    "depends_on": [],
                    "primary": {
                        "id": "vpc-0d7e0da4903634311",
                        "attributes": {
                            "arn": "arn:aws:ec2:us-east-1:253007251743:vpc/vpc-0d7e0da4903634311",
                            "cidr_block": "10.0.0.0/16",
                            "cidr_block_associations.#": "1",
                            "cidr_block_associations.0.association_id": "vpc-cidr-assoc-0785410a1ac687624",
                            "cidr_block_associations.0.cidr_block": "10.0.0.0/16",
                            "cidr_block_associations.0.state": "associated",
                            "default": "false",
                            "dhcp_options_id": "dopt-36b6fe4d",
                            "enable_dns_hostnames": "true",
                            "enable_dns_support": "true",
                            "id": "vpc-0d7e0da4903634311",
                            "instance_tenancy": "default",
                            "ipv6_association_id": "vpc-cidr-assoc-023895cce4c84b4cc",
                            "ipv6_cidr_block": "2600:1f18:500:f900::/56",
                            "main_route_table_id": "rtb-077d16933d587cdad",
                            "state": "available",
                            "tags.%": "2",
                            "tags.Name": "sysmi-openshift",
                            "tags.kubernetes.io/cluster/sysmi-openshift": "owned"
                        },
                        "meta": {},
                        "tainted": false
                    },
                    "deposed": [],
                    "provider": "provider.aws"
                },
                "data.template_file.bastion_init": {
                    "type": "template_file",
                    "depends_on": [
                        "data.tls_public_key.platform",
                        "local.bastion_ssh_user"
                    ],
                    "primary": {
                        "id": "d28fa662f55023bc4713626ad6533ae37058796922b9e5bbbf517d8bbc0a06a0",
                        "attributes": {
                            "id": "d28fa662f55023bc4713626ad6533ae37058796922b9e5bbbf517d8bbc0a06a0",
                            "rendered": "#cloud-config\noutput: { all: \"| tee -a /var/log/cloud-init-output.log\" }\nwrite_files:\n-   content: LS0tLS1CRUdJTiBSU0EgUFJJVkFURSBLRVktLS0tLQpNSUlKS1FJQkFBS0NBZ0VBMEl4R1dSRU42WXhZcWhBdWkvZHpwbmwxbWVoRGtZSEJJdlR0VkVLRG5sZUJEQkRUClFldWVoQmowWTlBVE1xSnBOdkU5cjY2azZGcmFqcnVSUVBFeVdPTFBoOGpGSVZlUkU0aGpTTEZaS3FHVWp4WDYKdlNSWHVXMm1ydDZOZnVsTjFCa1RZMWtmQ0JaQ0sxWXBaOXgrRENqSjZUY1pVR2JSSzQ1NjZQdnhVNURYUWwxNQp6YVJwM2IvOXFvd0tLbmQrcGNwb3oveU44RDFkUW04Y3dzOTNpV2pDMWp3Y29MK3FzdC9zNWE5OW9UdldnTkp1CmJXUWU1bldaZXNVdU05Q3A5c3dHY1ZzeS9DMy9YaTF4cThORy93Y25tQmFmZXFUT3ZOSkwxV29YMFFqNVNxenYKQTVNWFpNby9jL2FrbVBZOFFpZ21NWTd6MmFLaU14K2VXSmd3dXZ0N2cyaFZvSERmTllkeGRRTitUYTlyZy9hSwpOS2dYZGR0QzV6blZxenhvL1oxNXJSeUYwZjhKNC8rVWhHcU9FZHI4RWU1QWNQb285NFY0ZEVxQ0t1Qmd5b2Q1CnZKdUpKUUJibjZrVjdxSUFZZ2xxOHQzVkdjRVZLUDhUUEJab1Rxc2ZmajJ4bWZ5blUvWGtzNStCdEZiWUlIUDkKR0tOY0U4RTBYVWUyYjQ4Sml4aEVsL2hHZ2JlTVNpZnFkMlgwYlNNbHBtdURLRmtIQy9IYmNPSXMzQzhBazN5MgpGU3B6SXhPajRhWVFxM1pCZUx5NzVOZkxRTm9rK0F5QTdGZksxazhIZXdqVnBvdGNRcFZDTGR4NVFhS3UzZ2xvCmlEcTBuYXlvUFd3czNpL3ByTktOdmhUSnN1NzhwQjViQ1dqa0F2Mm9sT0JxS0hrTkFGSDRiZExSUXNFQ0F3RUEKQVFLQ0FnRUFsWWd2SE1mVXNPUVg0d0N0VDJERGhOZE1FbW51b05ObnQzZmsvK2lkVlJpckNBcThYMlRoaVJnWAppOFh6TGZnejl0Z3RBZDM0a2o0cXZmTVJxSDRKT3FDT2EyN3lvZ0NXbm1uSnZxS2pLNlVseng3VVpYQThrbEZrCkZiaXZ2aExzNGlxRXMxU0FvcHpMSHlXdGxMSU5rd3hnRWgrV3dBYW83bEZBSWZRY1NtM3RXc0dKaDREZkE4Z1kKeTRPVCtuVXAweGg1NUwvU3lqSkZ2MC9LVUlqUHppL1duQ1FINXQ3bk4xREdITDZqRnN1Lzl5aHJVM1paamFjKwp3RC9IN0JFdS9TMjNaT29lZWFGRm5MSjY4Y3lZQ0Y2Sjdrd3lWNDc2U1h1RU1tYmE0dUJMVjFiK0hoTUcwQmNRClBrYllLSEZPTGFWNkZVako0Zi94eXpSZHBtcWhiUFZtU2Z5YzkrNHdPUFR6azZVcnJiZ1dzbzhBVm9UcStYakgKYjJ4VnFGRk1yajlDTGRzRWxtWVVSUFE4cGZRbXF5OFVvem1xWVJVdjJWaUtIK0tMVGYxY1psWkNLbStYNEtSUAppZHpvUEU2RlkwZGtCY2lYQjFYaEhLYlpzbXk3Q2VFSVIyL3kzaUZsbkZDTmp6Uml3SzlkdTlnbllDR3Z1ZGdHCnk5YnIzOFhFMHA5VWhqL2NDaE9vcGZHWWlGTWdzSml3M0xhSlJxWlVvNmVhc0pIVWE5RWNFZ1Z0VzllcE03dXQKVXhkeVhwdWFSdHduL2pZM2Zha1dibU4yWkVrcHNOKzc2dVlyQnJmcjhNSWg0Q2hqalAzQ1NaOHNSdEtycEUwQQo1Z096TVVnc3E0SC93a0E5STRyN0prK2hDTzJSblZ3QkVvd3hQcTN6RnYvSWhvOEoyRUVDZ2dFQkFPckZ1TVY5CnEyaFBoKzlMYU9UOTFnNk11aW0weVUrdlVncjNMMUZKck9QRGZvUVk3T0poSDlWTEdhK2NBY250OEpYRlhkQmsKdEdaSmJtZVc0YkNIaUVSaEVBRlFYOWVEaDQzTXlJMG41aVMvdjNjb1VsRktpUnZPS3BtUlArRWJQK2xNOWdQZApHZ0liMEsxYStWVUYxenZsUVB0MFhxcGxxTWZwSENsTzdiOXd0UEtqcFdlVUFnbWo3TmVuSnpZUkI5TUErSGhCCnBMZXpoM0RWWTFpV0VQVUY1NVl1aStrVTRzd3E2MURQb29hUnBha0ljYkV5OUpvc2k0ODZuRUZPbXAwTkFTTCsKcStNNEFuOEJFNnJPZFlYdkJENnhZbVgrcUdkNloxV1Y5bUF2TSsyUk9vbUd4dHlWM1JNRCtQcjdLODd1ZDZRdwpVcm5PN3R6Rzhoc0lyTGtDZ2dFQkFPTm5pVmdaYThqc2pzZkQ4RzNaRi9MMHkwaVpPU0dQZ21meXVKK1JKaXVaCkkwVTk0T25FemxpOEhCa2xUcEdoTDEyRjRZaWlDTXVoMzdsOFRrRXBaQ1ZvY1lPSjFhZWtjaVE0Nm5KUTNJbU8KTGt5TnFOSXBEMDJmMkdYZ1ZjVEFWaGlxYlkxT1RBOHBPczNpd0pyMXNaQzlhWG4zTm5qUVE0QUJSSkEzaWxnZAo3N0R0OGIyUjFBMUdHTkpoM1g3TGZKUXBvK25CUW9VRWcwOUJjY1VIMVZBaGVjOXNTNkVQTjRxZlZwSVEzc0pZClVDc05IL2pKR2JJMHRtclM4SXBXNUxabk9RVFZQMUQ5SFY0TVQ2RnJxUHVkTTBsaVRDbUt6T1NIRW01TEZuMzUKQnJXVlNzTFR6eGdYT0kvNHUwbDZEeEw1S2lVdFhDMWJEblpRREo5TEVra0NnZ0VBZXE2K0FuM01QNk1uenRWaQpTQitaWjFzRXdWeVd3a3hFbkRSVmhxM3dhY2t6Nk1XNXJBYkRBc3ZPN1dTaHpxckhTUXl0SElRemZTd3NSSGVsCkVvR1FwT0x2NFMvbUZaSEhHVU9GSGJaVzNxZFEzMnl6cjRVNnBzd1NtTk05UlYzZkJRUlJudTFBZFEraCthVUwKbS9HRWF1ay9EdWZkdkQrSmRvWUxVRTdOa0hmT0p1bDdPdWd1TkdsMEQ3RnFuU2RESm5GZ1pqOHZXMHUyb0REeQpURTJIS1BOZjlLdjRNdUhXTG9qVEZSU2J3cVNEcEJRa2pVdXFaSktZajAwNmNDb3FRNTJURlgxdHh6dnltZm12CkZGZjFNL3NXQmNqZU9aeGMxazR4aDVqbytaUlJGM2tIMU93WUtSY3JRbytWNFZtMXA5b1hyVFlQVk1lZExNUE4KcW5EYkNRS0NBUUFjQ1ZmVmxNekZLT1V4bSthNHBGdGZpTzdITkp6bWxscnRsZTlOUFFnSHVBbXhMNy9iRW5pZQpXQkxleHNxNUNiWmRRWFJjOUIxQmZlT25hcnY3TEs4OExYUlJVMTBVSGlJMGRRL3lxQ1dJa0E4RlFUSGZOMUM3CnNVbHN4Z3ZOQmltWFFPdmcwQlp3aUJUSDdYenhuZmtXYjBQaDFhalJuRnUySEhIbmxmRm9pOGhSZUFTbDZxVEsKUGlveFJmK1k4bDJacHNpZXVVVUtRVlF2SVZKMWlGRzBYMncxTnBUY2RwUFNjM0tvNzR1SFNud1gwclp1WmR6VgpLOHFSd1JBRy9rK1ViWVdLSXdCN2E3bURMdUZpZFhPUUVnR1F1cDNKUVdPaGlVV3NjM1dDY29GeFFjYkYzbmRaCjhRTDRQU0phSE1KZkJIazl2Q254TFpqSzNYT3c4QUNCQW9JQkFRQ2gwa1JSNmRjSUFNMlV2WjhxU2dWL1VSYW8KekY4WStZNTZ1RzhNOXE0anA1bW94d1VZRkRJRVhXYXQ2bG9WYlRidEtWQytabFpuL1JqMEVzWmlvOERoWldVNQpTTGVqalhid2RiTkVQN2ZHc3BDd1pSMW5ucElKaE10UVM4NFFXVnFhWVRxZi9HWlBiMy9oSUx5WFdMS3BTajJ3CmpsUVhjMklzaTZGeHZXOW1BUzVUTUxSYzFoQlM2R2pjTmc0R05ZV2RKcDFhSFpvMkQ1L1ZUVDZjS3NiTGRocDMKeWhmSmFmKyt5STBndjQ5WFk1cG1id3UvejdRYTU2WGZjdS9lQmhZRWlVbm95U2pTTXQwaVRnemVTdjhMdCtHdApqVlllQkgwY09pek9Mc0FBZ1pFZUc1UVU0UTdpd1hKUzcxUnVkeFVGR3dtZXJwMVBPaEhGZWVYMWtuWGYKLS0tLS1FTkQgUlNBIFBSSVZBVEUgS0VZLS0tLS0K\n    encoding: base64\n    path: /root/platform_id_rsa\n    permissions: '0600'\n-  content: |\n    #!/bin/bash -ex\n    REGION=`curl -s http://169.254.169.254/latest/dynamic/instance-identity/document |grep region|awk -F\\\" '{print $4}'`\n    export AWS_DEFAULT_REGION=${REGION}\n    INSTANCE_ID=`curl http://169.254.169.254/latest/meta-data/instance-id`\n    for ALLOC_ID in `aws ec2 describe-addresses --filter \"Name=domain,Values=vpc\" \"Name=tag:Role,Values=bastion\" \"Name=tag:kubernetes.io/cluster/sysmi-openshift,Values=owned\" | /usr/local/bin/jq '.Addresses[].AllocationId' | cut -d '\"' -f 2`\n    do\n      aws ec2 associate-address --instance-id ${INSTANCE_ID} --allocation-id ${ALLOC_ID} --no-allow-reassociation\n      STATUS=$?\n      if [ 0 = ${STATUS} ] ; then\n        exit 0\n      fi\n    done\n   path: /root/arrocate-eip.sh\n   permissions: '0700'\n-  content: |\n    #!/bin/bash -ex\n    while [ ! -f /root/.provisioning-finished ]\n    do\n        echo -n \"#\"\n        sleep 1\n    done\n   path: /root/ensure-provisioned.sh\n   permissions: '0777'\n\nruncmd:\n - curl -o /usr/local/bin/jq -L https://github.com/stedolan/jq/releases/download/jq-1.5/jq-linux64 \u0026\u0026 chmod +x /usr/local/bin/jq\n - curl -kL https://bootstrap.pypa.io/get-pip.py | python\n - pip install awscli --upgrade\n - pip install boto3 --upgrade\n - pip install boto --upgrade\n - sh /root/arrocate-eip.sh\n - mkdir -p /home/centos/.ssh\n - cp /root/platform_id_rsa /home/centos/.ssh/id_rsa\n - chown centos:centos /home/centos/.ssh/id_rsa\n - touch /root/.provisioning-finished \u0026\u0026 chmod 644 /root/.provisioning-finished\n",
                            "template": "#cloud-config\noutput: { all: \"| tee -a /var/log/cloud-init-output.log\" }\nwrite_files:\n-   content: ${platform_id_rsa}\n    encoding: base64\n    path: /root/platform_id_rsa\n    permissions: '0600'\n-  content: |\n    #!/bin/bash -ex\n    REGION=`curl -s http://169.254.169.254/latest/dynamic/instance-identity/document |grep region|awk -F\\\" '{print $4}'`\n    export AWS_DEFAULT_REGION=$${REGION}\n    INSTANCE_ID=`curl http://169.254.169.254/latest/meta-data/instance-id`\n    for ALLOC_ID in `aws ec2 describe-addresses --filter \"Name=domain,Values=vpc\" \"Name=tag:Role,Values=bastion\" \"Name=tag:kubernetes.io/cluster/${platform_name},Values=owned\" | /usr/local/bin/jq '.Addresses[].AllocationId' | cut -d '\"' -f 2`\n    do\n      aws ec2 associate-address --instance-id $${INSTANCE_ID} --allocation-id $${ALLOC_ID} --no-allow-reassociation\n      STATUS=$$?\n      if [ 0 = $${STATUS} ] ; then\n        exit 0\n      fi\n    done\n   path: /root/arrocate-eip.sh\n   permissions: '0700'\n-  content: |\n    #!/bin/bash -ex\n    while [ ! -f /root/.provisioning-finished ]\n    do\n        echo -n \"#\"\n        sleep 1\n    done\n   path: /root/ensure-provisioned.sh\n   permissions: '0777'\n\nruncmd:\n - curl -o /usr/local/bin/jq -L https://github.com/stedolan/jq/releases/download/jq-1.5/jq-linux64 \u0026\u0026 chmod +x /usr/local/bin/jq\n - curl -kL https://bootstrap.pypa.io/get-pip.py | python\n - pip install awscli --upgrade\n - pip install boto3 --upgrade\n - pip install boto --upgrade\n - sh /root/arrocate-eip.sh\n - mkdir -p /home/${bastion_ssh_user}/.ssh\n - cp /root/platform_id_rsa /home/${bastion_ssh_user}/.ssh/id_rsa\n - chown ${bastion_ssh_user}:${bastion_ssh_user} /home/${bastion_ssh_user}/.ssh/id_rsa\n - touch /root/.provisioning-finished \u0026\u0026 chmod 644 /root/.provisioning-finished\n",
                            "vars.%": "3",
                            "vars.bastion_ssh_user": "centos",
                            "vars.platform_id_rsa": "LS0tLS1CRUdJTiBSU0EgUFJJVkFURSBLRVktLS0tLQpNSUlKS1FJQkFBS0NBZ0VBMEl4R1dSRU42WXhZcWhBdWkvZHpwbmwxbWVoRGtZSEJJdlR0VkVLRG5sZUJEQkRUClFldWVoQmowWTlBVE1xSnBOdkU5cjY2azZGcmFqcnVSUVBFeVdPTFBoOGpGSVZlUkU0aGpTTEZaS3FHVWp4WDYKdlNSWHVXMm1ydDZOZnVsTjFCa1RZMWtmQ0JaQ0sxWXBaOXgrRENqSjZUY1pVR2JSSzQ1NjZQdnhVNURYUWwxNQp6YVJwM2IvOXFvd0tLbmQrcGNwb3oveU44RDFkUW04Y3dzOTNpV2pDMWp3Y29MK3FzdC9zNWE5OW9UdldnTkp1CmJXUWU1bldaZXNVdU05Q3A5c3dHY1ZzeS9DMy9YaTF4cThORy93Y25tQmFmZXFUT3ZOSkwxV29YMFFqNVNxenYKQTVNWFpNby9jL2FrbVBZOFFpZ21NWTd6MmFLaU14K2VXSmd3dXZ0N2cyaFZvSERmTllkeGRRTitUYTlyZy9hSwpOS2dYZGR0QzV6blZxenhvL1oxNXJSeUYwZjhKNC8rVWhHcU9FZHI4RWU1QWNQb285NFY0ZEVxQ0t1Qmd5b2Q1CnZKdUpKUUJibjZrVjdxSUFZZ2xxOHQzVkdjRVZLUDhUUEJab1Rxc2ZmajJ4bWZ5blUvWGtzNStCdEZiWUlIUDkKR0tOY0U4RTBYVWUyYjQ4Sml4aEVsL2hHZ2JlTVNpZnFkMlgwYlNNbHBtdURLRmtIQy9IYmNPSXMzQzhBazN5MgpGU3B6SXhPajRhWVFxM1pCZUx5NzVOZkxRTm9rK0F5QTdGZksxazhIZXdqVnBvdGNRcFZDTGR4NVFhS3UzZ2xvCmlEcTBuYXlvUFd3czNpL3ByTktOdmhUSnN1NzhwQjViQ1dqa0F2Mm9sT0JxS0hrTkFGSDRiZExSUXNFQ0F3RUEKQVFLQ0FnRUFsWWd2SE1mVXNPUVg0d0N0VDJERGhOZE1FbW51b05ObnQzZmsvK2lkVlJpckNBcThYMlRoaVJnWAppOFh6TGZnejl0Z3RBZDM0a2o0cXZmTVJxSDRKT3FDT2EyN3lvZ0NXbm1uSnZxS2pLNlVseng3VVpYQThrbEZrCkZiaXZ2aExzNGlxRXMxU0FvcHpMSHlXdGxMSU5rd3hnRWgrV3dBYW83bEZBSWZRY1NtM3RXc0dKaDREZkE4Z1kKeTRPVCtuVXAweGg1NUwvU3lqSkZ2MC9LVUlqUHppL1duQ1FINXQ3bk4xREdITDZqRnN1Lzl5aHJVM1paamFjKwp3RC9IN0JFdS9TMjNaT29lZWFGRm5MSjY4Y3lZQ0Y2Sjdrd3lWNDc2U1h1RU1tYmE0dUJMVjFiK0hoTUcwQmNRClBrYllLSEZPTGFWNkZVako0Zi94eXpSZHBtcWhiUFZtU2Z5YzkrNHdPUFR6azZVcnJiZ1dzbzhBVm9UcStYakgKYjJ4VnFGRk1yajlDTGRzRWxtWVVSUFE4cGZRbXF5OFVvem1xWVJVdjJWaUtIK0tMVGYxY1psWkNLbStYNEtSUAppZHpvUEU2RlkwZGtCY2lYQjFYaEhLYlpzbXk3Q2VFSVIyL3kzaUZsbkZDTmp6Uml3SzlkdTlnbllDR3Z1ZGdHCnk5YnIzOFhFMHA5VWhqL2NDaE9vcGZHWWlGTWdzSml3M0xhSlJxWlVvNmVhc0pIVWE5RWNFZ1Z0VzllcE03dXQKVXhkeVhwdWFSdHduL2pZM2Zha1dibU4yWkVrcHNOKzc2dVlyQnJmcjhNSWg0Q2hqalAzQ1NaOHNSdEtycEUwQQo1Z096TVVnc3E0SC93a0E5STRyN0prK2hDTzJSblZ3QkVvd3hQcTN6RnYvSWhvOEoyRUVDZ2dFQkFPckZ1TVY5CnEyaFBoKzlMYU9UOTFnNk11aW0weVUrdlVncjNMMUZKck9QRGZvUVk3T0poSDlWTEdhK2NBY250OEpYRlhkQmsKdEdaSmJtZVc0YkNIaUVSaEVBRlFYOWVEaDQzTXlJMG41aVMvdjNjb1VsRktpUnZPS3BtUlArRWJQK2xNOWdQZApHZ0liMEsxYStWVUYxenZsUVB0MFhxcGxxTWZwSENsTzdiOXd0UEtqcFdlVUFnbWo3TmVuSnpZUkI5TUErSGhCCnBMZXpoM0RWWTFpV0VQVUY1NVl1aStrVTRzd3E2MURQb29hUnBha0ljYkV5OUpvc2k0ODZuRUZPbXAwTkFTTCsKcStNNEFuOEJFNnJPZFlYdkJENnhZbVgrcUdkNloxV1Y5bUF2TSsyUk9vbUd4dHlWM1JNRCtQcjdLODd1ZDZRdwpVcm5PN3R6Rzhoc0lyTGtDZ2dFQkFPTm5pVmdaYThqc2pzZkQ4RzNaRi9MMHkwaVpPU0dQZ21meXVKK1JKaXVaCkkwVTk0T25FemxpOEhCa2xUcEdoTDEyRjRZaWlDTXVoMzdsOFRrRXBaQ1ZvY1lPSjFhZWtjaVE0Nm5KUTNJbU8KTGt5TnFOSXBEMDJmMkdYZ1ZjVEFWaGlxYlkxT1RBOHBPczNpd0pyMXNaQzlhWG4zTm5qUVE0QUJSSkEzaWxnZAo3N0R0OGIyUjFBMUdHTkpoM1g3TGZKUXBvK25CUW9VRWcwOUJjY1VIMVZBaGVjOXNTNkVQTjRxZlZwSVEzc0pZClVDc05IL2pKR2JJMHRtclM4SXBXNUxabk9RVFZQMUQ5SFY0TVQ2RnJxUHVkTTBsaVRDbUt6T1NIRW01TEZuMzUKQnJXVlNzTFR6eGdYT0kvNHUwbDZEeEw1S2lVdFhDMWJEblpRREo5TEVra0NnZ0VBZXE2K0FuM01QNk1uenRWaQpTQitaWjFzRXdWeVd3a3hFbkRSVmhxM3dhY2t6Nk1XNXJBYkRBc3ZPN1dTaHpxckhTUXl0SElRemZTd3NSSGVsCkVvR1FwT0x2NFMvbUZaSEhHVU9GSGJaVzNxZFEzMnl6cjRVNnBzd1NtTk05UlYzZkJRUlJudTFBZFEraCthVUwKbS9HRWF1ay9EdWZkdkQrSmRvWUxVRTdOa0hmT0p1bDdPdWd1TkdsMEQ3RnFuU2RESm5GZ1pqOHZXMHUyb0REeQpURTJIS1BOZjlLdjRNdUhXTG9qVEZSU2J3cVNEcEJRa2pVdXFaSktZajAwNmNDb3FRNTJURlgxdHh6dnltZm12CkZGZjFNL3NXQmNqZU9aeGMxazR4aDVqbytaUlJGM2tIMU93WUtSY3JRbytWNFZtMXA5b1hyVFlQVk1lZExNUE4KcW5EYkNRS0NBUUFjQ1ZmVmxNekZLT1V4bSthNHBGdGZpTzdITkp6bWxscnRsZTlOUFFnSHVBbXhMNy9iRW5pZQpXQkxleHNxNUNiWmRRWFJjOUIxQmZlT25hcnY3TEs4OExYUlJVMTBVSGlJMGRRL3lxQ1dJa0E4RlFUSGZOMUM3CnNVbHN4Z3ZOQmltWFFPdmcwQlp3aUJUSDdYenhuZmtXYjBQaDFhalJuRnUySEhIbmxmRm9pOGhSZUFTbDZxVEsKUGlveFJmK1k4bDJacHNpZXVVVUtRVlF2SVZKMWlGRzBYMncxTnBUY2RwUFNjM0tvNzR1SFNud1gwclp1WmR6VgpLOHFSd1JBRy9rK1ViWVdLSXdCN2E3bURMdUZpZFhPUUVnR1F1cDNKUVdPaGlVV3NjM1dDY29GeFFjYkYzbmRaCjhRTDRQU0phSE1KZkJIazl2Q254TFpqSzNYT3c4QUNCQW9JQkFRQ2gwa1JSNmRjSUFNMlV2WjhxU2dWL1VSYW8KekY4WStZNTZ1RzhNOXE0anA1bW94d1VZRkRJRVhXYXQ2bG9WYlRidEtWQytabFpuL1JqMEVzWmlvOERoWldVNQpTTGVqalhid2RiTkVQN2ZHc3BDd1pSMW5ucElKaE10UVM4NFFXVnFhWVRxZi9HWlBiMy9oSUx5WFdMS3BTajJ3CmpsUVhjMklzaTZGeHZXOW1BUzVUTUxSYzFoQlM2R2pjTmc0R05ZV2RKcDFhSFpvMkQ1L1ZUVDZjS3NiTGRocDMKeWhmSmFmKyt5STBndjQ5WFk1cG1id3UvejdRYTU2WGZjdS9lQmhZRWlVbm95U2pTTXQwaVRnemVTdjhMdCtHdApqVlllQkgwY09pek9Mc0FBZ1pFZUc1UVU0UTdpd1hKUzcxUnVkeFVGR3dtZXJwMVBPaEhGZWVYMWtuWGYKLS0tLS1FTkQgUlNBIFBSSVZBVEUgS0VZLS0tLS0K",
                            "vars.platform_name": "sysmi-openshift"
                        },
                        "meta": {},
                        "tainted": false
                    },
                    "deposed": [],
                    "provider": "provider.template"
                },
                "data.template_file.master": {
                    "type": "template_file",
                    "depends_on": [],
                    "primary": {
                        "id": "f71a50407a1ef2ed496e2f0af9564965128fd3fe4039e8efa86831e1e9f7c8f8",
                        "attributes": {
                            "id": "f71a50407a1ef2ed496e2f0af9564965128fd3fe4039e8efa86831e1e9f7c8f8",
                            "rendered": "#cloud-config\noutput: { all: \"| tee -a /var/log/cloud-init-output.log\" }\nruncmd:\n - curl -o /usr/local/bin/jq -L https://github.com/stedolan/jq/releases/download/jq-1.5/jq-linux64 \u0026\u0026 chmod +x /usr/local/bin/jq\n - curl -kL https://bootstrap.pypa.io/get-pip.py | python\n - pip install awscli --upgrade\n - touch /root/.provisioning-finished \u0026\u0026 chmod 644 /root/.provisioning-finished\n",
                            "template": "#cloud-config\noutput: { all: \"| tee -a /var/log/cloud-init-output.log\" }\nruncmd:\n - curl -o /usr/local/bin/jq -L https://github.com/stedolan/jq/releases/download/jq-1.5/jq-linux64 \u0026\u0026 chmod +x /usr/local/bin/jq\n - curl -kL https://bootstrap.pypa.io/get-pip.py | python\n - pip install awscli --upgrade\n - touch /root/.provisioning-finished \u0026\u0026 chmod 644 /root/.provisioning-finished\n",
                            "vars.%": "1",
                            "vars.platform_name": "sysmi-openshift"
                        },
                        "meta": {},
                        "tainted": false
                    },
                    "deposed": [],
                    "provider": "provider.template"
                },
                "data.tls_public_key.platform": {
                    "type": "tls_public_key",
                    "depends_on": [
                        "tls_private_key.platform"
                    ],
                    "primary": {
                        "id": "67e2c591c0bbee20867f1442702c9e173fe859ac",
                        "attributes": {
                            "algorithm": "RSA",
                            "id": "67e2c591c0bbee20867f1442702c9e173fe859ac",
                            "private_key_pem": "-----BEGIN RSA PRIVATE KEY-----\nMIIJKQIBAAKCAgEA0IxGWREN6YxYqhAui/dzpnl1mehDkYHBIvTtVEKDnleBDBDT\nQeuehBj0Y9ATMqJpNvE9r66k6FrajruRQPEyWOLPh8jFIVeRE4hjSLFZKqGUjxX6\nvSRXuW2mrt6NfulN1BkTY1kfCBZCK1YpZ9x+DCjJ6TcZUGbRK4566PvxU5DXQl15\nzaRp3b/9qowKKnd+pcpoz/yN8D1dQm8cws93iWjC1jwcoL+qst/s5a99oTvWgNJu\nbWQe5nWZesUuM9Cp9swGcVsy/C3/Xi1xq8NG/wcnmBafeqTOvNJL1WoX0Qj5Sqzv\nA5MXZMo/c/akmPY8QigmMY7z2aKiMx+eWJgwuvt7g2hVoHDfNYdxdQN+Ta9rg/aK\nNKgXddtC5znVqzxo/Z15rRyF0f8J4/+UhGqOEdr8Ee5AcPoo94V4dEqCKuBgyod5\nvJuJJQBbn6kV7qIAYglq8t3VGcEVKP8TPBZoTqsffj2xmfynU/Xks5+BtFbYIHP9\nGKNcE8E0XUe2b48JixhEl/hGgbeMSifqd2X0bSMlpmuDKFkHC/HbcOIs3C8Ak3y2\nFSpzIxOj4aYQq3ZBeLy75NfLQNok+AyA7FfK1k8HewjVpotcQpVCLdx5QaKu3glo\niDq0nayoPWws3i/prNKNvhTJsu78pB5bCWjkAv2olOBqKHkNAFH4bdLRQsECAwEA\nAQKCAgEAlYgvHMfUsOQX4wCtT2DDhNdMEmnuoNNnt3fk/+idVRirCAq8X2ThiRgX\ni8XzLfgz9tgtAd34kj4qvfMRqH4JOqCOa27yogCWnmnJvqKjK6Ulzx7UZXA8klFk\nFbivvhLs4iqEs1SAopzLHyWtlLINkwxgEh+WwAao7lFAIfQcSm3tWsGJh4DfA8gY\ny4OT+nUp0xh55L/SyjJFv0/KUIjPzi/WnCQH5t7nN1DGHL6jFsu/9yhrU3ZZjac+\nwD/H7BEu/S23ZOoeeaFFnLJ68cyYCF6J7kwyV476SXuEMmba4uBLV1b+HhMG0BcQ\nPkbYKHFOLaV6FUjJ4f/xyzRdpmqhbPVmSfyc9+4wOPTzk6UrrbgWso8AVoTq+XjH\nb2xVqFFMrj9CLdsElmYURPQ8pfQmqy8UozmqYRUv2ViKH+KLTf1cZlZCKm+X4KRP\nidzoPE6FY0dkBciXB1XhHKbZsmy7CeEIR2/y3iFlnFCNjzRiwK9du9gnYCGvudgG\ny9br38XE0p9Uhj/cChOopfGYiFMgsJiw3LaJRqZUo6easJHUa9EcEgVtW9epM7ut\nUxdyXpuaRtwn/jY3fakWbmN2ZEkpsN+76uYrBrfr8MIh4ChjjP3CSZ8sRtKrpE0A\n5gOzMUgsq4H/wkA9I4r7Jk+hCO2RnVwBEowxPq3zFv/Iho8J2EECggEBAOrFuMV9\nq2hPh+9LaOT91g6Muim0yU+vUgr3L1FJrOPDfoQY7OJhH9VLGa+cAcnt8JXFXdBk\ntGZJbmeW4bCHiERhEAFQX9eDh43MyI0n5iS/v3coUlFKiRvOKpmRP+EbP+lM9gPd\nGgIb0K1a+VUF1zvlQPt0XqplqMfpHClO7b9wtPKjpWeUAgmj7NenJzYRB9MA+HhB\npLezh3DVY1iWEPUF55Yui+kU4swq61DPooaRpakIcbEy9Josi486nEFOmp0NASL+\nq+M4An8BE6rOdYXvBD6xYmX+qGd6Z1WV9mAvM+2ROomGxtyV3RMD+Pr7K87ud6Qw\nUrnO7tzG8hsIrLkCggEBAONniVgZa8jsjsfD8G3ZF/L0y0iZOSGPgmfyuJ+RJiuZ\nI0U94OnEzli8HBklTpGhL12F4YiiCMuh37l8TkEpZCVocYOJ1aekciQ46nJQ3ImO\nLkyNqNIpD02f2GXgVcTAVhiqbY1OTA8pOs3iwJr1sZC9aXn3NnjQQ4ABRJA3ilgd\n77Dt8b2R1A1GGNJh3X7LfJQpo+nBQoUEg09BccUH1VAhec9sS6EPN4qfVpIQ3sJY\nUCsNH/jJGbI0tmrS8IpW5LZnOQTVP1D9HV4MT6FrqPudM0liTCmKzOSHEm5LFn35\nBrWVSsLTzxgXOI/4u0l6DxL5KiUtXC1bDnZQDJ9LEkkCggEAeq6+An3MP6MnztVi\nSB+ZZ1sEwVyWwkxEnDRVhq3wackz6MW5rAbDAsvO7WShzqrHSQytHIQzfSwsRHel\nEoGQpOLv4S/mFZHHGUOFHbZW3qdQ32yzr4U6pswSmNM9RV3fBQRRnu1AdQ+h+aUL\nm/GEauk/DufdvD+JdoYLUE7NkHfOJul7OuguNGl0D7FqnSdDJnFgZj8vW0u2oDDy\nTE2HKPNf9Kv4MuHWLojTFRSbwqSDpBQkjUuqZJKYj006cCoqQ52TFX1txzvymfmv\nFFf1M/sWBcjeOZxc1k4xh5jo+ZRRF3kH1OwYKRcrQo+V4Vm1p9oXrTYPVMedLMPN\nqnDbCQKCAQAcCVfVlMzFKOUxm+a4pFtfiO7HNJzmllrtle9NPQgHuAmxL7/bEnie\nWBLexsq5CbZdQXRc9B1BfeOnarv7LK88LXRRU10UHiI0dQ/yqCWIkA8FQTHfN1C7\nsUlsxgvNBimXQOvg0BZwiBTH7XzxnfkWb0Ph1ajRnFu2HHHnlfFoi8hReASl6qTK\nPioxRf+Y8l2ZpsieuUUKQVQvIVJ1iFG0X2w1NpTcdpPSc3Ko74uHSnwX0rZuZdzV\nK8qRwRAG/k+UbYWKIwB7a7mDLuFidXOQEgGQup3JQWOhiUWsc3WCcoFxQcbF3ndZ\n8QL4PSJaHMJfBHk9vCnxLZjK3XOw8ACBAoIBAQCh0kRR6dcIAM2UvZ8qSgV/URao\nzF8Y+Y56uG8M9q4jp5moxwUYFDIEXWat6loVbTbtKVC+ZlZn/Rj0EsZio8DhZWU5\nSLejjXbwdbNEP7fGspCwZR1nnpIJhMtQS84QWVqaYTqf/GZPb3/hILyXWLKpSj2w\njlQXc2Isi6FxvW9mAS5TMLRc1hBS6GjcNg4GNYWdJp1aHZo2D5/VTT6cKsbLdhp3\nyhfJaf++yI0gv49XY5pmbwu/z7Qa56Xfcu/eBhYEiUnoySjSMt0iTgzeSv8Lt+Gt\njVYeBH0cOizOLsAAgZEeG5QU4Q7iwXJS71RudxUFGwmerp1POhHFeeX1knXf\n-----END RSA PRIVATE KEY-----\n",
                            "public_key_fingerprint_md5": "43:ea:b6:08:27:1b:8e:87:82:20:d4:eb:be:7a:f5:64",
                            "public_key_openssh": "ssh-rsa AAAAB3NzaC1yc2EAAAADAQABAAACAQDQjEZZEQ3pjFiqEC6L93OmeXWZ6EORgcEi9O1UQoOeV4EMENNB656EGPRj0BMyomk28T2vrqToWtqOu5FA8TJY4s+HyMUhV5ETiGNIsVkqoZSPFfq9JFe5baau3o1+6U3UGRNjWR8IFkIrViln3H4MKMnpNxlQZtErjnro+/FTkNdCXXnNpGndv/2qjAoqd36lymjP/I3wPV1CbxzCz3eJaMLWPBygv6qy3+zlr32hO9aA0m5tZB7mdZl6xS4z0Kn2zAZxWzL8Lf9eLXGrw0b/ByeYFp96pM680kvVahfRCPlKrO8Dkxdkyj9z9qSY9jxCKCYxjvPZoqIzH55YmDC6+3uDaFWgcN81h3F1A35Nr2uD9oo0qBd120LnOdWrPGj9nXmtHIXR/wnj/5SEao4R2vwR7kBw+ij3hXh0SoIq4GDKh3m8m4klAFufqRXuogBiCWry3dUZwRUo/xM8FmhOqx9+PbGZ/KdT9eSzn4G0Vtggc/0Yo1wTwTRdR7ZvjwmLGESX+EaBt4xKJ+p3ZfRtIyWma4MoWQcL8dtw4izcLwCTfLYVKnMjE6PhphCrdkF4vLvk18tA2iT4DIDsV8rWTwd7CNWmi1xClUIt3HlBoq7eCWiIOrSdrKg9bCzeL+ms0o2+FMmy7vykHlsJaOQC/aiU4GooeQ0AUfht0tFCwQ==\n",
                            "public_key_pem": "-----BEGIN PUBLIC KEY-----\nMIICIjANBgkqhkiG9w0BAQEFAAOCAg8AMIICCgKCAgEA0IxGWREN6YxYqhAui/dz\npnl1mehDkYHBIvTtVEKDnleBDBDTQeuehBj0Y9ATMqJpNvE9r66k6FrajruRQPEy\nWOLPh8jFIVeRE4hjSLFZKqGUjxX6vSRXuW2mrt6NfulN1BkTY1kfCBZCK1YpZ9x+\nDCjJ6TcZUGbRK4566PvxU5DXQl15zaRp3b/9qowKKnd+pcpoz/yN8D1dQm8cws93\niWjC1jwcoL+qst/s5a99oTvWgNJubWQe5nWZesUuM9Cp9swGcVsy/C3/Xi1xq8NG\n/wcnmBafeqTOvNJL1WoX0Qj5SqzvA5MXZMo/c/akmPY8QigmMY7z2aKiMx+eWJgw\nuvt7g2hVoHDfNYdxdQN+Ta9rg/aKNKgXddtC5znVqzxo/Z15rRyF0f8J4/+UhGqO\nEdr8Ee5AcPoo94V4dEqCKuBgyod5vJuJJQBbn6kV7qIAYglq8t3VGcEVKP8TPBZo\nTqsffj2xmfynU/Xks5+BtFbYIHP9GKNcE8E0XUe2b48JixhEl/hGgbeMSifqd2X0\nbSMlpmuDKFkHC/HbcOIs3C8Ak3y2FSpzIxOj4aYQq3ZBeLy75NfLQNok+AyA7FfK\n1k8HewjVpotcQpVCLdx5QaKu3gloiDq0nayoPWws3i/prNKNvhTJsu78pB5bCWjk\nAv2olOBqKHkNAFH4bdLRQsECAwEAAQ==\n-----END PUBLIC KEY-----\n"
                        },
                        "meta": {},
                        "tainted": false
                    },
                    "deposed": [],
                    "provider": "provider.tls"
                },
                "tls_private_key.platform": {
                    "type": "tls_private_key",
                    "depends_on": [],
                    "primary": {
                        "id": "67e2c591c0bbee20867f1442702c9e173fe859ac",
                        "attributes": {
                            "algorithm": "RSA",
                            "ecdsa_curve": "P224",
                            "id": "67e2c591c0bbee20867f1442702c9e173fe859ac",
                            "private_key_pem": "-----BEGIN RSA PRIVATE KEY-----\nMIIJKQIBAAKCAgEA0IxGWREN6YxYqhAui/dzpnl1mehDkYHBIvTtVEKDnleBDBDT\nQeuehBj0Y9ATMqJpNvE9r66k6FrajruRQPEyWOLPh8jFIVeRE4hjSLFZKqGUjxX6\nvSRXuW2mrt6NfulN1BkTY1kfCBZCK1YpZ9x+DCjJ6TcZUGbRK4566PvxU5DXQl15\nzaRp3b/9qowKKnd+pcpoz/yN8D1dQm8cws93iWjC1jwcoL+qst/s5a99oTvWgNJu\nbWQe5nWZesUuM9Cp9swGcVsy/C3/Xi1xq8NG/wcnmBafeqTOvNJL1WoX0Qj5Sqzv\nA5MXZMo/c/akmPY8QigmMY7z2aKiMx+eWJgwuvt7g2hVoHDfNYdxdQN+Ta9rg/aK\nNKgXddtC5znVqzxo/Z15rRyF0f8J4/+UhGqOEdr8Ee5AcPoo94V4dEqCKuBgyod5\nvJuJJQBbn6kV7qIAYglq8t3VGcEVKP8TPBZoTqsffj2xmfynU/Xks5+BtFbYIHP9\nGKNcE8E0XUe2b48JixhEl/hGgbeMSifqd2X0bSMlpmuDKFkHC/HbcOIs3C8Ak3y2\nFSpzIxOj4aYQq3ZBeLy75NfLQNok+AyA7FfK1k8HewjVpotcQpVCLdx5QaKu3glo\niDq0nayoPWws3i/prNKNvhTJsu78pB5bCWjkAv2olOBqKHkNAFH4bdLRQsECAwEA\nAQKCAgEAlYgvHMfUsOQX4wCtT2DDhNdMEmnuoNNnt3fk/+idVRirCAq8X2ThiRgX\ni8XzLfgz9tgtAd34kj4qvfMRqH4JOqCOa27yogCWnmnJvqKjK6Ulzx7UZXA8klFk\nFbivvhLs4iqEs1SAopzLHyWtlLINkwxgEh+WwAao7lFAIfQcSm3tWsGJh4DfA8gY\ny4OT+nUp0xh55L/SyjJFv0/KUIjPzi/WnCQH5t7nN1DGHL6jFsu/9yhrU3ZZjac+\nwD/H7BEu/S23ZOoeeaFFnLJ68cyYCF6J7kwyV476SXuEMmba4uBLV1b+HhMG0BcQ\nPkbYKHFOLaV6FUjJ4f/xyzRdpmqhbPVmSfyc9+4wOPTzk6UrrbgWso8AVoTq+XjH\nb2xVqFFMrj9CLdsElmYURPQ8pfQmqy8UozmqYRUv2ViKH+KLTf1cZlZCKm+X4KRP\nidzoPE6FY0dkBciXB1XhHKbZsmy7CeEIR2/y3iFlnFCNjzRiwK9du9gnYCGvudgG\ny9br38XE0p9Uhj/cChOopfGYiFMgsJiw3LaJRqZUo6easJHUa9EcEgVtW9epM7ut\nUxdyXpuaRtwn/jY3fakWbmN2ZEkpsN+76uYrBrfr8MIh4ChjjP3CSZ8sRtKrpE0A\n5gOzMUgsq4H/wkA9I4r7Jk+hCO2RnVwBEowxPq3zFv/Iho8J2EECggEBAOrFuMV9\nq2hPh+9LaOT91g6Muim0yU+vUgr3L1FJrOPDfoQY7OJhH9VLGa+cAcnt8JXFXdBk\ntGZJbmeW4bCHiERhEAFQX9eDh43MyI0n5iS/v3coUlFKiRvOKpmRP+EbP+lM9gPd\nGgIb0K1a+VUF1zvlQPt0XqplqMfpHClO7b9wtPKjpWeUAgmj7NenJzYRB9MA+HhB\npLezh3DVY1iWEPUF55Yui+kU4swq61DPooaRpakIcbEy9Josi486nEFOmp0NASL+\nq+M4An8BE6rOdYXvBD6xYmX+qGd6Z1WV9mAvM+2ROomGxtyV3RMD+Pr7K87ud6Qw\nUrnO7tzG8hsIrLkCggEBAONniVgZa8jsjsfD8G3ZF/L0y0iZOSGPgmfyuJ+RJiuZ\nI0U94OnEzli8HBklTpGhL12F4YiiCMuh37l8TkEpZCVocYOJ1aekciQ46nJQ3ImO\nLkyNqNIpD02f2GXgVcTAVhiqbY1OTA8pOs3iwJr1sZC9aXn3NnjQQ4ABRJA3ilgd\n77Dt8b2R1A1GGNJh3X7LfJQpo+nBQoUEg09BccUH1VAhec9sS6EPN4qfVpIQ3sJY\nUCsNH/jJGbI0tmrS8IpW5LZnOQTVP1D9HV4MT6FrqPudM0liTCmKzOSHEm5LFn35\nBrWVSsLTzxgXOI/4u0l6DxL5KiUtXC1bDnZQDJ9LEkkCggEAeq6+An3MP6MnztVi\nSB+ZZ1sEwVyWwkxEnDRVhq3wackz6MW5rAbDAsvO7WShzqrHSQytHIQzfSwsRHel\nEoGQpOLv4S/mFZHHGUOFHbZW3qdQ32yzr4U6pswSmNM9RV3fBQRRnu1AdQ+h+aUL\nm/GEauk/DufdvD+JdoYLUE7NkHfOJul7OuguNGl0D7FqnSdDJnFgZj8vW0u2oDDy\nTE2HKPNf9Kv4MuHWLojTFRSbwqSDpBQkjUuqZJKYj006cCoqQ52TFX1txzvymfmv\nFFf1M/sWBcjeOZxc1k4xh5jo+ZRRF3kH1OwYKRcrQo+V4Vm1p9oXrTYPVMedLMPN\nqnDbCQKCAQAcCVfVlMzFKOUxm+a4pFtfiO7HNJzmllrtle9NPQgHuAmxL7/bEnie\nWBLexsq5CbZdQXRc9B1BfeOnarv7LK88LXRRU10UHiI0dQ/yqCWIkA8FQTHfN1C7\nsUlsxgvNBimXQOvg0BZwiBTH7XzxnfkWb0Ph1ajRnFu2HHHnlfFoi8hReASl6qTK\nPioxRf+Y8l2ZpsieuUUKQVQvIVJ1iFG0X2w1NpTcdpPSc3Ko74uHSnwX0rZuZdzV\nK8qRwRAG/k+UbYWKIwB7a7mDLuFidXOQEgGQup3JQWOhiUWsc3WCcoFxQcbF3ndZ\n8QL4PSJaHMJfBHk9vCnxLZjK3XOw8ACBAoIBAQCh0kRR6dcIAM2UvZ8qSgV/URao\nzF8Y+Y56uG8M9q4jp5moxwUYFDIEXWat6loVbTbtKVC+ZlZn/Rj0EsZio8DhZWU5\nSLejjXbwdbNEP7fGspCwZR1nnpIJhMtQS84QWVqaYTqf/GZPb3/hILyXWLKpSj2w\njlQXc2Isi6FxvW9mAS5TMLRc1hBS6GjcNg4GNYWdJp1aHZo2D5/VTT6cKsbLdhp3\nyhfJaf++yI0gv49XY5pmbwu/z7Qa56Xfcu/eBhYEiUnoySjSMt0iTgzeSv8Lt+Gt\njVYeBH0cOizOLsAAgZEeG5QU4Q7iwXJS71RudxUFGwmerp1POhHFeeX1knXf\n-----END RSA PRIVATE KEY-----\n",
                            "public_key_fingerprint_md5": "43:ea:b6:08:27:1b:8e:87:82:20:d4:eb:be:7a:f5:64",
                            "public_key_openssh": "ssh-rsa AAAAB3NzaC1yc2EAAAADAQABAAACAQDQjEZZEQ3pjFiqEC6L93OmeXWZ6EORgcEi9O1UQoOeV4EMENNB656EGPRj0BMyomk28T2vrqToWtqOu5FA8TJY4s+HyMUhV5ETiGNIsVkqoZSPFfq9JFe5baau3o1+6U3UGRNjWR8IFkIrViln3H4MKMnpNxlQZtErjnro+/FTkNdCXXnNpGndv/2qjAoqd36lymjP/I3wPV1CbxzCz3eJaMLWPBygv6qy3+zlr32hO9aA0m5tZB7mdZl6xS4z0Kn2zAZxWzL8Lf9eLXGrw0b/ByeYFp96pM680kvVahfRCPlKrO8Dkxdkyj9z9qSY9jxCKCYxjvPZoqIzH55YmDC6+3uDaFWgcN81h3F1A35Nr2uD9oo0qBd120LnOdWrPGj9nXmtHIXR/wnj/5SEao4R2vwR7kBw+ij3hXh0SoIq4GDKh3m8m4klAFufqRXuogBiCWry3dUZwRUo/xM8FmhOqx9+PbGZ/KdT9eSzn4G0Vtggc/0Yo1wTwTRdR7ZvjwmLGESX+EaBt4xKJ+p3ZfRtIyWma4MoWQcL8dtw4izcLwCTfLYVKnMjE6PhphCrdkF4vLvk18tA2iT4DIDsV8rWTwd7CNWmi1xClUIt3HlBoq7eCWiIOrSdrKg9bCzeL+ms0o2+FMmy7vykHlsJaOQC/aiU4GooeQ0AUfht0tFCwQ==\n",
                            "public_key_pem": "-----BEGIN PUBLIC KEY-----\nMIICIjANBgkqhkiG9w0BAQEFAAOCAg8AMIICCgKCAgEA0IxGWREN6YxYqhAui/dz\npnl1mehDkYHBIvTtVEKDnleBDBDTQeuehBj0Y9ATMqJpNvE9r66k6FrajruRQPEy\nWOLPh8jFIVeRE4hjSLFZKqGUjxX6vSRXuW2mrt6NfulN1BkTY1kfCBZCK1YpZ9x+\nDCjJ6TcZUGbRK4566PvxU5DXQl15zaRp3b/9qowKKnd+pcpoz/yN8D1dQm8cws93\niWjC1jwcoL+qst/s5a99oTvWgNJubWQe5nWZesUuM9Cp9swGcVsy/C3/Xi1xq8NG\n/wcnmBafeqTOvNJL1WoX0Qj5SqzvA5MXZMo/c/akmPY8QigmMY7z2aKiMx+eWJgw\nuvt7g2hVoHDfNYdxdQN+Ta9rg/aKNKgXddtC5znVqzxo/Z15rRyF0f8J4/+UhGqO\nEdr8Ee5AcPoo94V4dEqCKuBgyod5vJuJJQBbn6kV7qIAYglq8t3VGcEVKP8TPBZo\nTqsffj2xmfynU/Xks5+BtFbYIHP9GKNcE8E0XUe2b48JixhEl/hGgbeMSifqd2X0\nbSMlpmuDKFkHC/HbcOIs3C8Ak3y2FSpzIxOj4aYQq3ZBeLy75NfLQNok+AyA7FfK\n1k8HewjVpotcQpVCLdx5QaKu3gloiDq0nayoPWws3i/prNKNvhTJsu78pB5bCWjk\nAv2olOBqKHkNAFH4bdLRQsECAwEAAQ==\n-----END PUBLIC KEY-----\n",
                            "rsa_bits": "4096"
                        },
                        "meta": {},
                        "tainted": false
                    },
                    "deposed": [],
                    "provider": "provider.tls"
                }
            },
            "depends_on": []
        },
        {
            "path": [
                "root",
                "network"
            ],
            "outputs": {
                "platform_vpc_id": {
                    "sensitive": false,
                    "type": "string",
                    "value": "vpc-0d7e0da4903634311"
                },
                "private_subnet_ids": {
                    "sensitive": false,
                    "type": "list",
                    "value": [
                        "subnet-0fb1e9c68629bbcaa",
                        "subnet-0fa37bd4e6ffea5f9",
                        "subnet-00c44eb9d9cbf8550",
                        "subnet-00f51e570e71aa99b",
                        "subnet-051c9e5dd5fd9f7ef",
                        "subnet-0a2123ded82373050"
                    ]
                },
                "public_subnet_ids": {
                    "sensitive": false,
                    "type": "list",
                    "value": [
                        "subnet-0fd332ad2dfbf8d7a",
                        "subnet-01635ba4e27368599",
                        "subnet-023afb88432122150",
                        "subnet-0f973e1be0df0d660",
                        "subnet-07903f22e90dd3a10",
                        "subnet-0a71fd2fe0daff6ff"
                    ]
                }
            },
            "resources": {
                "aws_internet_gateway.public_gw": {
                    "type": "aws_internet_gateway",
                    "depends_on": [
                        "aws_vpc.platform"
                    ],
                    "primary": {
                        "id": "igw-08d06c191ae92a84e",
                        "attributes": {
                            "id": "igw-08d06c191ae92a84e",
                            "tags.%": "2",
                            "tags.Name": "sysmi-openshift-public-gw",
                            "tags.kubernetes.io/cluster/sysmi-openshift": "owned",
                            "vpc_id": "vpc-0d7e0da4903634311"
                        },
                        "meta": {},
                        "tainted": false
                    },
                    "deposed": [],
                    "provider": "module.network.provider.aws"
                },
                "aws_route.private_internet": {
                    "type": "aws_route",
                    "depends_on": [
                        "aws_internet_gateway.public_gw",
                        "aws_route_table.private",
                        "aws_route_table.public"
                    ],
                    "primary": {
                        "id": "r-rtb-09ea7d4ce9a41115c1080289494",
                        "attributes": {
                            "destination_cidr_block": "0.0.0.0/0",
                            "destination_prefix_list_id": "",
                            "egress_only_gateway_id": "",
                            "gateway_id": "igw-08d06c191ae92a84e",
                            "id": "r-rtb-09ea7d4ce9a41115c1080289494",
                            "instance_id": "",
                            "instance_owner_id": "",
                            "nat_gateway_id": "",
                            "network_interface_id": "",
                            "origin": "CreateRoute",
                            "route_table_id": "rtb-09ea7d4ce9a41115c",
                            "state": "active",
                            "vpc_peering_connection_id": ""
                        },
                        "meta": {
                            "e2bfb730-ecaa-11e6-8f88-34363bc7c4c0": {
                                "create": 120000000000,
                                "delete": 300000000000
                            }
                        },
                        "tainted": false
                    },
                    "deposed": [],
                    "provider": "module.network.provider.aws"
                },
                "aws_route.public_internet": {
                    "type": "aws_route",
                    "depends_on": [
                        "aws_internet_gateway.public_gw",
                        "aws_route_table.public"
                    ],
                    "primary": {
                        "id": "r-rtb-0650cbef52e2dc6371080289494",
                        "attributes": {
                            "destination_cidr_block": "0.0.0.0/0",
                            "destination_prefix_list_id": "",
                            "egress_only_gateway_id": "",
                            "gateway_id": "igw-08d06c191ae92a84e",
                            "id": "r-rtb-0650cbef52e2dc6371080289494",
                            "instance_id": "",
                            "instance_owner_id": "",
                            "nat_gateway_id": "",
                            "network_interface_id": "",
                            "origin": "CreateRoute",
                            "route_table_id": "rtb-0650cbef52e2dc637",
                            "state": "active",
                            "vpc_peering_connection_id": ""
                        },
                        "meta": {
                            "e2bfb730-ecaa-11e6-8f88-34363bc7c4c0": {
                                "create": 120000000000,
                                "delete": 300000000000
                            }
                        },
                        "tainted": false
                    },
                    "deposed": [],
                    "provider": "module.network.provider.aws"
                },
                "aws_route_table.private": {
                    "type": "aws_route_table",
                    "depends_on": [
                        "aws_vpc.platform"
                    ],
                    "primary": {
                        "id": "rtb-09ea7d4ce9a41115c",
                        "attributes": {
                            "id": "rtb-09ea7d4ce9a41115c",
                            "propagating_vgws.#": "0",
                            "route.#": "1",
                            "route.533126702.cidr_block": "0.0.0.0/0",
                            "route.533126702.egress_only_gateway_id": "",
                            "route.533126702.gateway_id": "igw-08d06c191ae92a84e",
                            "route.533126702.instance_id": "",
                            "route.533126702.ipv6_cidr_block": "",
                            "route.533126702.nat_gateway_id": "",
                            "route.533126702.network_interface_id": "",
                            "route.533126702.vpc_peering_connection_id": "",
                            "tags.%": "2",
                            "tags.Name": "sysmi-openshift-private-rt",
                            "tags.kubernetes.io/cluster/sysmi-openshift": "owned",
                            "vpc_id": "vpc-0d7e0da4903634311"
                        },
                        "meta": {},
                        "tainted": false
                    },
                    "deposed": [],
                    "provider": "module.network.provider.aws"
                },
                "aws_route_table.public": {
                    "type": "aws_route_table",
                    "depends_on": [
                        "aws_vpc.platform"
                    ],
                    "primary": {
                        "id": "rtb-0650cbef52e2dc637",
                        "attributes": {
                            "id": "rtb-0650cbef52e2dc637",
                            "propagating_vgws.#": "0",
                            "route.#": "1",
                            "route.533126702.cidr_block": "0.0.0.0/0",
                            "route.533126702.egress_only_gateway_id": "",
                            "route.533126702.gateway_id": "igw-08d06c191ae92a84e",
                            "route.533126702.instance_id": "",
                            "route.533126702.ipv6_cidr_block": "",
                            "route.533126702.nat_gateway_id": "",
                            "route.533126702.network_interface_id": "",
                            "route.533126702.vpc_peering_connection_id": "",
                            "tags.%": "2",
                            "tags.Name": "sysmi-openshift-public-rt",
                            "tags.kubernetes.io/cluster/sysmi-openshift": "owned",
                            "vpc_id": "vpc-0d7e0da4903634311"
                        },
                        "meta": {},
                        "tainted": false
                    },
                    "deposed": [],
                    "provider": "module.network.provider.aws"
                },
                "aws_route_table_association.private.0": {
                    "type": "aws_route_table_association",
                    "depends_on": [
                        "aws_route_table.private",
                        "aws_subnet.private.*",
                        "local.private_subnet_count"
                    ],
                    "primary": {
                        "id": "rtbassoc-0c5c216fd86f62074",
                        "attributes": {
                            "id": "rtbassoc-0c5c216fd86f62074",
                            "route_table_id": "rtb-09ea7d4ce9a41115c",
                            "subnet_id": "subnet-0fb1e9c68629bbcaa"
                        },
                        "meta": {},
                        "tainted": false
                    },
                    "deposed": [],
                    "provider": "module.network.provider.aws"
                },
                "aws_route_table_association.private.1": {
                    "type": "aws_route_table_association",
                    "depends_on": [
                        "aws_route_table.private",
                        "aws_subnet.private.*",
                        "local.private_subnet_count"
                    ],
                    "primary": {
                        "id": "rtbassoc-06517f9987c14539b",
                        "attributes": {
                            "id": "rtbassoc-06517f9987c14539b",
                            "route_table_id": "rtb-09ea7d4ce9a41115c",
                            "subnet_id": "subnet-0fa37bd4e6ffea5f9"
                        },
                        "meta": {},
                        "tainted": false
                    },
                    "deposed": [],
                    "provider": "module.network.provider.aws"
                },
                "aws_route_table_association.private.2": {
                    "type": "aws_route_table_association",
                    "depends_on": [
                        "aws_route_table.private",
                        "aws_subnet.private.*",
                        "local.private_subnet_count"
                    ],
                    "primary": {
                        "id": "rtbassoc-0e354623e6e898f68",
                        "attributes": {
                            "id": "rtbassoc-0e354623e6e898f68",
                            "route_table_id": "rtb-09ea7d4ce9a41115c",
                            "subnet_id": "subnet-00c44eb9d9cbf8550"
                        },
                        "meta": {},
                        "tainted": false
                    },
                    "deposed": [],
                    "provider": "module.network.provider.aws"
                },
                "aws_route_table_association.private.3": {
                    "type": "aws_route_table_association",
                    "depends_on": [
                        "aws_route_table.private",
                        "aws_subnet.private.*",
                        "local.private_subnet_count"
                    ],
                    "primary": {
                        "id": "rtbassoc-07c0c6d311323330d",
                        "attributes": {
                            "id": "rtbassoc-07c0c6d311323330d",
                            "route_table_id": "rtb-09ea7d4ce9a41115c",
                            "subnet_id": "subnet-00f51e570e71aa99b"
                        },
                        "meta": {},
                        "tainted": false
                    },
                    "deposed": [],
                    "provider": "module.network.provider.aws"
                },
                "aws_route_table_association.private.4": {
                    "type": "aws_route_table_association",
                    "depends_on": [
                        "aws_route_table.private",
                        "aws_subnet.private.*",
                        "local.private_subnet_count"
                    ],
                    "primary": {
                        "id": "rtbassoc-0b462b81c608128fd",
                        "attributes": {
                            "id": "rtbassoc-0b462b81c608128fd",
                            "route_table_id": "rtb-09ea7d4ce9a41115c",
                            "subnet_id": "subnet-051c9e5dd5fd9f7ef"
                        },
                        "meta": {},
                        "tainted": false
                    },
                    "deposed": [],
                    "provider": "module.network.provider.aws"
                },
                "aws_route_table_association.private.5": {
                    "type": "aws_route_table_association",
                    "depends_on": [
                        "aws_route_table.private",
                        "aws_subnet.private.*",
                        "local.private_subnet_count"
                    ],
                    "primary": {
                        "id": "rtbassoc-0575eb74ce68fd8e3",
                        "attributes": {
                            "id": "rtbassoc-0575eb74ce68fd8e3",
                            "route_table_id": "rtb-09ea7d4ce9a41115c",
                            "subnet_id": "subnet-0a2123ded82373050"
                        },
                        "meta": {},
                        "tainted": false
                    },
                    "deposed": [],
                    "provider": "module.network.provider.aws"
                },
                "aws_route_table_association.public.0": {
                    "type": "aws_route_table_association",
                    "depends_on": [
                        "aws_route_table.public",
                        "aws_subnet.public.*",
                        "local.public_subnet_count"
                    ],
                    "primary": {
                        "id": "rtbassoc-03c3217a8353786f1",
                        "attributes": {
                            "id": "rtbassoc-03c3217a8353786f1",
                            "route_table_id": "rtb-0650cbef52e2dc637",
                            "subnet_id": "subnet-0fd332ad2dfbf8d7a"
                        },
                        "meta": {},
                        "tainted": false
                    },
                    "deposed": [],
                    "provider": "module.network.provider.aws"
                },
                "aws_route_table_association.public.1": {
                    "type": "aws_route_table_association",
                    "depends_on": [
                        "aws_route_table.public",
                        "aws_subnet.public.*",
                        "local.public_subnet_count"
                    ],
                    "primary": {
                        "id": "rtbassoc-0a79916ebbee4b794",
                        "attributes": {
                            "id": "rtbassoc-0a79916ebbee4b794",
                            "route_table_id": "rtb-0650cbef52e2dc637",
                            "subnet_id": "subnet-01635ba4e27368599"
                        },
                        "meta": {},
                        "tainted": false
                    },
                    "deposed": [],
                    "provider": "module.network.provider.aws"
                },
                "aws_route_table_association.public.2": {
                    "type": "aws_route_table_association",
                    "depends_on": [
                        "aws_route_table.public",
                        "aws_subnet.public.*",
                        "local.public_subnet_count"
                    ],
                    "primary": {
                        "id": "rtbassoc-062ca4fcf1e5e574f",
                        "attributes": {
                            "id": "rtbassoc-062ca4fcf1e5e574f",
                            "route_table_id": "rtb-0650cbef52e2dc637",
                            "subnet_id": "subnet-023afb88432122150"
                        },
                        "meta": {},
                        "tainted": false
                    },
                    "deposed": [],
                    "provider": "module.network.provider.aws"
                },
                "aws_route_table_association.public.3": {
                    "type": "aws_route_table_association",
                    "depends_on": [
                        "aws_route_table.public",
                        "aws_subnet.public.*",
                        "local.public_subnet_count"
                    ],
                    "primary": {
                        "id": "rtbassoc-038ad0bce73dfc37d",
                        "attributes": {
                            "id": "rtbassoc-038ad0bce73dfc37d",
                            "route_table_id": "rtb-0650cbef52e2dc637",
                            "subnet_id": "subnet-0f973e1be0df0d660"
                        },
                        "meta": {},
                        "tainted": false
                    },
                    "deposed": [],
                    "provider": "module.network.provider.aws"
                },
                "aws_route_table_association.public.4": {
                    "type": "aws_route_table_association",
                    "depends_on": [
                        "aws_route_table.public",
                        "aws_subnet.public.*",
                        "local.public_subnet_count"
                    ],
                    "primary": {
                        "id": "rtbassoc-0f14f989f28a42bba",
                        "attributes": {
                            "id": "rtbassoc-0f14f989f28a42bba",
                            "route_table_id": "rtb-0650cbef52e2dc637",
                            "subnet_id": "subnet-07903f22e90dd3a10"
                        },
                        "meta": {},
                        "tainted": false
                    },
                    "deposed": [],
                    "provider": "module.network.provider.aws"
                },
                "aws_route_table_association.public.5": {
                    "type": "aws_route_table_association",
                    "depends_on": [
                        "aws_route_table.public",
                        "aws_subnet.public.*",
                        "local.public_subnet_count"
                    ],
                    "primary": {
                        "id": "rtbassoc-0de2e58f63bcbd1e4",
                        "attributes": {
                            "id": "rtbassoc-0de2e58f63bcbd1e4",
                            "route_table_id": "rtb-0650cbef52e2dc637",
                            "subnet_id": "subnet-0a71fd2fe0daff6ff"
                        },
                        "meta": {},
                        "tainted": false
                    },
                    "deposed": [],
                    "provider": "module.network.provider.aws"
                },
                "aws_subnet.private.0": {
                    "type": "aws_subnet",
                    "depends_on": [
                        "aws_vpc.platform",
                        "data.aws_availability_zones.available",
                        "local.private_subnet_count"
                    ],
                    "primary": {
                        "id": "subnet-0fb1e9c68629bbcaa",
                        "attributes": {
                            "arn": "arn:aws:ec2:us-east-1:253007251743:subnet/subnet-0fb1e9c68629bbcaa",
                            "assign_ipv6_address_on_creation": "false",
                            "availability_zone": "us-east-1a",
                            "cidr_block": "10.0.0.0/24",
                            "id": "subnet-0fb1e9c68629bbcaa",
                            "ipv6_cidr_block": "",
                            "ipv6_cidr_block_association_id": "",
                            "map_public_ip_on_launch": "true",
                            "tags.%": "2",
                            "tags.Name": "sysmi-openshift-private-0",
                            "tags.kubernetes.io/cluster/sysmi-openshift": "owned",
                            "vpc_id": "vpc-0d7e0da4903634311"
                        },
                        "meta": {
                            "e2bfb730-ecaa-11e6-8f88-34363bc7c4c0": {
                                "create": 600000000000,
                                "delete": 600000000000
                            },
                            "schema_version": "1"
                        },
                        "tainted": false
                    },
                    "deposed": [],
                    "provider": "module.network.provider.aws"
                },
                "aws_subnet.private.1": {
                    "type": "aws_subnet",
                    "depends_on": [
                        "aws_vpc.platform",
                        "data.aws_availability_zones.available",
                        "local.private_subnet_count"
                    ],
                    "primary": {
                        "id": "subnet-0fa37bd4e6ffea5f9",
                        "attributes": {
                            "arn": "arn:aws:ec2:us-east-1:253007251743:subnet/subnet-0fa37bd4e6ffea5f9",
                            "assign_ipv6_address_on_creation": "false",
                            "availability_zone": "us-east-1b",
                            "cidr_block": "10.0.1.0/24",
                            "id": "subnet-0fa37bd4e6ffea5f9",
                            "ipv6_cidr_block": "",
                            "ipv6_cidr_block_association_id": "",
                            "map_public_ip_on_launch": "true",
                            "tags.%": "2",
                            "tags.Name": "sysmi-openshift-private-1",
                            "tags.kubernetes.io/cluster/sysmi-openshift": "owned",
                            "vpc_id": "vpc-0d7e0da4903634311"
                        },
                        "meta": {
                            "e2bfb730-ecaa-11e6-8f88-34363bc7c4c0": {
                                "create": 600000000000,
                                "delete": 600000000000
                            },
                            "schema_version": "1"
                        },
                        "tainted": false
                    },
                    "deposed": [],
                    "provider": "module.network.provider.aws"
                },
                "aws_subnet.private.2": {
                    "type": "aws_subnet",
                    "depends_on": [
                        "aws_vpc.platform",
                        "data.aws_availability_zones.available",
                        "local.private_subnet_count"
                    ],
                    "primary": {
                        "id": "subnet-00c44eb9d9cbf8550",
                        "attributes": {
                            "arn": "arn:aws:ec2:us-east-1:253007251743:subnet/subnet-00c44eb9d9cbf8550",
                            "assign_ipv6_address_on_creation": "false",
                            "availability_zone": "us-east-1c",
                            "cidr_block": "10.0.2.0/24",
                            "id": "subnet-00c44eb9d9cbf8550",
                            "ipv6_cidr_block": "",
                            "ipv6_cidr_block_association_id": "",
                            "map_public_ip_on_launch": "true",
                            "tags.%": "2",
                            "tags.Name": "sysmi-openshift-private-2",
                            "tags.kubernetes.io/cluster/sysmi-openshift": "owned",
                            "vpc_id": "vpc-0d7e0da4903634311"
                        },
                        "meta": {
                            "e2bfb730-ecaa-11e6-8f88-34363bc7c4c0": {
                                "create": 600000000000,
                                "delete": 600000000000
                            },
                            "schema_version": "1"
                        },
                        "tainted": false
                    },
                    "deposed": [],
                    "provider": "module.network.provider.aws"
                },
                "aws_subnet.private.3": {
                    "type": "aws_subnet",
                    "depends_on": [
                        "aws_vpc.platform",
                        "data.aws_availability_zones.available",
                        "local.private_subnet_count"
                    ],
                    "primary": {
                        "id": "subnet-00f51e570e71aa99b",
                        "attributes": {
                            "arn": "arn:aws:ec2:us-east-1:253007251743:subnet/subnet-00f51e570e71aa99b",
                            "assign_ipv6_address_on_creation": "false",
                            "availability_zone": "us-east-1d",
                            "cidr_block": "10.0.3.0/24",
                            "id": "subnet-00f51e570e71aa99b",
                            "ipv6_cidr_block": "",
                            "ipv6_cidr_block_association_id": "",
                            "map_public_ip_on_launch": "true",
                            "tags.%": "2",
                            "tags.Name": "sysmi-openshift-private-3",
                            "tags.kubernetes.io/cluster/sysmi-openshift": "owned",
                            "vpc_id": "vpc-0d7e0da4903634311"
                        },
                        "meta": {
                            "e2bfb730-ecaa-11e6-8f88-34363bc7c4c0": {
                                "create": 600000000000,
                                "delete": 600000000000
                            },
                            "schema_version": "1"
                        },
                        "tainted": false
                    },
                    "deposed": [],
                    "provider": "module.network.provider.aws"
                },
                "aws_subnet.private.4": {
                    "type": "aws_subnet",
                    "depends_on": [
                        "aws_vpc.platform",
                        "data.aws_availability_zones.available",
                        "local.private_subnet_count"
                    ],
                    "primary": {
                        "id": "subnet-051c9e5dd5fd9f7ef",
                        "attributes": {
                            "arn": "arn:aws:ec2:us-east-1:253007251743:subnet/subnet-051c9e5dd5fd9f7ef",
                            "assign_ipv6_address_on_creation": "false",
                            "availability_zone": "us-east-1e",
                            "cidr_block": "10.0.4.0/24",
                            "id": "subnet-051c9e5dd5fd9f7ef",
                            "ipv6_cidr_block": "",
                            "ipv6_cidr_block_association_id": "",
                            "map_public_ip_on_launch": "true",
                            "tags.%": "2",
                            "tags.Name": "sysmi-openshift-private-4",
                            "tags.kubernetes.io/cluster/sysmi-openshift": "owned",
                            "vpc_id": "vpc-0d7e0da4903634311"
                        },
                        "meta": {
                            "e2bfb730-ecaa-11e6-8f88-34363bc7c4c0": {
                                "create": 600000000000,
                                "delete": 600000000000
                            },
                            "schema_version": "1"
                        },
                        "tainted": false
                    },
                    "deposed": [],
                    "provider": "module.network.provider.aws"
                },
                "aws_subnet.private.5": {
                    "type": "aws_subnet",
                    "depends_on": [
                        "aws_vpc.platform",
                        "data.aws_availability_zones.available",
                        "local.private_subnet_count"
                    ],
                    "primary": {
                        "id": "subnet-0a2123ded82373050",
                        "attributes": {
                            "arn": "arn:aws:ec2:us-east-1:253007251743:subnet/subnet-0a2123ded82373050",
                            "assign_ipv6_address_on_creation": "false",
                            "availability_zone": "us-east-1f",
                            "cidr_block": "10.0.5.0/24",
                            "id": "subnet-0a2123ded82373050",
                            "ipv6_cidr_block": "",
                            "ipv6_cidr_block_association_id": "",
                            "map_public_ip_on_launch": "true",
                            "tags.%": "2",
                            "tags.Name": "sysmi-openshift-private-5",
                            "tags.kubernetes.io/cluster/sysmi-openshift": "owned",
                            "vpc_id": "vpc-0d7e0da4903634311"
                        },
                        "meta": {
                            "e2bfb730-ecaa-11e6-8f88-34363bc7c4c0": {
                                "create": 600000000000,
                                "delete": 600000000000
                            },
                            "schema_version": "1"
                        },
                        "tainted": false
                    },
                    "deposed": [],
                    "provider": "module.network.provider.aws"
                },
                "aws_subnet.public.0": {
                    "type": "aws_subnet",
                    "depends_on": [
                        "aws_vpc.platform",
                        "data.aws_availability_zones.available",
                        "local.public_subnet_count"
                    ],
                    "primary": {
                        "id": "subnet-0fd332ad2dfbf8d7a",
                        "attributes": {
                            "arn": "arn:aws:ec2:us-east-1:253007251743:subnet/subnet-0fd332ad2dfbf8d7a",
                            "assign_ipv6_address_on_creation": "false",
                            "availability_zone": "us-east-1a",
                            "cidr_block": "10.0.100.0/24",
                            "id": "subnet-0fd332ad2dfbf8d7a",
                            "ipv6_cidr_block": "",
                            "ipv6_cidr_block_association_id": "",
                            "map_public_ip_on_launch": "true",
                            "tags.%": "2",
                            "tags.Name": "sysmi-openshift-public-0",
                            "tags.kubernetes.io/cluster/sysmi-openshift": "owned",
                            "vpc_id": "vpc-0d7e0da4903634311"
                        },
                        "meta": {
                            "e2bfb730-ecaa-11e6-8f88-34363bc7c4c0": {
                                "create": 600000000000,
                                "delete": 600000000000
                            },
                            "schema_version": "1"
                        },
                        "tainted": false
                    },
                    "deposed": [],
                    "provider": "module.network.provider.aws"
                },
                "aws_subnet.public.1": {
                    "type": "aws_subnet",
                    "depends_on": [
                        "aws_vpc.platform",
                        "data.aws_availability_zones.available",
                        "local.public_subnet_count"
                    ],
                    "primary": {
                        "id": "subnet-01635ba4e27368599",
                        "attributes": {
                            "arn": "arn:aws:ec2:us-east-1:253007251743:subnet/subnet-01635ba4e27368599",
                            "assign_ipv6_address_on_creation": "false",
                            "availability_zone": "us-east-1b",
                            "cidr_block": "10.0.101.0/24",
                            "id": "subnet-01635ba4e27368599",
                            "ipv6_cidr_block": "",
                            "ipv6_cidr_block_association_id": "",
                            "map_public_ip_on_launch": "true",
                            "tags.%": "2",
                            "tags.Name": "sysmi-openshift-public-1",
                            "tags.kubernetes.io/cluster/sysmi-openshift": "owned",
                            "vpc_id": "vpc-0d7e0da4903634311"
                        },
                        "meta": {
                            "e2bfb730-ecaa-11e6-8f88-34363bc7c4c0": {
                                "create": 600000000000,
                                "delete": 600000000000
                            },
                            "schema_version": "1"
                        },
                        "tainted": false
                    },
                    "deposed": [],
                    "provider": "module.network.provider.aws"
                },
                "aws_subnet.public.2": {
                    "type": "aws_subnet",
                    "depends_on": [
                        "aws_vpc.platform",
                        "data.aws_availability_zones.available",
                        "local.public_subnet_count"
                    ],
                    "primary": {
                        "id": "subnet-023afb88432122150",
                        "attributes": {
                            "arn": "arn:aws:ec2:us-east-1:253007251743:subnet/subnet-023afb88432122150",
                            "assign_ipv6_address_on_creation": "false",
                            "availability_zone": "us-east-1c",
                            "cidr_block": "10.0.102.0/24",
                            "id": "subnet-023afb88432122150",
                            "ipv6_cidr_block": "",
                            "ipv6_cidr_block_association_id": "",
                            "map_public_ip_on_launch": "true",
                            "tags.%": "2",
                            "tags.Name": "sysmi-openshift-public-2",
                            "tags.kubernetes.io/cluster/sysmi-openshift": "owned",
                            "vpc_id": "vpc-0d7e0da4903634311"
                        },
                        "meta": {
                            "e2bfb730-ecaa-11e6-8f88-34363bc7c4c0": {
                                "create": 600000000000,
                                "delete": 600000000000
                            },
                            "schema_version": "1"
                        },
                        "tainted": false
                    },
                    "deposed": [],
                    "provider": "module.network.provider.aws"
                },
                "aws_subnet.public.3": {
                    "type": "aws_subnet",
                    "depends_on": [
                        "aws_vpc.platform",
                        "data.aws_availability_zones.available",
                        "local.public_subnet_count"
                    ],
                    "primary": {
                        "id": "subnet-0f973e1be0df0d660",
                        "attributes": {
                            "arn": "arn:aws:ec2:us-east-1:253007251743:subnet/subnet-0f973e1be0df0d660",
                            "assign_ipv6_address_on_creation": "false",
                            "availability_zone": "us-east-1d",
                            "cidr_block": "10.0.103.0/24",
                            "id": "subnet-0f973e1be0df0d660",
                            "ipv6_cidr_block": "",
                            "ipv6_cidr_block_association_id": "",
                            "map_public_ip_on_launch": "true",
                            "tags.%": "2",
                            "tags.Name": "sysmi-openshift-public-3",
                            "tags.kubernetes.io/cluster/sysmi-openshift": "owned",
                            "vpc_id": "vpc-0d7e0da4903634311"
                        },
                        "meta": {
                            "e2bfb730-ecaa-11e6-8f88-34363bc7c4c0": {
                                "create": 600000000000,
                                "delete": 600000000000
                            },
                            "schema_version": "1"
                        },
                        "tainted": false
                    },
                    "deposed": [],
                    "provider": "module.network.provider.aws"
                },
                "aws_subnet.public.4": {
                    "type": "aws_subnet",
                    "depends_on": [
                        "aws_vpc.platform",
                        "data.aws_availability_zones.available",
                        "local.public_subnet_count"
                    ],
                    "primary": {
                        "id": "subnet-07903f22e90dd3a10",
                        "attributes": {
                            "arn": "arn:aws:ec2:us-east-1:253007251743:subnet/subnet-07903f22e90dd3a10",
                            "assign_ipv6_address_on_creation": "false",
                            "availability_zone": "us-east-1e",
                            "cidr_block": "10.0.104.0/24",
                            "id": "subnet-07903f22e90dd3a10",
                            "ipv6_cidr_block": "",
                            "ipv6_cidr_block_association_id": "",
                            "map_public_ip_on_launch": "true",
                            "tags.%": "2",
                            "tags.Name": "sysmi-openshift-public-4",
                            "tags.kubernetes.io/cluster/sysmi-openshift": "owned",
                            "vpc_id": "vpc-0d7e0da4903634311"
                        },
                        "meta": {
                            "e2bfb730-ecaa-11e6-8f88-34363bc7c4c0": {
                                "create": 600000000000,
                                "delete": 600000000000
                            },
                            "schema_version": "1"
                        },
                        "tainted": false
                    },
                    "deposed": [],
                    "provider": "module.network.provider.aws"
                },
                "aws_subnet.public.5": {
                    "type": "aws_subnet",
                    "depends_on": [
                        "aws_vpc.platform",
                        "data.aws_availability_zones.available",
                        "local.public_subnet_count"
                    ],
                    "primary": {
                        "id": "subnet-0a71fd2fe0daff6ff",
                        "attributes": {
                            "arn": "arn:aws:ec2:us-east-1:253007251743:subnet/subnet-0a71fd2fe0daff6ff",
                            "assign_ipv6_address_on_creation": "false",
                            "availability_zone": "us-east-1f",
                            "cidr_block": "10.0.105.0/24",
                            "id": "subnet-0a71fd2fe0daff6ff",
                            "ipv6_cidr_block": "",
                            "ipv6_cidr_block_association_id": "",
                            "map_public_ip_on_launch": "true",
                            "tags.%": "2",
                            "tags.Name": "sysmi-openshift-public-5",
                            "tags.kubernetes.io/cluster/sysmi-openshift": "owned",
                            "vpc_id": "vpc-0d7e0da4903634311"
                        },
                        "meta": {
                            "e2bfb730-ecaa-11e6-8f88-34363bc7c4c0": {
                                "create": 600000000000,
                                "delete": 600000000000
                            },
                            "schema_version": "1"
                        },
                        "tainted": false
                    },
                    "deposed": [],
                    "provider": "module.network.provider.aws"
                },
                "aws_vpc.platform": {
                    "type": "aws_vpc",
                    "depends_on": [],
                    "primary": {
                        "id": "vpc-0d7e0da4903634311",
                        "attributes": {
                            "arn": "arn:aws:ec2:us-east-1:253007251743:vpc/vpc-0d7e0da4903634311",
                            "assign_generated_ipv6_cidr_block": "true",
                            "cidr_block": "10.0.0.0/16",
                            "default_network_acl_id": "acl-0e5fa588fcca8546b",
                            "default_route_table_id": "rtb-077d16933d587cdad",
                            "default_security_group_id": "sg-0409cbc4f9b619b5e",
                            "dhcp_options_id": "dopt-36b6fe4d",
                            "enable_classiclink": "false",
                            "enable_classiclink_dns_support": "false",
                            "enable_dns_hostnames": "true",
                            "enable_dns_support": "true",
                            "id": "vpc-0d7e0da4903634311",
                            "instance_tenancy": "default",
                            "ipv6_association_id": "vpc-cidr-assoc-023895cce4c84b4cc",
                            "ipv6_cidr_block": "2600:1f18:500:f900::/56",
                            "main_route_table_id": "rtb-077d16933d587cdad",
                            "tags.%": "2",
                            "tags.Name": "sysmi-openshift",
                            "tags.kubernetes.io/cluster/sysmi-openshift": "owned"
                        },
                        "meta": {
                            "schema_version": "1"
                        },
                        "tainted": false
                    },
                    "deposed": [],
                    "provider": "module.network.provider.aws"
                },
                "data.aws_availability_zones.available": {
                    "type": "aws_availability_zones",
                    "depends_on": [],
                    "primary": {
                        "id": "2018-12-12 06:47:30.295077248 +0000 UTC",
                        "attributes": {
                            "id": "2018-12-12 06:47:30.295077248 +0000 UTC",
                            "names.#": "6",
                            "names.0": "us-east-1a",
                            "names.1": "us-east-1b",
                            "names.2": "us-east-1c",
                            "names.3": "us-east-1d",
                            "names.4": "us-east-1e",
                            "names.5": "us-east-1f"
                        },
                        "meta": {},
                        "tainted": false
                    },
                    "deposed": [],
                    "provider": "module.network.provider.aws"
                }
            },
            "depends_on": []
        },
        {
            "path": [
                "root",
                "openshift"
            ],
            "outputs": {
                "master_public_url": {
                    "sensitive": false,
                    "type": "string",
                    "value": "https://sysmanager.com.br:8443"
                }
            },
            "resources": {
                "data.aws_region.current": {
                    "type": "aws_region",
                    "depends_on": [],
                    "primary": {
                        "id": "us-east-1",
                        "attributes": {
                            "current": "true",
                            "description": "US East (N. Virginia)",
                            "endpoint": "ec2.us-east-1.amazonaws.com",
                            "id": "us-east-1",
                            "name": "us-east-1"
                        },
                        "meta": {},
                        "tainted": false
                    },
                    "deposed": [],
                    "provider": "provider.aws"
                },
                "data.template_file.bastion_config_playbook": {
                    "type": "template_file",
                    "depends_on": [],
                    "primary": {
                        "id": "b7339d3ea0052a9d4e951cc2106742a16c7e5224ebbc6f32c23d742f0d46b407",
                        "attributes": {
                            "id": "b7339d3ea0052a9d4e951cc2106742a16c7e5224ebbc6f32c23d742f0d46b407",
                            "rendered": "- hosts: all\n  become: true\n  tasks:\n    - name: ensure a list of packages for OpenShift install\n      yum:\n        name: \"{{ packages }}\"\n        enablerepo: \"epel\"\n      vars:\n        packages:\n        - wget\n        - git\n        - nano\n    - name: download ocinventory\n      get_url:\n        url: https://github.com/literalice/openshift-inventory-utils/releases/download/v0.2/ocinventory_unix\n        dest: /usr/local/bin/ocinventory\n        mode: 0711\n",
                            "template": "- hosts: all\n  become: true\n  tasks:\n    - name: ensure a list of packages for OpenShift install\n      yum:\n        name: \"{{ packages }}\"\n        enablerepo: \"epel\"\n      vars:\n        packages:\n        - wget\n        - git\n        - nano\n    - name: download ocinventory\n      get_url:\n        url: https://github.com/literalice/openshift-inventory-utils/releases/download/v0.2/ocinventory_unix\n        dest: /usr/local/bin/ocinventory\n        mode: 0711\n",
                            "vars.%": "1",
                            "vars.openshift_major_version": "3.11"
                        },
                        "meta": {},
                        "tainted": false
                    },
                    "deposed": [],
                    "provider": "provider.template"
                },
                "data.template_file.bastion_repos_centos": {
                    "type": "template_file",
                    "depends_on": [],
                    "primary": {
                        "id": "d0821248d3b55ee473b1be1e0b4eeb63df8f5c5679e9c1e5c3da03ffd023b5d0",
                        "attributes": {
                            "id": "d0821248d3b55ee473b1be1e0b4eeb63df8f5c5679e9c1e5c3da03ffd023b5d0",
                            "rendered": "#!/bin/bash\n\n# Install dev tools.\necho $(date) \" - Installing Dev Tools\"\n\nyum install -y \"@Development Tools\" python2-pip openssl-devel python-devel gcc libffi-devel\n\necho $(date) \" - Removing Ansible 2.7\"\nyum -y remove ansible\n\necho $(date) \" - Installing Ansible 2.6.5\"\nsudo pip install -I ansible==2.6.5\n\necho $(date) \" - Installing EPEL\"\n\nsudo yum -y install https://dl.fedoraproject.org/pub/epel/epel-release-latest-7.noarch.rpm\nsudo sed -i -e \"s/^enabled=1/enabled=0/\" /etc/yum.repos.d/epel.repo\n\necho $(date) \" - EPEL successfully installed\"\n\necho $(date) \" - Installing Centos Openshift\"\n\nsudo yum -y install centos-release-openshift-origin\n\necho $(date) \" - EPEL successfully installed\"\n\necho $(date) \" - Updating SO\"\n\nsudo yum -y update\n\necho $(date) \" - SO Updated\"\n\n",
                            "template": "#!/bin/bash\n\n# Install dev tools.\necho $(date) \" - Installing Dev Tools\"\n\nyum install -y \"@Development Tools\" python2-pip openssl-devel python-devel gcc libffi-devel\n\necho $(date) \" - Removing Ansible 2.7\"\nyum -y remove ansible\n\necho $(date) \" - Installing Ansible 2.6.5\"\nsudo pip install -I ansible==2.6.5\n\necho $(date) \" - Installing EPEL\"\n\nsudo yum -y install https://dl.fedoraproject.org/pub/epel/epel-release-latest-7.noarch.rpm\nsudo sed -i -e \"s/^enabled=1/enabled=0/\" /etc/yum.repos.d/epel.repo\n\necho $(date) \" - EPEL successfully installed\"\n\necho $(date) \" - Installing Centos Openshift\"\n\nsudo yum -y install centos-release-openshift-origin\n\necho $(date) \" - EPEL successfully installed\"\n\necho $(date) \" - Updating SO\"\n\nsudo yum -y update\n\necho $(date) \" - SO Updated\"\n\n",
                            "vars.%": "5",
                            "vars.openshift_major_version": "3.11",
                            "vars.platform_name": "sysmi-openshift",
                            "vars.rh_subscription_pool_id": "",
                            "vars.rhn_password": "",
                            "vars.rhn_username": ""
                        },
                        "meta": {},
                        "tainted": false
                    },
                    "deposed": [],
                    "provider": "provider.template"
                },
                "data.template_file.bastion_repos_rhel": {
                    "type": "template_file",
                    "depends_on": [],
                    "primary": {
                        "id": "169980a768dd7dc059b1edfa1dfa966511da03011a2ecbe1028d51ca0d66d7cf",
                        "attributes": {
                            "id": "169980a768dd7dc059b1edfa1dfa966511da03011a2ecbe1028d51ca0d66d7cf",
                            "rendered": "#!/bin/bash\n\nsudo subscription-manager register --username= --password=\nsudo subscription-manager attach --pool=\nsudo subscription-manager repos --disable=\"*\"\nsudo subscription-manager repos --enable=\"rhel-7-server-rpms\" --enable=\"rhel-7-server-extras-rpms\" --enable=\"rhel-7-server-ansible-2.6-rpms\"\nsudo subscription-manager repos --enable=\"rhel-7-server-ose-3.11-rpms\"\n",
                            "template": "#!/bin/bash\n\nsudo subscription-manager register --username=${rhn_username} --password=${rhn_password}\nsudo subscription-manager attach --pool=${rh_subscription_pool_id}\nsudo subscription-manager repos --disable=\"*\"\nsudo subscription-manager repos --enable=\"rhel-7-server-rpms\" --enable=\"rhel-7-server-extras-rpms\" --enable=\"rhel-7-server-ansible-2.6-rpms\"\nsudo subscription-manager repos --enable=\"rhel-7-server-ose-${openshift_major_version}-rpms\"\n",
                            "vars.%": "5",
                            "vars.openshift_major_version": "3.11",
                            "vars.platform_name": "sysmi-openshift",
                            "vars.rh_subscription_pool_id": "",
                            "vars.rhn_password": "",
                            "vars.rhn_username": ""
                        },
                        "meta": {},
                        "tainted": false
                    },
                    "deposed": [],
                    "provider": "provider.template"
                },
                "data.template_file.deploy_cluster": {
                    "type": "template_file",
                    "depends_on": [
                        "data.aws_region.current"
                    ],
                    "primary": {
                        "id": "21eeef6b3b785eacbf626f00d7ce75728d855d577b5a9019ae8541024e0310a6",
                        "attributes": {
                            "id": "21eeef6b3b785eacbf626f00d7ce75728d855d577b5a9019ae8541024e0310a6",
                            "rendered": "#!/bin/bash\n\nexport LANG=C\nexport ANSIBLE_HOST_KEY_CHECKING=False\nexport ANSIBLE_FORKS=5\nexport ANSIBLE_PIPELINING=True\n\nexport AWS_REGION=\"us-east-1\"\n\nocinventory -cluster \"sysmi-openshift\" -inventory $HOME/template-inventory.yaml \u003e $HOME/inventory.yaml\n\nif [ -z $USE_COMMUNITY ]; then\n    echo \"It's a OCP\"\n    ansible-playbook -i $HOME/inventory.yaml $HOME/node-repos-playbook.yaml || { echo \"Error on register repos\" ; exit 1 ; }\nelse\n    echo \"It's a OKD\"\n    ansible all -i $HOME/inventory.yaml -m yum -a 'name=wget,git,net-tools,bind-utils,yum-utils,iptables-services,bridge-utils,bash-completion,kexec-tools,sos,psacct,atomic state=present'\n    ansible all -i $HOME/inventory.yaml -m yum -a 'name=docker-1.13.1 state=present'\n    ansible all -i $HOME/inventory.yaml -m systemd -a 'name=docker state=started enabled=yes'\nfi\n\nrm -Rf $HOME/openshift-ansible\ngit clone -b release-3.11 https://github.com/viniciuseduardo/openshift-ansible.git\ncd $HOME/openshift-ansible\n\necho $(date) \" - Setting up NetworkManager on eth0\"\nDOMAIN=`domainname -d`\nDNSSERVER=`tail -1 /etc/resolv.conf | cut -d ' ' -f 2`\n\nansible-playbook -i $HOME/inventory.yaml playbooks/openshift-node/network_manager.yml\n\nsleep 10\nansible all -i $HOME/inventory.yaml -m systemd -a 'name=NetworkManager state=restarted'\n\nsleep 10\nansible all -i $HOME/inventory.yaml -o -m command -a 'nmcli con modify eth0 ipv4.dns-search $DOMAIN, ipv4.dns $DNSSERVER'\nansible all -i $HOME/inventory.yaml -m systemd -a 'name=NetworkManager state=restarted'\n\necho $(date) \" - NetworkManager configuration complete\"\n\nsleep 5\n\necho $(date) \" - Running Prerequisites via Ansible Playbook\"\nansible-playbook -i $HOME/inventory.yaml playbooks/prerequisites.yml || { echo \"Error on prerequisites\" ; exit 1 ; }\necho $(date) \" - Prerequisites check complete\"\n\nsleep 5\n\necho $(date) \" - Installing OpenShift Container Platform via Ansible Playbook\"\nansible-playbook -i $HOME/inventory.yaml playbooks/deploy_cluster.yml || { echo \"Error on deploying cluster\" ; exit 1 ; }\necho $(date) \" - OpenShift Origin Cluster install complete\"",
                            "template": "#!/bin/bash\n\nexport LANG=C\nexport ANSIBLE_HOST_KEY_CHECKING=False\nexport ANSIBLE_FORKS=5\nexport ANSIBLE_PIPELINING=True\n\nexport AWS_REGION=\"${platform_aws_region}\"\n\nocinventory -cluster \"${platform_name}\" -inventory $HOME/template-inventory.yaml \u003e $HOME/inventory.yaml\n\nif [ -z $USE_COMMUNITY ]; then\n    echo \"It's a OCP\"\n    ansible-playbook -i $HOME/inventory.yaml $HOME/node-repos-playbook.yaml || { echo \"Error on register repos\" ; exit 1 ; }\nelse\n    echo \"It's a OKD\"\n    ansible all -i $HOME/inventory.yaml -m yum -a 'name=wget,git,net-tools,bind-utils,yum-utils,iptables-services,bridge-utils,bash-completion,kexec-tools,sos,psacct,atomic state=present'\n    ansible all -i $HOME/inventory.yaml -m yum -a 'name=docker-1.13.1 state=present'\n    ansible all -i $HOME/inventory.yaml -m systemd -a 'name=docker state=started enabled=yes'\nfi\n\nrm -Rf $HOME/openshift-ansible\ngit clone -b release-3.11 https://github.com/viniciuseduardo/openshift-ansible.git\ncd $HOME/openshift-ansible\n\necho $(date) \" - Setting up NetworkManager on eth0\"\nDOMAIN=`domainname -d`\nDNSSERVER=`tail -1 /etc/resolv.conf | cut -d ' ' -f 2`\n\nansible-playbook -i $HOME/inventory.yaml playbooks/openshift-node/network_manager.yml\n\nsleep 10\nansible all -i $HOME/inventory.yaml -m systemd -a 'name=NetworkManager state=restarted'\n\nsleep 10\nansible all -i $HOME/inventory.yaml -o -m command -a 'nmcli con modify eth0 ipv4.dns-search $DOMAIN, ipv4.dns $DNSSERVER'\nansible all -i $HOME/inventory.yaml -m systemd -a 'name=NetworkManager state=restarted'\n\necho $(date) \" - NetworkManager configuration complete\"\n\nsleep 5\n\necho $(date) \" - Running Prerequisites via Ansible Playbook\"\nansible-playbook -i $HOME/inventory.yaml playbooks/prerequisites.yml || { echo \"Error on prerequisites\" ; exit 1 ; }\necho $(date) \" - Prerequisites check complete\"\n\nsleep 5\n\necho $(date) \" - Installing OpenShift Container Platform via Ansible Playbook\"\nansible-playbook -i $HOME/inventory.yaml playbooks/deploy_cluster.yml || { echo \"Error on deploying cluster\" ; exit 1 ; }\necho $(date) \" - OpenShift Origin Cluster install complete\"",
                            "vars.%": "3",
                            "vars.openshift_major_version": "3.11",
                            "vars.platform_aws_region": "us-east-1",
                            "vars.platform_name": "sysmi-openshift"
                        },
                        "meta": {},
                        "tainted": false
                    },
                    "deposed": [],
                    "provider": "provider.template"
                },
                "data.template_file.node_repos_playbook": {
                    "type": "template_file",
                    "depends_on": [],
                    "primary": {
                        "id": "a501aed580fdfdc35b781be985c5f87792e82814b5f1e8ab8ed4de161f894744",
                        "attributes": {
                            "id": "a501aed580fdfdc35b781be985c5f87792e82814b5f1e8ab8ed4de161f894744",
                            "rendered": "- hosts: all\n  become: true\n  tasks:\n    - name: Register RHN\n      redhat_subscription:\n        username: \n        password: \n        pool_ids: \n        state: present\n    - name: Disable all RHSM repositories\n      rhsm_repository:\n        name: '*'\n        state: disabled\n    - name: Enable all repositories except required for openshift install\n      rhsm_repository:\n        name: \"{{ item }}\"\n        state: enabled\n      register: rhsm_repository\n      with_items: \n      - rhel-7-server-rpms\n      - rhel-7-server-extras-rpms\n      - rhel-7-server-ansible-2.6-rpms\n      - rhel-7-server-ose-3.11-rpms",
                            "template": "- hosts: all\n  become: true\n  tasks:\n    - name: Register RHN\n      redhat_subscription:\n        username: ${rhn_username}\n        password: ${rhn_password}\n        pool_ids: ${rh_subscription_pool_id}\n        state: present\n    - name: Disable all RHSM repositories\n      rhsm_repository:\n        name: '*'\n        state: disabled\n    - name: Enable all repositories except required for openshift install\n      rhsm_repository:\n        name: \"{{ item }}\"\n        state: enabled\n      register: rhsm_repository\n      with_items: \n      - rhel-7-server-rpms\n      - rhel-7-server-extras-rpms\n      - rhel-7-server-ansible-2.6-rpms\n      - rhel-7-server-ose-${openshift_major_version}-rpms",
                            "vars.%": "4",
                            "vars.openshift_major_version": "3.11",
                            "vars.rh_subscription_pool_id": "",
                            "vars.rhn_password": "",
                            "vars.rhn_username": ""
                        },
                        "meta": {},
                        "tainted": false
                    },
                    "deposed": [],
                    "provider": "provider.template"
                },
                "data.template_file.openshift_applier": {
                    "type": "template_file",
                    "depends_on": [
                        "data.aws_region.current"
                    ],
                    "primary": {
                        "id": "d5b842f870789cf40c6348a7579d6e4d943289348391bd1860e252737317201d",
                        "attributes": {
                            "id": "d5b842f870789cf40c6348a7579d6e4d943289348391bd1860e252737317201d",
                            "rendered": "#!/bin/bash\n\nexport LANG=C\nexport ANSIBLE_HOST_KEY_CHECKING=False\nexport ANSIBLE_FORKS=5\nexport ANSIBLE_PIPELINING=True\n\nexport AWS_REGION=\"us-east-1\"\n\nocinventory -cluster \"sysmi-openshift\" -inventory $HOME/template-inventory.yaml \u003e $HOME/inventory.yaml\n\nansible-playbook -i $HOME/inventory.yaml openshift-applier/openshift-policies/config.yml || { echo \"Error on applier\" ; exit 1 ; }\n",
                            "template": "#!/bin/bash\n\nexport LANG=C\nexport ANSIBLE_HOST_KEY_CHECKING=False\nexport ANSIBLE_FORKS=5\nexport ANSIBLE_PIPELINING=True\n\nexport AWS_REGION=\"${platform_aws_region}\"\n\nocinventory -cluster \"${platform_name}\" -inventory $HOME/template-inventory.yaml \u003e $HOME/inventory.yaml\n\nansible-playbook -i $HOME/inventory.yaml openshift-applier/openshift-policies/config.yml || { echo \"Error on applier\" ; exit 1 ; }\n",
                            "vars.%": "2",
                            "vars.platform_aws_region": "us-east-1",
                            "vars.platform_name": "sysmi-openshift"
                        },
                        "meta": {},
                        "tainted": false
                    },
                    "deposed": [],
                    "provider": "provider.template"
                },
                "data.template_file.template_inventory": {
                    "type": "template_file",
                    "depends_on": [],
                    "primary": {
                        "id": "2150aef9383c5634d39c25a7ba24f2f912f5856b25a0da4d489a064278654b2c",
                        "attributes": {
                            "id": "2150aef9383c5634d39c25a7ba24f2f912f5856b25a0da4d489a064278654b2c",
                            "rendered": "OSEv3:\n  children:\n    masters:\n      hosts:\n    etcd:\n      hosts:\n    nodes:\n      hosts:\n  vars:\n    timeout: 60\n    ansible_user: centos\n    ansible_ssh_user: centos\n    ansible_become: true\n    openshift_deployment_type: origin\n    openshift_release: \"3.11\"\n    openshift_version: \"3.11\"\n    openshift_repos_enable_testing: true\n    openshift_examples_load_xpaas: true\n    openshift_master_identity_providers:\n      - name: 'test_identity_provider'\n        login: true\n        challenge: true\n        kind: 'AllowAllPasswordIdentityProvider'\n    os_sdn_network_plugin_name: 'redhat/openshift-ovs-networkpolicy'\n    openshift_disable_check: 'disk_availability,memory_availability,docker_image_availability'\n    openshift_master_cluster_hostname: master.sysmi-openshift.internal\n    openshift_master_cluster_public_hostname: sysmanager.com.br\n    openshift_master_default_subdomain: sysmanager.com.br\n    openshift_master_bootstrap_auto_approve: true\n    openshift_cloudprovider_kind: aws\n    openshift_clusterid: sysmi-openshift\n    openshift_logging_install_logging: true\n    openshift_logging_es_memory_limit: 1024M\n    openshift_logging_es_nodeselector:\n      node-role.kubernetes.io/infra: \"true\"\n    openshift_metrics_install_metrics: true\n    openshift_metrics_cassandra_storage_type: pv\n    openshift_metrics_cassandra_nodeselector:\n      node-role.kubernetes.io/infra: \"true\"\n    openshift_metrics_hawkular_hostname: 'hawkular-metrics.sysmanager.com.br'\n    openshift_metrics_hawkular_nodeselector:\n      node-role.kubernetes.io/infra: \"true\"\n    openshift_logging_curator_nodeselector:\n      node-role.kubernetes.io/infra: \"true\"      \n    openshift_node_kubelet_args:\n      eviction-hard:\n      - memory.available\u003c4%\n      - nodefs.available\u003c4%\n      - nodefs.inodesFree\u003c4%\n      - imagefs.available\u003c4%\n      - imagefs.inodesFree\u003c4%\n      eviction-soft:\n      - memory.available\u003c8%\n      - nodefs.available\u003c8%\n      - nodefs.inodesFree\u003c8%\n      - imagefs.available\u003c8%\n      - imagefs.inodesFree\u003c8%\n      eviction-soft-grace-period:\n      - memory.available=1m30s\n      - nodefs.available=1m30s\n      - nodefs.inodesFree=1m30s\n      - imagefs.available=1m30s\n      - imagefs.inodesFree=1m30s\n      kube-reserved:\n      - cpu=100m,memory=100Mi\n      system-reserved:\n      - cpu=100m,memory=100Mi\n    openshift_certificate_expiry_warning_days: 90\n    openshift_master_admission_plugin_config: '{ \"MutatingAdmissionWebhook\": { \"configuration\": { \"apiVersion\": \"apiserver.config.k8s.io/v1alpha1\", \"kubeConfigFile\": \"/etc/origin/master/admin.kubeconfig\", \"kind\": \"WebhookAdmission\" } }, \"ValidatingAdmissionWebhook\": { \"configuration\": { \"apiVersion\": \"apiserver.config.k8s.io/v1alpha1\", \"kubeConfigFile\": \"/etc/origin/master/admin.kubeconfig\", \"kind\": \"WebhookAdmission\" } } }'\n    openshift_cluster_admin_users:\n    - admin\n#    oreg_auth_user: \"\"\n#    oreg_auth_password: \"\"\n#    openshift_additional_registry_credentials:\n#    - host: registry.connect.redhat.com\n#      user: \"\"\n#      password: \"\"\n#      test_image: mongodb/enterprise-operator:0.3.2\n    openshift_master_overwrite_named_certificates: true\n    openshift_master_named_certificates:\n    - certfile: '/home/centos/public_certificate.pem'\n      keyfile: '/home/centos/public_certificate.key'\n      cafile: '/home/centos/public_certificate_intermediate.pem'\n      names: ['sysmanager.com.br']\n    openshift_hosted_router_certificate:\n      certfile: '/home/centos/public_certificate.pem'\n      keyfile: '/home/centos/public_certificate.key'\n      cafile: '/home/centos/public_certificate_intermediate.pem'\n",
                            "template": "OSEv3:\n  children:\n    masters:\n      hosts:\n    etcd:\n      hosts:\n    nodes:\n      hosts:\n  vars:\n    timeout: 60\n    ansible_user: ${ansible_user}\n    ansible_ssh_user: ${ansible_user}\n    ansible_become: true\n    openshift_deployment_type: ${openshift_deployment_type}\n    openshift_release: \"${openshift_major_version}\"\n    openshift_version: \"${openshift_major_version}\"\n    openshift_repos_enable_testing: ${openshift_repos_enable_testing}\n    openshift_examples_load_xpaas: true\n    openshift_master_identity_providers:\n      - name: 'test_identity_provider'\n        login: true\n        challenge: true\n        kind: 'AllowAllPasswordIdentityProvider'\n    os_sdn_network_plugin_name: 'redhat/openshift-ovs-networkpolicy'\n    openshift_disable_check: 'disk_availability,memory_availability,docker_image_availability'\n    openshift_master_cluster_hostname: ${master_domain}\n    openshift_master_cluster_public_hostname: ${platform_domain}\n    openshift_master_default_subdomain: ${platform_domain}\n    openshift_master_bootstrap_auto_approve: true\n    openshift_cloudprovider_kind: aws\n    openshift_clusterid: ${platform_name}\n    openshift_logging_install_logging: true\n    openshift_logging_es_memory_limit: 1024M\n    openshift_logging_es_nodeselector:\n      node-role.kubernetes.io/infra: \"true\"\n    openshift_metrics_install_metrics: true\n    openshift_metrics_cassandra_storage_type: pv\n    openshift_metrics_cassandra_nodeselector:\n      node-role.kubernetes.io/infra: \"true\"\n    openshift_metrics_hawkular_hostname: 'hawkular-metrics.${platform_domain}'\n    openshift_metrics_hawkular_nodeselector:\n      node-role.kubernetes.io/infra: \"true\"\n    openshift_logging_curator_nodeselector:\n      node-role.kubernetes.io/infra: \"true\"      \n    openshift_node_kubelet_args:\n      eviction-hard:\n      - memory.available\u003c4%\n      - nodefs.available\u003c4%\n      - nodefs.inodesFree\u003c4%\n      - imagefs.available\u003c4%\n      - imagefs.inodesFree\u003c4%\n      eviction-soft:\n      - memory.available\u003c8%\n      - nodefs.available\u003c8%\n      - nodefs.inodesFree\u003c8%\n      - imagefs.available\u003c8%\n      - imagefs.inodesFree\u003c8%\n      eviction-soft-grace-period:\n      - memory.available=1m30s\n      - nodefs.available=1m30s\n      - nodefs.inodesFree=1m30s\n      - imagefs.available=1m30s\n      - imagefs.inodesFree=1m30s\n      kube-reserved:\n      - cpu=100m,memory=100Mi\n      system-reserved:\n      - cpu=100m,memory=100Mi\n    openshift_certificate_expiry_warning_days: 90\n    openshift_master_admission_plugin_config: '{ \"MutatingAdmissionWebhook\": { \"configuration\": { \"apiVersion\": \"apiserver.config.k8s.io/v1alpha1\", \"kubeConfigFile\": \"/etc/origin/master/admin.kubeconfig\", \"kind\": \"WebhookAdmission\" } }, \"ValidatingAdmissionWebhook\": { \"configuration\": { \"apiVersion\": \"apiserver.config.k8s.io/v1alpha1\", \"kubeConfigFile\": \"/etc/origin/master/admin.kubeconfig\", \"kind\": \"WebhookAdmission\" } } }'\n    openshift_cluster_admin_users:\n    - admin\n${openshift_deployment_type == \"openshift-enterprise\" ? \"\" : \"#\"}    oreg_auth_user: \"${rhn_username}\"\n${openshift_deployment_type == \"openshift-enterprise\" ? \"\" : \"#\"}    oreg_auth_password: \"${rhn_password}\"\n${openshift_deployment_type == \"openshift-enterprise\" ? \"\" : \"#\"}    openshift_additional_registry_credentials:\n${openshift_deployment_type == \"openshift-enterprise\" ? \"\" : \"#\"}    - host: registry.connect.redhat.com\n${openshift_deployment_type == \"openshift-enterprise\" ? \"\" : \"#\"}      user: \"${rhn_username}\"\n${openshift_deployment_type == \"openshift-enterprise\" ? \"\" : \"#\"}      password: \"${rhn_password}\"\n${openshift_deployment_type == \"openshift-enterprise\" ? \"\" : \"#\"}      test_image: mongodb/enterprise-operator:0.3.2\n    openshift_master_overwrite_named_certificates: ${named_certificate}\n${named_certificate ? \"\" : \"#\"}    openshift_master_named_certificates:\n${named_certificate ? \"\" : \"#\"}    - certfile: '/home/${ansible_user}/public_certificate.pem'\n${named_certificate ? \"\" : \"#\"}      keyfile: '/home/${ansible_user}/public_certificate.key'\n${named_certificate ? \"\" : \"#\"}      cafile: '/home/${ansible_user}/public_certificate_intermediate.pem'\n${named_certificate ? \"\" : \"#\"}      names: ['${platform_domain}']\n${named_certificate ? \"\" : \"#\"}    openshift_hosted_router_certificate:\n${named_certificate ? \"\" : \"#\"}      certfile: '/home/${ansible_user}/public_certificate.pem'\n${named_certificate ? \"\" : \"#\"}      keyfile: '/home/${ansible_user}/public_certificate.key'\n${named_certificate ? \"\" : \"#\"}      cafile: '/home/${ansible_user}/public_certificate_intermediate.pem'\n",
                            "vars.%": "11",
                            "vars.ansible_user": "centos",
                            "vars.master_domain": "master.sysmi-openshift.internal",
                            "vars.named_certificate": "true",
                            "vars.openshift_deployment_type": "origin",
                            "vars.openshift_major_version": "3.11",
                            "vars.openshift_repos_enable_testing": "true",
                            "vars.platform_domain": "sysmanager.com.br",
                            "vars.platform_name": "sysmi-openshift",
                            "vars.rh_subscription_pool_id": "",
                            "vars.rhn_password": "",
                            "vars.rhn_username": ""
                        },
                        "meta": {},
                        "tainted": false
                    },
                    "deposed": [],
                    "provider": "provider.template"
                },
                "null_resource.bastion_config": {
                    "type": "null_resource",
                    "depends_on": [
                        "data.template_file.bastion_config_playbook",
                        "null_resource.bastion_repos"
                    ],
                    "primary": {
                        "id": "1060309449585039269",
                        "attributes": {
                            "id": "1060309449585039269",
                            "triggers.%": "1",
                            "triggers.playbook": "- hosts: all\n  become: true\n  tasks:\n    - name: ensure a list of packages for OpenShift install\n      yum:\n        name: \"{{ packages }}\"\n        enablerepo: \"epel\"\n      vars:\n        packages:\n        - wget\n        - git\n        - nano\n    - name: download ocinventory\n      get_url:\n        url: https://github.com/literalice/openshift-inventory-utils/releases/download/v0.2/ocinventory_unix\n        dest: /usr/local/bin/ocinventory\n        mode: 0711\n"
                        },
                        "meta": {},
                        "tainted": false
                    },
                    "deposed": [],
                    "provider": "provider.null"
                },
                "null_resource.bastion_repos": {
                    "type": "null_resource",
                    "depends_on": [
                        "local.content_file"
                    ],
                    "primary": {
                        "id": "8607637934360425939",
                        "attributes": {
                            "id": "8607637934360425939",
                            "triggers.%": "1",
                            "triggers.script": "#!/bin/bash\n\n# Install dev tools.\necho $(date) \" - Installing Dev Tools\"\n\nyum install -y \"@Development Tools\" python2-pip openssl-devel python-devel gcc libffi-devel\n\necho $(date) \" - Removing Ansible 2.7\"\nyum -y remove ansible\n\necho $(date) \" - Installing Ansible 2.6.5\"\nsudo pip install -I ansible==2.6.5\n\necho $(date) \" - Installing EPEL\"\n\nsudo yum -y install https://dl.fedoraproject.org/pub/epel/epel-release-latest-7.noarch.rpm\nsudo sed -i -e \"s/^enabled=1/enabled=0/\" /etc/yum.repos.d/epel.repo\n\necho $(date) \" - EPEL successfully installed\"\n\necho $(date) \" - Installing Centos Openshift\"\n\nsudo yum -y install centos-release-openshift-origin\n\necho $(date) \" - EPEL successfully installed\"\n\necho $(date) \" - Updating SO\"\n\nsudo yum -y update\n\necho $(date) \" - SO Updated\"\n\n"
                        },
                        "meta": {},
                        "tainted": false
                    },
                    "deposed": [],
                    "provider": "provider.null"
                },
                "null_resource.main": {
                    "type": "null_resource",
                    "depends_on": [
                        "data.template_file.deploy_cluster",
                        "data.template_file.node_repos_playbook",
                        "data.template_file.template_inventory",
                        "null_resource.bastion_config",
                        "null_resource.public_certificate",
                        "null_resource.template_inventory"
                    ],
                    "primary": {
                        "id": "1918473027804026216",
                        "attributes": {
                            "id": "1918473027804026216",
                            "triggers.%": "2",
                            "triggers.installer": "#!/bin/bash\n\nexport LANG=C\nexport ANSIBLE_HOST_KEY_CHECKING=False\nexport ANSIBLE_FORKS=5\nexport ANSIBLE_PIPELINING=True\n\nexport AWS_REGION=\"us-east-1\"\n\nocinventory -cluster \"sysmi-openshift\" -inventory $HOME/template-inventory.yaml \u003e $HOME/inventory.yaml\n\nif [ -z $USE_COMMUNITY ]; then\n    echo \"It's a OCP\"\n    ansible-playbook -i $HOME/inventory.yaml $HOME/node-repos-playbook.yaml || { echo \"Error on register repos\" ; exit 1 ; }\nelse\n    echo \"It's a OKD\"\n    ansible all -i $HOME/inventory.yaml -m yum -a 'name=wget,git,net-tools,bind-utils,yum-utils,iptables-services,bridge-utils,bash-completion,kexec-tools,sos,psacct,atomic state=present'\n    ansible all -i $HOME/inventory.yaml -m yum -a 'name=docker-1.13.1 state=present'\n    ansible all -i $HOME/inventory.yaml -m systemd -a 'name=docker state=started enabled=yes'\nfi\n\nrm -Rf $HOME/openshift-ansible\ngit clone -b release-3.11 https://github.com/viniciuseduardo/openshift-ansible.git\ncd $HOME/openshift-ansible\n\necho $(date) \" - Setting up NetworkManager on eth0\"\nDOMAIN=`domainname -d`\nDNSSERVER=`tail -1 /etc/resolv.conf | cut -d ' ' -f 2`\n\nansible-playbook -i $HOME/inventory.yaml playbooks/openshift-node/network_manager.yml\n\nsleep 10\nansible all -i $HOME/inventory.yaml -m systemd -a 'name=NetworkManager state=restarted'\n\nsleep 10\nansible all -i $HOME/inventory.yaml -o -m command -a 'nmcli con modify eth0 ipv4.dns-search $DOMAIN, ipv4.dns $DNSSERVER'\nansible all -i $HOME/inventory.yaml -m systemd -a 'name=NetworkManager state=restarted'\n\necho $(date) \" - NetworkManager configuration complete\"\n\nsleep 5\n\necho $(date) \" - Running Prerequisites via Ansible Playbook\"\nansible-playbook -i $HOME/inventory.yaml playbooks/prerequisites.yml || { echo \"Error on prerequisites\" ; exit 1 ; }\necho $(date) \" - Prerequisites check complete\"\n\nsleep 5\n\necho $(date) \" - Installing OpenShift Container Platform via Ansible Playbook\"\nansible-playbook -i $HOME/inventory.yaml playbooks/deploy_cluster.yml || { echo \"Error on deploying cluster\" ; exit 1 ; }\necho $(date) \" - OpenShift Origin Cluster install complete\"",
                            "triggers.inventory": "OSEv3:\n  children:\n    masters:\n      hosts:\n    etcd:\n      hosts:\n    nodes:\n      hosts:\n  vars:\n    timeout: 60\n    ansible_user: centos\n    ansible_ssh_user: centos\n    ansible_become: true\n    openshift_deployment_type: origin\n    openshift_release: \"3.11\"\n    openshift_version: \"3.11\"\n    openshift_repos_enable_testing: true\n    openshift_examples_load_xpaas: true\n    openshift_master_identity_providers:\n      - name: 'test_identity_provider'\n        login: true\n        challenge: true\n        kind: 'AllowAllPasswordIdentityProvider'\n    os_sdn_network_plugin_name: 'redhat/openshift-ovs-networkpolicy'\n    openshift_disable_check: 'disk_availability,memory_availability,docker_image_availability'\n    openshift_master_cluster_hostname: master.sysmi-openshift.internal\n    openshift_master_cluster_public_hostname: sysmanager.com.br\n    openshift_master_default_subdomain: sysmanager.com.br\n    openshift_master_bootstrap_auto_approve: true\n    openshift_cloudprovider_kind: aws\n    openshift_clusterid: sysmi-openshift\n    openshift_logging_install_logging: true\n    openshift_logging_es_memory_limit: 1024M\n    openshift_logging_es_nodeselector:\n      node-role.kubernetes.io/infra: \"true\"\n    openshift_metrics_install_metrics: true\n    openshift_metrics_cassandra_storage_type: pv\n    openshift_metrics_cassandra_nodeselector:\n      node-role.kubernetes.io/infra: \"true\"\n    openshift_metrics_hawkular_hostname: 'hawkular-metrics.sysmanager.com.br'\n    openshift_metrics_hawkular_nodeselector:\n      node-role.kubernetes.io/infra: \"true\"\n    openshift_logging_curator_nodeselector:\n      node-role.kubernetes.io/infra: \"true\"      \n    openshift_node_kubelet_args:\n      eviction-hard:\n      - memory.available\u003c4%\n      - nodefs.available\u003c4%\n      - nodefs.inodesFree\u003c4%\n      - imagefs.available\u003c4%\n      - imagefs.inodesFree\u003c4%\n      eviction-soft:\n      - memory.available\u003c8%\n      - nodefs.available\u003c8%\n      - nodefs.inodesFree\u003c8%\n      - imagefs.available\u003c8%\n      - imagefs.inodesFree\u003c8%\n      eviction-soft-grace-period:\n      - memory.available=1m30s\n      - nodefs.available=1m30s\n      - nodefs.inodesFree=1m30s\n      - imagefs.available=1m30s\n      - imagefs.inodesFree=1m30s\n      kube-reserved:\n      - cpu=100m,memory=100Mi\n      system-reserved:\n      - cpu=100m,memory=100Mi\n    openshift_certificate_expiry_warning_days: 90\n    openshift_master_admission_plugin_config: '{ \"MutatingAdmissionWebhook\": { \"configuration\": { \"apiVersion\": \"apiserver.config.k8s.io/v1alpha1\", \"kubeConfigFile\": \"/etc/origin/master/admin.kubeconfig\", \"kind\": \"WebhookAdmission\" } }, \"ValidatingAdmissionWebhook\": { \"configuration\": { \"apiVersion\": \"apiserver.config.k8s.io/v1alpha1\", \"kubeConfigFile\": \"/etc/origin/master/admin.kubeconfig\", \"kind\": \"WebhookAdmission\" } } }'\n    openshift_cluster_admin_users:\n    - admin\n#    oreg_auth_user: \"\"\n#    oreg_auth_password: \"\"\n#    openshift_additional_registry_credentials:\n#    - host: registry.connect.redhat.com\n#      user: \"\"\n#      password: \"\"\n#      test_image: mongodb/enterprise-operator:0.3.2\n    openshift_master_overwrite_named_certificates: true\n    openshift_master_named_certificates:\n    - certfile: '/home/centos/public_certificate.pem'\n      keyfile: '/home/centos/public_certificate.key'\n      cafile: '/home/centos/public_certificate_intermediate.pem'\n      names: ['sysmanager.com.br']\n    openshift_hosted_router_certificate:\n      certfile: '/home/centos/public_certificate.pem'\n      keyfile: '/home/centos/public_certificate.key'\n      cafile: '/home/centos/public_certificate_intermediate.pem'\n"
                        },
                        "meta": {},
                        "tainted": false
                    },
                    "deposed": [],
                    "provider": "provider.null"
                },
                "null_resource.openshift_applier": {
                    "type": "null_resource",
                    "depends_on": [
                        "data.template_file.openshift_applier",
                        "data.template_file.template_inventory",
                        "null_resource.main"
                    ],
                    "primary": {
                        "id": "5076430363387892183",
                        "attributes": {
                            "id": "5076430363387892183",
                            "triggers.%": "2",
                            "triggers.inventory": "OSEv3:\n  children:\n    masters:\n      hosts:\n    etcd:\n      hosts:\n    nodes:\n      hosts:\n  vars:\n    timeout: 60\n    ansible_user: centos\n    ansible_ssh_user: centos\n    ansible_become: true\n    openshift_deployment_type: origin\n    openshift_release: \"3.11\"\n    openshift_version: \"3.11\"\n    openshift_repos_enable_testing: true\n    openshift_examples_load_xpaas: true\n    openshift_master_identity_providers:\n      - name: 'test_identity_provider'\n        login: true\n        challenge: true\n        kind: 'AllowAllPasswordIdentityProvider'\n    os_sdn_network_plugin_name: 'redhat/openshift-ovs-networkpolicy'\n    openshift_disable_check: 'disk_availability,memory_availability,docker_image_availability'\n    openshift_master_cluster_hostname: master.sysmi-openshift.internal\n    openshift_master_cluster_public_hostname: sysmanager.com.br\n    openshift_master_default_subdomain: sysmanager.com.br\n    openshift_master_bootstrap_auto_approve: true\n    openshift_cloudprovider_kind: aws\n    openshift_clusterid: sysmi-openshift\n    openshift_logging_install_logging: true\n    openshift_logging_es_memory_limit: 1024M\n    openshift_logging_es_nodeselector:\n      node-role.kubernetes.io/infra: \"true\"\n    openshift_metrics_install_metrics: true\n    openshift_metrics_cassandra_storage_type: pv\n    openshift_metrics_cassandra_nodeselector:\n      node-role.kubernetes.io/infra: \"true\"\n    openshift_metrics_hawkular_hostname: 'hawkular-metrics.sysmanager.com.br'\n    openshift_metrics_hawkular_nodeselector:\n      node-role.kubernetes.io/infra: \"true\"\n    openshift_logging_curator_nodeselector:\n      node-role.kubernetes.io/infra: \"true\"      \n    openshift_node_kubelet_args:\n      eviction-hard:\n      - memory.available\u003c4%\n      - nodefs.available\u003c4%\n      - nodefs.inodesFree\u003c4%\n      - imagefs.available\u003c4%\n      - imagefs.inodesFree\u003c4%\n      eviction-soft:\n      - memory.available\u003c8%\n      - nodefs.available\u003c8%\n      - nodefs.inodesFree\u003c8%\n      - imagefs.available\u003c8%\n      - imagefs.inodesFree\u003c8%\n      eviction-soft-grace-period:\n      - memory.available=1m30s\n      - nodefs.available=1m30s\n      - nodefs.inodesFree=1m30s\n      - imagefs.available=1m30s\n      - imagefs.inodesFree=1m30s\n      kube-reserved:\n      - cpu=100m,memory=100Mi\n      system-reserved:\n      - cpu=100m,memory=100Mi\n    openshift_certificate_expiry_warning_days: 90\n    openshift_master_admission_plugin_config: '{ \"MutatingAdmissionWebhook\": { \"configuration\": { \"apiVersion\": \"apiserver.config.k8s.io/v1alpha1\", \"kubeConfigFile\": \"/etc/origin/master/admin.kubeconfig\", \"kind\": \"WebhookAdmission\" } }, \"ValidatingAdmissionWebhook\": { \"configuration\": { \"apiVersion\": \"apiserver.config.k8s.io/v1alpha1\", \"kubeConfigFile\": \"/etc/origin/master/admin.kubeconfig\", \"kind\": \"WebhookAdmission\" } } }'\n    openshift_cluster_admin_users:\n    - admin\n#    oreg_auth_user: \"\"\n#    oreg_auth_password: \"\"\n#    openshift_additional_registry_credentials:\n#    - host: registry.connect.redhat.com\n#      user: \"\"\n#      password: \"\"\n#      test_image: mongodb/enterprise-operator:0.3.2\n    openshift_master_overwrite_named_certificates: true\n    openshift_master_named_certificates:\n    - certfile: '/home/centos/public_certificate.pem'\n      keyfile: '/home/centos/public_certificate.key'\n      cafile: '/home/centos/public_certificate_intermediate.pem'\n      names: ['sysmanager.com.br']\n    openshift_hosted_router_certificate:\n      certfile: '/home/centos/public_certificate.pem'\n      keyfile: '/home/centos/public_certificate.key'\n      cafile: '/home/centos/public_certificate_intermediate.pem'\n",
                            "triggers.script": "#!/bin/bash\n\nexport LANG=C\nexport ANSIBLE_HOST_KEY_CHECKING=False\nexport ANSIBLE_FORKS=5\nexport ANSIBLE_PIPELINING=True\n\nexport AWS_REGION=\"us-east-1\"\n\nocinventory -cluster \"sysmi-openshift\" -inventory $HOME/template-inventory.yaml \u003e $HOME/inventory.yaml\n\nansible-playbook -i $HOME/inventory.yaml openshift-applier/openshift-policies/config.yml || { echo \"Error on applier\" ; exit 1 ; }\n"
                        },
                        "meta": {},
                        "tainted": false
                    },
                    "deposed": [],
                    "provider": "provider.null"
                },
                "null_resource.public_certificate": {
                    "type": "null_resource",
                    "depends_on": [],
                    "primary": {
                        "id": "2551674154849074915",
                        "attributes": {
                            "id": "2551674154849074915"
                        },
                        "meta": {},
                        "tainted": false
                    },
                    "deposed": [],
                    "provider": "provider.null"
                },
                "null_resource.template_inventory": {
                    "type": "null_resource",
                    "depends_on": [
                        "data.template_file.template_inventory"
                    ],
                    "primary": {
                        "id": "3440225851744635864",
                        "attributes": {
                            "id": "3440225851744635864",
                            "triggers.%": "1",
                            "triggers.template_inventory": "OSEv3:\n  children:\n    masters:\n      hosts:\n    etcd:\n      hosts:\n    nodes:\n      hosts:\n  vars:\n    timeout: 60\n    ansible_user: centos\n    ansible_ssh_user: centos\n    ansible_become: true\n    openshift_deployment_type: origin\n    openshift_release: \"3.11\"\n    openshift_version: \"3.11\"\n    openshift_repos_enable_testing: true\n    openshift_examples_load_xpaas: true\n    openshift_master_identity_providers:\n      - name: 'test_identity_provider'\n        login: true\n        challenge: true\n        kind: 'AllowAllPasswordIdentityProvider'\n    os_sdn_network_plugin_name: 'redhat/openshift-ovs-networkpolicy'\n    openshift_disable_check: 'disk_availability,memory_availability,docker_image_availability'\n    openshift_master_cluster_hostname: master.sysmi-openshift.internal\n    openshift_master_cluster_public_hostname: sysmanager.com.br\n    openshift_master_default_subdomain: sysmanager.com.br\n    openshift_master_bootstrap_auto_approve: true\n    openshift_cloudprovider_kind: aws\n    openshift_clusterid: sysmi-openshift\n    openshift_logging_install_logging: true\n    openshift_logging_es_memory_limit: 1024M\n    openshift_logging_es_nodeselector:\n      node-role.kubernetes.io/infra: \"true\"\n    openshift_metrics_install_metrics: true\n    openshift_metrics_cassandra_storage_type: pv\n    openshift_metrics_cassandra_nodeselector:\n      node-role.kubernetes.io/infra: \"true\"\n    openshift_metrics_hawkular_hostname: 'hawkular-metrics.sysmanager.com.br'\n    openshift_metrics_hawkular_nodeselector:\n      node-role.kubernetes.io/infra: \"true\"\n    openshift_logging_curator_nodeselector:\n      node-role.kubernetes.io/infra: \"true\"      \n    openshift_node_kubelet_args:\n      eviction-hard:\n      - memory.available\u003c4%\n      - nodefs.available\u003c4%\n      - nodefs.inodesFree\u003c4%\n      - imagefs.available\u003c4%\n      - imagefs.inodesFree\u003c4%\n      eviction-soft:\n      - memory.available\u003c8%\n      - nodefs.available\u003c8%\n      - nodefs.inodesFree\u003c8%\n      - imagefs.available\u003c8%\n      - imagefs.inodesFree\u003c8%\n      eviction-soft-grace-period:\n      - memory.available=1m30s\n      - nodefs.available=1m30s\n      - nodefs.inodesFree=1m30s\n      - imagefs.available=1m30s\n      - imagefs.inodesFree=1m30s\n      kube-reserved:\n      - cpu=100m,memory=100Mi\n      system-reserved:\n      - cpu=100m,memory=100Mi\n    openshift_certificate_expiry_warning_days: 90\n    openshift_master_admission_plugin_config: '{ \"MutatingAdmissionWebhook\": { \"configuration\": { \"apiVersion\": \"apiserver.config.k8s.io/v1alpha1\", \"kubeConfigFile\": \"/etc/origin/master/admin.kubeconfig\", \"kind\": \"WebhookAdmission\" } }, \"ValidatingAdmissionWebhook\": { \"configuration\": { \"apiVersion\": \"apiserver.config.k8s.io/v1alpha1\", \"kubeConfigFile\": \"/etc/origin/master/admin.kubeconfig\", \"kind\": \"WebhookAdmission\" } } }'\n    openshift_cluster_admin_users:\n    - admin\n#    oreg_auth_user: \"\"\n#    oreg_auth_password: \"\"\n#    openshift_additional_registry_credentials:\n#    - host: registry.connect.redhat.com\n#      user: \"\"\n#      password: \"\"\n#      test_image: mongodb/enterprise-operator:0.3.2\n    openshift_master_overwrite_named_certificates: true\n    openshift_master_named_certificates:\n    - certfile: '/home/centos/public_certificate.pem'\n      keyfile: '/home/centos/public_certificate.key'\n      cafile: '/home/centos/public_certificate_intermediate.pem'\n      names: ['sysmanager.com.br']\n    openshift_hosted_router_certificate:\n      certfile: '/home/centos/public_certificate.pem'\n      keyfile: '/home/centos/public_certificate.key'\n      cafile: '/home/centos/public_certificate_intermediate.pem'\n"
                        },
                        "meta": {},
                        "tainted": false
                    },
                    "deposed": [],
                    "provider": "provider.null"
                }
            },
            "depends_on": []
        }
    ]
}
